
Microsoft Visual Studio Solution File, Format Version 12.00
# Visual Studio 2013
VisualStudioVersion = 12.0.30501.0
MinimumVisualStudioVersion = 10.0.40219.1
Project("{2150E333-8FDC-42A3-9474-1A3956D46DE8}") = "Portable", "Portable", "{6226BDFB-2DCF-4DD6-9187-4E6F3940BDA0}"
EndProject
Project("{FAE04EC0-301F-11D3-BF4B-00C04F79EFBC}") = "XamlingCore.Portable.Contract", "XamlingCore.Portable.Contract\XamlingCore.Portable.Contract.csproj", "{EA36C7D4-C89E-4242-BD39-8E485F408086}"
EndProject
Project("{FAE04EC0-301F-11D3-BF4B-00C04F79EFBC}") = "XamlingCore.Portable.Model", "XamlingCore.Portable.Model\XamlingCore.Portable.Model.csproj", "{E2682110-BB54-48D8-9E8C-20BC29488BBE}"
EndProject
Project("{FAE04EC0-301F-11D3-BF4B-00C04F79EFBC}") = "XamlingCore.Portable.View", "XamlingCore.Portable.View\XamlingCore.Portable.View.csproj", "{B3D7C301-2DF7-4C16-9F49-7DDA8689556E}"
EndProject
Project("{FAE04EC0-301F-11D3-BF4B-00C04F79EFBC}") = "XamlingCore.Portable.Messages", "XamlingCore.Portable.Messages\XamlingCore.Portable.Messages.csproj", "{568D9A09-151C-49B3-BEE5-71529FC6869D}"
EndProject
Project("{FAE04EC0-301F-11D3-BF4B-00C04F79EFBC}") = "XamlingCore.Portable.Net", "XamlingCore.Portable.Net\XamlingCore.Portable.Net.csproj", "{DA91F91F-3A71-4C7D-9FD5-4F0DC6E3DC86}"
EndProject
Project("{2150E333-8FDC-42A3-9474-1A3956D46DE8}") = ".nuget", ".nuget", "{7196AFEB-6432-40F1-83B4-18C2BE1F56E1}"
	ProjectSection(SolutionItems) = preProject
		.nuget\NuGet.Config = .nuget\NuGet.Config
		.nuget\NuGet.exe = .nuget\NuGet.exe
		.nuget\NuGet.targets = .nuget\NuGet.targets
	EndProjectSection
EndProject
Project("{2150E333-8FDC-42A3-9474-1A3956D46DE8}") = "Samples", "Samples", "{AACD62D6-334A-4D68-9B9E-8A9CBA477B7E}"
EndProject
Project("{FAE04EC0-301F-11D3-BF4B-00C04F79EFBC}") = "XamlingCore.Samples", "XamlingCore.Samples\XamlingCore.Samples\XamlingCore.Samples.csproj", "{07465752-9C33-46CB-B0C9-F7DED7FA7FFC}"
EndProject
Project("{FAE04EC0-301F-11D3-BF4B-00C04F79EFBC}") = "XamlingCore.Samples.iOS", "XamlingCore.Samples\XamlingCore.Samples.iOS\XamlingCore.Samples.iOS.csproj", "{F8595FD7-8406-4CC9-A6F8-FADE87D94F7A}"
EndProject
Project("{FAE04EC0-301F-11D3-BF4B-00C04F79EFBC}") = "XamlingCore.Samples.Android", "XamlingCore.Samples\XamlingCore.Samples.Android\XamlingCore.Samples.Android.csproj", "{6892D5F9-CA66-498E-9830-EEC08D8A5BC5}"
EndProject
Project("{FAE04EC0-301F-11D3-BF4B-00C04F79EFBC}") = "XamlingCore.Samples.WinPhone", "XamlingCore.Samples\XamlingCore.Samples.WinPhone\XamlingCore.Samples.WinPhone.csproj", "{7D80292E-39F0-4C30-BE7C-3BC22E2623A7}"
EndProject
Project("{2150E333-8FDC-42A3-9474-1A3956D46DE8}") = "Platform", "Platform", "{A4F7149C-ACC7-4C8C-836D-621EA5E078F8}"
EndProject
Project("{2150E333-8FDC-42A3-9474-1A3956D46DE8}") = "iOS", "iOS", "{078B5CB8-2435-4B0A-96BE-C164CFDC9278}"
EndProject
Project("{2150E333-8FDC-42A3-9474-1A3956D46DE8}") = "Droid", "Droid", "{9B2FFC91-9B11-460E-99CF-BCCCDE19925B}"
EndProject
Project("{2150E333-8FDC-42A3-9474-1A3956D46DE8}") = "WP", "WP", "{902AE33A-F823-4FC8-A7B3-74B529D25757}"
EndProject
Project("{FAE04EC0-301F-11D3-BF4B-00C04F79EFBC}") = "XamlingCore.iOS", "XamlingCore.iOS\XamlingCore.iOS.csproj", "{1EF4C889-A64B-49A7-A393-B37B6E371DFB}"
EndProject
Project("{FAE04EC0-301F-11D3-BF4B-00C04F79EFBC}") = "XamlingCore.Portable.Glue", "XamlingCore.Portable.Glue\XamlingCore.Portable.Glue.csproj", "{E908CD00-22C8-4F7B-BA99-8DDF32C5F656}"
EndProject
Project("{FAE04EC0-301F-11D3-BF4B-00C04F79EFBC}") = "XamlingCore.Portable.Service", "XamlingCore.Portable.Service\XamlingCore.Portable.Service.csproj", "{449DC319-446E-4D47-923A-3C9EFDF02B88}"
EndProject
Project("{FAE04EC0-301F-11D3-BF4B-00C04F79EFBC}") = "XamlingCore.Portable.Data", "XamlingCore.Portable.Data\XamlingCore.Portable.Data.csproj", "{CEE58A71-49B1-4C9F-B22A-ECD33B6E3A6B}"
EndProject
Project("{FAE04EC0-301F-11D3-BF4B-00C04F79EFBC}") = "XamlingCore.Portable.Util", "XamlingCore.Portable.Util\XamlingCore.Portable.Util.csproj", "{BF649817-277F-44C1-AF23-C90D6DAF5901}"
EndProject
Project("{2150E333-8FDC-42A3-9474-1A3956D46DE8}") = "Mobile", "Mobile", "{80059A62-CE8B-4807-BFFF-562F304B18D1}"
EndProject
Project("{2150E333-8FDC-42A3-9474-1A3956D46DE8}") = "XamarinThings", "XamarinThings", "{8E655987-8940-4D7E-A886-42BE70E1F1D6}"
EndProject
Project("{FAE04EC0-301F-11D3-BF4B-00C04F79EFBC}") = "XamlingCore.XamarinThings", "XamlingCore.Xamarin\XamlingCore.XamarinThings.csproj", "{67F9D3A8-F71E-4428-913F-C37AE82CDB24}"
EndProject
Project("{2150E333-8FDC-42A3-9474-1A3956D46DE8}") = "Shared", "Shared", "{4782A8D2-EC29-4733-B923-E2CE32D38C5A}"
EndProject
Global
	GlobalSection(SolutionConfigurationPlatforms) = preSolution
		Ad-Hoc|Any CPU = Ad-Hoc|Any CPU
		Ad-Hoc|ARM = Ad-Hoc|ARM
		Ad-Hoc|iPhone = Ad-Hoc|iPhone
		Ad-Hoc|iPhoneSimulator = Ad-Hoc|iPhoneSimulator
		Ad-Hoc|Mixed Platforms = Ad-Hoc|Mixed Platforms
		Ad-Hoc|x64 = Ad-Hoc|x64
		Ad-Hoc|x86 = Ad-Hoc|x86
		AppStore|Any CPU = AppStore|Any CPU
		AppStore|ARM = AppStore|ARM
		AppStore|iPhone = AppStore|iPhone
		AppStore|iPhoneSimulator = AppStore|iPhoneSimulator
		AppStore|Mixed Platforms = AppStore|Mixed Platforms
		AppStore|x64 = AppStore|x64
		AppStore|x86 = AppStore|x86
		Debug|Any CPU = Debug|Any CPU
		Debug|ARM = Debug|ARM
		Debug|iPhone = Debug|iPhone
		Debug|iPhoneSimulator = Debug|iPhoneSimulator
		Debug|Mixed Platforms = Debug|Mixed Platforms
		Debug|x64 = Debug|x64
		Debug|x86 = Debug|x86
		Release|Any CPU = Release|Any CPU
		Release|ARM = Release|ARM
		Release|iPhone = Release|iPhone
		Release|iPhoneSimulator = Release|iPhoneSimulator
		Release|Mixed Platforms = Release|Mixed Platforms
		Release|x64 = Release|x64
		Release|x86 = Release|x86
	EndGlobalSection
	GlobalSection(ProjectConfigurationPlatforms) = postSolution
		{EA36C7D4-C89E-4242-BD39-8E485F408086}.Ad-Hoc|Any CPU.ActiveCfg = Release|Any CPU
		{EA36C7D4-C89E-4242-BD39-8E485F408086}.Ad-Hoc|Any CPU.Build.0 = Release|Any CPU
		{EA36C7D4-C89E-4242-BD39-8E485F408086}.Ad-Hoc|ARM.ActiveCfg = Release|Any CPU
		{EA36C7D4-C89E-4242-BD39-8E485F408086}.Ad-Hoc|iPhone.ActiveCfg = Release|Any CPU
		{EA36C7D4-C89E-4242-BD39-8E485F408086}.Ad-Hoc|iPhoneSimulator.ActiveCfg = Release|Any CPU
		{EA36C7D4-C89E-4242-BD39-8E485F408086}.Ad-Hoc|Mixed Platforms.ActiveCfg = Release|Any CPU
		{EA36C7D4-C89E-4242-BD39-8E485F408086}.Ad-Hoc|Mixed Platforms.Build.0 = Release|Any CPU
		{EA36C7D4-C89E-4242-BD39-8E485F408086}.Ad-Hoc|x64.ActiveCfg = Debug|Any CPU
		{EA36C7D4-C89E-4242-BD39-8E485F408086}.Ad-Hoc|x86.ActiveCfg = Release|Any CPU
		{EA36C7D4-C89E-4242-BD39-8E485F408086}.AppStore|Any CPU.ActiveCfg = Release|Any CPU
		{EA36C7D4-C89E-4242-BD39-8E485F408086}.AppStore|Any CPU.Build.0 = Release|Any CPU
		{EA36C7D4-C89E-4242-BD39-8E485F408086}.AppStore|ARM.ActiveCfg = Release|Any CPU
		{EA36C7D4-C89E-4242-BD39-8E485F408086}.AppStore|iPhone.ActiveCfg = Release|Any CPU
		{EA36C7D4-C89E-4242-BD39-8E485F408086}.AppStore|iPhoneSimulator.ActiveCfg = Release|Any CPU
		{EA36C7D4-C89E-4242-BD39-8E485F408086}.AppStore|Mixed Platforms.ActiveCfg = Release|Any CPU
		{EA36C7D4-C89E-4242-BD39-8E485F408086}.AppStore|Mixed Platforms.Build.0 = Release|Any CPU
		{EA36C7D4-C89E-4242-BD39-8E485F408086}.AppStore|x64.ActiveCfg = Debug|Any CPU
		{EA36C7D4-C89E-4242-BD39-8E485F408086}.AppStore|x86.ActiveCfg = Release|Any CPU
		{EA36C7D4-C89E-4242-BD39-8E485F408086}.Debug|Any CPU.ActiveCfg = Debug|Any CPU
		{EA36C7D4-C89E-4242-BD39-8E485F408086}.Debug|Any CPU.Build.0 = Debug|Any CPU
		{EA36C7D4-C89E-4242-BD39-8E485F408086}.Debug|ARM.ActiveCfg = Debug|Any CPU
		{EA36C7D4-C89E-4242-BD39-8E485F408086}.Debug|iPhone.ActiveCfg = Debug|Any CPU
		{EA36C7D4-C89E-4242-BD39-8E485F408086}.Debug|iPhone.Build.0 = Debug|Any CPU
		{EA36C7D4-C89E-4242-BD39-8E485F408086}.Debug|iPhoneSimulator.ActiveCfg = Debug|Any CPU
		{EA36C7D4-C89E-4242-BD39-8E485F408086}.Debug|iPhoneSimulator.Build.0 = Debug|Any CPU
		{EA36C7D4-C89E-4242-BD39-8E485F408086}.Debug|Mixed Platforms.ActiveCfg = Debug|Any CPU
		{EA36C7D4-C89E-4242-BD39-8E485F408086}.Debug|Mixed Platforms.Build.0 = Debug|Any CPU
		{EA36C7D4-C89E-4242-BD39-8E485F408086}.Debug|x64.ActiveCfg = Debug|Any CPU
		{EA36C7D4-C89E-4242-BD39-8E485F408086}.Debug|x86.ActiveCfg = Debug|Any CPU
		{EA36C7D4-C89E-4242-BD39-8E485F408086}.Release|Any CPU.ActiveCfg = Release|Any CPU
		{EA36C7D4-C89E-4242-BD39-8E485F408086}.Release|Any CPU.Build.0 = Release|Any CPU
		{EA36C7D4-C89E-4242-BD39-8E485F408086}.Release|ARM.ActiveCfg = Release|Any CPU
		{EA36C7D4-C89E-4242-BD39-8E485F408086}.Release|iPhone.ActiveCfg = Release|Any CPU
		{EA36C7D4-C89E-4242-BD39-8E485F408086}.Release|iPhoneSimulator.ActiveCfg = Release|Any CPU
		{EA36C7D4-C89E-4242-BD39-8E485F408086}.Release|Mixed Platforms.ActiveCfg = Release|Any CPU
		{EA36C7D4-C89E-4242-BD39-8E485F408086}.Release|Mixed Platforms.Build.0 = Release|Any CPU
		{EA36C7D4-C89E-4242-BD39-8E485F408086}.Release|x64.ActiveCfg = Release|Any CPU
		{EA36C7D4-C89E-4242-BD39-8E485F408086}.Release|x86.ActiveCfg = Release|Any CPU
		{E2682110-BB54-48D8-9E8C-20BC29488BBE}.Ad-Hoc|Any CPU.ActiveCfg = Release|Any CPU
		{E2682110-BB54-48D8-9E8C-20BC29488BBE}.Ad-Hoc|Any CPU.Build.0 = Release|Any CPU
		{E2682110-BB54-48D8-9E8C-20BC29488BBE}.Ad-Hoc|ARM.ActiveCfg = Release|Any CPU
		{E2682110-BB54-48D8-9E8C-20BC29488BBE}.Ad-Hoc|iPhone.ActiveCfg = Release|Any CPU
		{E2682110-BB54-48D8-9E8C-20BC29488BBE}.Ad-Hoc|iPhoneSimulator.ActiveCfg = Release|Any CPU
		{E2682110-BB54-48D8-9E8C-20BC29488BBE}.Ad-Hoc|Mixed Platforms.ActiveCfg = Release|Any CPU
		{E2682110-BB54-48D8-9E8C-20BC29488BBE}.Ad-Hoc|Mixed Platforms.Build.0 = Release|Any CPU
		{E2682110-BB54-48D8-9E8C-20BC29488BBE}.Ad-Hoc|x64.ActiveCfg = Debug|Any CPU
		{E2682110-BB54-48D8-9E8C-20BC29488BBE}.Ad-Hoc|x86.ActiveCfg = Release|Any CPU
		{E2682110-BB54-48D8-9E8C-20BC29488BBE}.AppStore|Any CPU.ActiveCfg = Release|Any CPU
		{E2682110-BB54-48D8-9E8C-20BC29488BBE}.AppStore|Any CPU.Build.0 = Release|Any CPU
		{E2682110-BB54-48D8-9E8C-20BC29488BBE}.AppStore|ARM.ActiveCfg = Release|Any CPU
		{E2682110-BB54-48D8-9E8C-20BC29488BBE}.AppStore|iPhone.ActiveCfg = Release|Any CPU
		{E2682110-BB54-48D8-9E8C-20BC29488BBE}.AppStore|iPhoneSimulator.ActiveCfg = Release|Any CPU
		{E2682110-BB54-48D8-9E8C-20BC29488BBE}.AppStore|Mixed Platforms.ActiveCfg = Release|Any CPU
		{E2682110-BB54-48D8-9E8C-20BC29488BBE}.AppStore|Mixed Platforms.Build.0 = Release|Any CPU
		{E2682110-BB54-48D8-9E8C-20BC29488BBE}.AppStore|x64.ActiveCfg = Debug|Any CPU
		{E2682110-BB54-48D8-9E8C-20BC29488BBE}.AppStore|x86.ActiveCfg = Release|Any CPU
		{E2682110-BB54-48D8-9E8C-20BC29488BBE}.Debug|Any CPU.ActiveCfg = Debug|Any CPU
		{E2682110-BB54-48D8-9E8C-20BC29488BBE}.Debug|Any CPU.Build.0 = Debug|Any CPU
		{E2682110-BB54-48D8-9E8C-20BC29488BBE}.Debug|ARM.ActiveCfg = Debug|Any CPU
		{E2682110-BB54-48D8-9E8C-20BC29488BBE}.Debug|iPhone.ActiveCfg = Debug|Any CPU
		{E2682110-BB54-48D8-9E8C-20BC29488BBE}.Debug|iPhone.Build.0 = Debug|Any CPU
		{E2682110-BB54-48D8-9E8C-20BC29488BBE}.Debug|iPhoneSimulator.ActiveCfg = Debug|Any CPU
		{E2682110-BB54-48D8-9E8C-20BC29488BBE}.Debug|iPhoneSimulator.Build.0 = Debug|Any CPU
		{E2682110-BB54-48D8-9E8C-20BC29488BBE}.Debug|Mixed Platforms.ActiveCfg = Debug|Any CPU
		{E2682110-BB54-48D8-9E8C-20BC29488BBE}.Debug|Mixed Platforms.Build.0 = Debug|Any CPU
		{E2682110-BB54-48D8-9E8C-20BC29488BBE}.Debug|x64.ActiveCfg = Debug|Any CPU
		{E2682110-BB54-48D8-9E8C-20BC29488BBE}.Debug|x86.ActiveCfg = Debug|Any CPU
		{E2682110-BB54-48D8-9E8C-20BC29488BBE}.Release|Any CPU.ActiveCfg = Release|Any CPU
		{E2682110-BB54-48D8-9E8C-20BC29488BBE}.Release|Any CPU.Build.0 = Release|Any CPU
		{E2682110-BB54-48D8-9E8C-20BC29488BBE}.Release|ARM.ActiveCfg = Release|Any CPU
		{E2682110-BB54-48D8-9E8C-20BC29488BBE}.Release|iPhone.ActiveCfg = Release|Any CPU
		{E2682110-BB54-48D8-9E8C-20BC29488BBE}.Release|iPhoneSimulator.ActiveCfg = Release|Any CPU
		{E2682110-BB54-48D8-9E8C-20BC29488BBE}.Release|Mixed Platforms.ActiveCfg = Release|Any CPU
		{E2682110-BB54-48D8-9E8C-20BC29488BBE}.Release|Mixed Platforms.Build.0 = Release|Any CPU
		{E2682110-BB54-48D8-9E8C-20BC29488BBE}.Release|x64.ActiveCfg = Release|Any CPU
		{E2682110-BB54-48D8-9E8C-20BC29488BBE}.Release|x86.ActiveCfg = Release|Any CPU
		{B3D7C301-2DF7-4C16-9F49-7DDA8689556E}.Ad-Hoc|Any CPU.ActiveCfg = Release|Any CPU
		{B3D7C301-2DF7-4C16-9F49-7DDA8689556E}.Ad-Hoc|Any CPU.Build.0 = Release|Any CPU
		{B3D7C301-2DF7-4C16-9F49-7DDA8689556E}.Ad-Hoc|ARM.ActiveCfg = Release|Any CPU
		{B3D7C301-2DF7-4C16-9F49-7DDA8689556E}.Ad-Hoc|iPhone.ActiveCfg = Release|Any CPU
		{B3D7C301-2DF7-4C16-9F49-7DDA8689556E}.Ad-Hoc|iPhoneSimulator.ActiveCfg = Release|Any CPU
		{B3D7C301-2DF7-4C16-9F49-7DDA8689556E}.Ad-Hoc|Mixed Platforms.ActiveCfg = Release|Any CPU
		{B3D7C301-2DF7-4C16-9F49-7DDA8689556E}.Ad-Hoc|Mixed Platforms.Build.0 = Release|Any CPU
		{B3D7C301-2DF7-4C16-9F49-7DDA8689556E}.Ad-Hoc|x64.ActiveCfg = Debug|Any CPU
		{B3D7C301-2DF7-4C16-9F49-7DDA8689556E}.Ad-Hoc|x86.ActiveCfg = Release|Any CPU
		{B3D7C301-2DF7-4C16-9F49-7DDA8689556E}.AppStore|Any CPU.ActiveCfg = Release|Any CPU
		{B3D7C301-2DF7-4C16-9F49-7DDA8689556E}.AppStore|Any CPU.Build.0 = Release|Any CPU
		{B3D7C301-2DF7-4C16-9F49-7DDA8689556E}.AppStore|ARM.ActiveCfg = Release|Any CPU
		{B3D7C301-2DF7-4C16-9F49-7DDA8689556E}.AppStore|iPhone.ActiveCfg = Release|Any CPU
		{B3D7C301-2DF7-4C16-9F49-7DDA8689556E}.AppStore|iPhoneSimulator.ActiveCfg = Release|Any CPU
		{B3D7C301-2DF7-4C16-9F49-7DDA8689556E}.AppStore|Mixed Platforms.ActiveCfg = Release|Any CPU
		{B3D7C301-2DF7-4C16-9F49-7DDA8689556E}.AppStore|Mixed Platforms.Build.0 = Release|Any CPU
		{B3D7C301-2DF7-4C16-9F49-7DDA8689556E}.AppStore|x64.ActiveCfg = Debug|Any CPU
		{B3D7C301-2DF7-4C16-9F49-7DDA8689556E}.AppStore|x86.ActiveCfg = Release|Any CPU
		{B3D7C301-2DF7-4C16-9F49-7DDA8689556E}.Debug|Any CPU.ActiveCfg = Debug|Any CPU
		{B3D7C301-2DF7-4C16-9F49-7DDA8689556E}.Debug|Any CPU.Build.0 = Debug|Any CPU
		{B3D7C301-2DF7-4C16-9F49-7DDA8689556E}.Debug|ARM.ActiveCfg = Debug|Any CPU
		{B3D7C301-2DF7-4C16-9F49-7DDA8689556E}.Debug|iPhone.ActiveCfg = Debug|Any CPU
		{B3D7C301-2DF7-4C16-9F49-7DDA8689556E}.Debug|iPhone.Build.0 = Debug|Any CPU
		{B3D7C301-2DF7-4C16-9F49-7DDA8689556E}.Debug|iPhoneSimulator.ActiveCfg = Debug|Any CPU
		{B3D7C301-2DF7-4C16-9F49-7DDA8689556E}.Debug|iPhoneSimulator.Build.0 = Debug|Any CPU
		{B3D7C301-2DF7-4C16-9F49-7DDA8689556E}.Debug|Mixed Platforms.ActiveCfg = Debug|Any CPU
		{B3D7C301-2DF7-4C16-9F49-7DDA8689556E}.Debug|Mixed Platforms.Build.0 = Debug|Any CPU
		{B3D7C301-2DF7-4C16-9F49-7DDA8689556E}.Debug|x64.ActiveCfg = Debug|Any CPU
		{B3D7C301-2DF7-4C16-9F49-7DDA8689556E}.Debug|x86.ActiveCfg = Debug|Any CPU
		{B3D7C301-2DF7-4C16-9F49-7DDA8689556E}.Release|Any CPU.ActiveCfg = Release|Any CPU
		{B3D7C301-2DF7-4C16-9F49-7DDA8689556E}.Release|Any CPU.Build.0 = Release|Any CPU
		{B3D7C301-2DF7-4C16-9F49-7DDA8689556E}.Release|ARM.ActiveCfg = Release|Any CPU
		{B3D7C301-2DF7-4C16-9F49-7DDA8689556E}.Release|iPhone.ActiveCfg = Release|Any CPU
		{B3D7C301-2DF7-4C16-9F49-7DDA8689556E}.Release|iPhoneSimulator.ActiveCfg = Release|Any CPU
		{B3D7C301-2DF7-4C16-9F49-7DDA8689556E}.Release|Mixed Platforms.ActiveCfg = Release|Any CPU
		{B3D7C301-2DF7-4C16-9F49-7DDA8689556E}.Release|Mixed Platforms.Build.0 = Release|Any CPU
		{B3D7C301-2DF7-4C16-9F49-7DDA8689556E}.Release|x64.ActiveCfg = Release|Any CPU
		{B3D7C301-2DF7-4C16-9F49-7DDA8689556E}.Release|x86.ActiveCfg = Release|Any CPU
		{568D9A09-151C-49B3-BEE5-71529FC6869D}.Ad-Hoc|Any CPU.ActiveCfg = Release|Any CPU
		{568D9A09-151C-49B3-BEE5-71529FC6869D}.Ad-Hoc|Any CPU.Build.0 = Release|Any CPU
		{568D9A09-151C-49B3-BEE5-71529FC6869D}.Ad-Hoc|ARM.ActiveCfg = Release|Any CPU
		{568D9A09-151C-49B3-BEE5-71529FC6869D}.Ad-Hoc|iPhone.ActiveCfg = Release|Any CPU
		{568D9A09-151C-49B3-BEE5-71529FC6869D}.Ad-Hoc|iPhoneSimulator.ActiveCfg = Release|Any CPU
		{568D9A09-151C-49B3-BEE5-71529FC6869D}.Ad-Hoc|Mixed Platforms.ActiveCfg = Release|Any CPU
		{568D9A09-151C-49B3-BEE5-71529FC6869D}.Ad-Hoc|Mixed Platforms.Build.0 = Release|Any CPU
		{568D9A09-151C-49B3-BEE5-71529FC6869D}.Ad-Hoc|x64.ActiveCfg = Debug|Any CPU
		{568D9A09-151C-49B3-BEE5-71529FC6869D}.Ad-Hoc|x86.ActiveCfg = Release|Any CPU
		{568D9A09-151C-49B3-BEE5-71529FC6869D}.AppStore|Any CPU.ActiveCfg = Release|Any CPU
		{568D9A09-151C-49B3-BEE5-71529FC6869D}.AppStore|Any CPU.Build.0 = Release|Any CPU
		{568D9A09-151C-49B3-BEE5-71529FC6869D}.AppStore|ARM.ActiveCfg = Release|Any CPU
		{568D9A09-151C-49B3-BEE5-71529FC6869D}.AppStore|iPhone.ActiveCfg = Release|Any CPU
		{568D9A09-151C-49B3-BEE5-71529FC6869D}.AppStore|iPhoneSimulator.ActiveCfg = Release|Any CPU
		{568D9A09-151C-49B3-BEE5-71529FC6869D}.AppStore|Mixed Platforms.ActiveCfg = Release|Any CPU
		{568D9A09-151C-49B3-BEE5-71529FC6869D}.AppStore|Mixed Platforms.Build.0 = Release|Any CPU
		{568D9A09-151C-49B3-BEE5-71529FC6869D}.AppStore|x64.ActiveCfg = Debug|Any CPU
		{568D9A09-151C-49B3-BEE5-71529FC6869D}.AppStore|x86.ActiveCfg = Release|Any CPU
		{568D9A09-151C-49B3-BEE5-71529FC6869D}.Debug|Any CPU.ActiveCfg = Debug|Any CPU
		{568D9A09-151C-49B3-BEE5-71529FC6869D}.Debug|Any CPU.Build.0 = Debug|Any CPU
		{568D9A09-151C-49B3-BEE5-71529FC6869D}.Debug|ARM.ActiveCfg = Debug|Any CPU
		{568D9A09-151C-49B3-BEE5-71529FC6869D}.Debug|iPhone.ActiveCfg = Debug|Any CPU
		{568D9A09-151C-49B3-BEE5-71529FC6869D}.Debug|iPhone.Build.0 = Debug|Any CPU
		{568D9A09-151C-49B3-BEE5-71529FC6869D}.Debug|iPhoneSimulator.ActiveCfg = Debug|Any CPU
		{568D9A09-151C-49B3-BEE5-71529FC6869D}.Debug|iPhoneSimulator.Build.0 = Debug|Any CPU
		{568D9A09-151C-49B3-BEE5-71529FC6869D}.Debug|Mixed Platforms.ActiveCfg = Debug|Any CPU
		{568D9A09-151C-49B3-BEE5-71529FC6869D}.Debug|Mixed Platforms.Build.0 = Debug|Any CPU
		{568D9A09-151C-49B3-BEE5-71529FC6869D}.Debug|x64.ActiveCfg = Debug|Any CPU
		{568D9A09-151C-49B3-BEE5-71529FC6869D}.Debug|x86.ActiveCfg = Debug|Any CPU
		{568D9A09-151C-49B3-BEE5-71529FC6869D}.Release|Any CPU.ActiveCfg = Release|Any CPU
		{568D9A09-151C-49B3-BEE5-71529FC6869D}.Release|Any CPU.Build.0 = Release|Any CPU
		{568D9A09-151C-49B3-BEE5-71529FC6869D}.Release|ARM.ActiveCfg = Release|Any CPU
		{568D9A09-151C-49B3-BEE5-71529FC6869D}.Release|iPhone.ActiveCfg = Release|Any CPU
		{568D9A09-151C-49B3-BEE5-71529FC6869D}.Release|iPhoneSimulator.ActiveCfg = Release|Any CPU
		{568D9A09-151C-49B3-BEE5-71529FC6869D}.Release|Mixed Platforms.ActiveCfg = Release|Any CPU
		{568D9A09-151C-49B3-BEE5-71529FC6869D}.Release|Mixed Platforms.Build.0 = Release|Any CPU
		{568D9A09-151C-49B3-BEE5-71529FC6869D}.Release|x64.ActiveCfg = Release|Any CPU
		{568D9A09-151C-49B3-BEE5-71529FC6869D}.Release|x86.ActiveCfg = Release|Any CPU
		{DA91F91F-3A71-4C7D-9FD5-4F0DC6E3DC86}.Ad-Hoc|Any CPU.ActiveCfg = Release|Any CPU
		{DA91F91F-3A71-4C7D-9FD5-4F0DC6E3DC86}.Ad-Hoc|Any CPU.Build.0 = Release|Any CPU
		{DA91F91F-3A71-4C7D-9FD5-4F0DC6E3DC86}.Ad-Hoc|ARM.ActiveCfg = Release|Any CPU
		{DA91F91F-3A71-4C7D-9FD5-4F0DC6E3DC86}.Ad-Hoc|iPhone.ActiveCfg = Release|Any CPU
		{DA91F91F-3A71-4C7D-9FD5-4F0DC6E3DC86}.Ad-Hoc|iPhoneSimulator.ActiveCfg = Release|Any CPU
		{DA91F91F-3A71-4C7D-9FD5-4F0DC6E3DC86}.Ad-Hoc|Mixed Platforms.ActiveCfg = Release|Any CPU
		{DA91F91F-3A71-4C7D-9FD5-4F0DC6E3DC86}.Ad-Hoc|Mixed Platforms.Build.0 = Release|Any CPU
		{DA91F91F-3A71-4C7D-9FD5-4F0DC6E3DC86}.Ad-Hoc|x64.ActiveCfg = Debug|Any CPU
		{DA91F91F-3A71-4C7D-9FD5-4F0DC6E3DC86}.Ad-Hoc|x86.ActiveCfg = Release|Any CPU
		{DA91F91F-3A71-4C7D-9FD5-4F0DC6E3DC86}.AppStore|Any CPU.ActiveCfg = Release|Any CPU
		{DA91F91F-3A71-4C7D-9FD5-4F0DC6E3DC86}.AppStore|Any CPU.Build.0 = Release|Any CPU
		{DA91F91F-3A71-4C7D-9FD5-4F0DC6E3DC86}.AppStore|ARM.ActiveCfg = Release|Any CPU
		{DA91F91F-3A71-4C7D-9FD5-4F0DC6E3DC86}.AppStore|iPhone.ActiveCfg = Release|Any CPU
		{DA91F91F-3A71-4C7D-9FD5-4F0DC6E3DC86}.AppStore|iPhoneSimulator.ActiveCfg = Release|Any CPU
		{DA91F91F-3A71-4C7D-9FD5-4F0DC6E3DC86}.AppStore|Mixed Platforms.ActiveCfg = Release|Any CPU
		{DA91F91F-3A71-4C7D-9FD5-4F0DC6E3DC86}.AppStore|Mixed Platforms.Build.0 = Release|Any CPU
		{DA91F91F-3A71-4C7D-9FD5-4F0DC6E3DC86}.AppStore|x64.ActiveCfg = Debug|Any CPU
		{DA91F91F-3A71-4C7D-9FD5-4F0DC6E3DC86}.AppStore|x86.ActiveCfg = Release|Any CPU
		{DA91F91F-3A71-4C7D-9FD5-4F0DC6E3DC86}.Debug|Any CPU.ActiveCfg = Debug|Any CPU
		{DA91F91F-3A71-4C7D-9FD5-4F0DC6E3DC86}.Debug|Any CPU.Build.0 = Debug|Any CPU
		{DA91F91F-3A71-4C7D-9FD5-4F0DC6E3DC86}.Debug|ARM.ActiveCfg = Debug|Any CPU
		{DA91F91F-3A71-4C7D-9FD5-4F0DC6E3DC86}.Debug|iPhone.ActiveCfg = Debug|Any CPU
		{DA91F91F-3A71-4C7D-9FD5-4F0DC6E3DC86}.Debug|iPhone.Build.0 = Debug|Any CPU
		{DA91F91F-3A71-4C7D-9FD5-4F0DC6E3DC86}.Debug|iPhoneSimulator.ActiveCfg = Debug|Any CPU
		{DA91F91F-3A71-4C7D-9FD5-4F0DC6E3DC86}.Debug|iPhoneSimulator.Build.0 = Debug|Any CPU
		{DA91F91F-3A71-4C7D-9FD5-4F0DC6E3DC86}.Debug|Mixed Platforms.ActiveCfg = Debug|Any CPU
		{DA91F91F-3A71-4C7D-9FD5-4F0DC6E3DC86}.Debug|Mixed Platforms.Build.0 = Debug|Any CPU
		{DA91F91F-3A71-4C7D-9FD5-4F0DC6E3DC86}.Debug|x64.ActiveCfg = Debug|Any CPU
		{DA91F91F-3A71-4C7D-9FD5-4F0DC6E3DC86}.Debug|x86.ActiveCfg = Debug|Any CPU
		{DA91F91F-3A71-4C7D-9FD5-4F0DC6E3DC86}.Release|Any CPU.ActiveCfg = Release|Any CPU
		{DA91F91F-3A71-4C7D-9FD5-4F0DC6E3DC86}.Release|Any CPU.Build.0 = Release|Any CPU
		{DA91F91F-3A71-4C7D-9FD5-4F0DC6E3DC86}.Release|ARM.ActiveCfg = Release|Any CPU
		{DA91F91F-3A71-4C7D-9FD5-4F0DC6E3DC86}.Release|iPhone.ActiveCfg = Release|Any CPU
		{DA91F91F-3A71-4C7D-9FD5-4F0DC6E3DC86}.Release|iPhoneSimulator.ActiveCfg = Release|Any CPU
		{DA91F91F-3A71-4C7D-9FD5-4F0DC6E3DC86}.Release|Mixed Platforms.ActiveCfg = Release|Any CPU
		{DA91F91F-3A71-4C7D-9FD5-4F0DC6E3DC86}.Release|Mixed Platforms.Build.0 = Release|Any CPU
		{DA91F91F-3A71-4C7D-9FD5-4F0DC6E3DC86}.Release|x64.ActiveCfg = Release|Any CPU
		{DA91F91F-3A71-4C7D-9FD5-4F0DC6E3DC86}.Release|x86.ActiveCfg = Release|Any CPU
		{07465752-9C33-46CB-B0C9-F7DED7FA7FFC}.Ad-Hoc|Any CPU.ActiveCfg = Release|Any CPU
		{07465752-9C33-46CB-B0C9-F7DED7FA7FFC}.Ad-Hoc|Any CPU.Build.0 = Release|Any CPU
		{07465752-9C33-46CB-B0C9-F7DED7FA7FFC}.Ad-Hoc|ARM.ActiveCfg = Release|Any CPU
		{07465752-9C33-46CB-B0C9-F7DED7FA7FFC}.Ad-Hoc|iPhone.ActiveCfg = Release|Any CPU
		{07465752-9C33-46CB-B0C9-F7DED7FA7FFC}.Ad-Hoc|iPhoneSimulator.ActiveCfg = Release|Any CPU
		{07465752-9C33-46CB-B0C9-F7DED7FA7FFC}.Ad-Hoc|Mixed Platforms.ActiveCfg = Release|Any CPU
		{07465752-9C33-46CB-B0C9-F7DED7FA7FFC}.Ad-Hoc|Mixed Platforms.Build.0 = Release|Any CPU
		{07465752-9C33-46CB-B0C9-F7DED7FA7FFC}.Ad-Hoc|x64.ActiveCfg = Debug|Any CPU
		{07465752-9C33-46CB-B0C9-F7DED7FA7FFC}.Ad-Hoc|x86.ActiveCfg = Release|Any CPU
		{07465752-9C33-46CB-B0C9-F7DED7FA7FFC}.AppStore|Any CPU.ActiveCfg = Release|Any CPU
		{07465752-9C33-46CB-B0C9-F7DED7FA7FFC}.AppStore|Any CPU.Build.0 = Release|Any CPU
		{07465752-9C33-46CB-B0C9-F7DED7FA7FFC}.AppStore|ARM.ActiveCfg = Release|Any CPU
		{07465752-9C33-46CB-B0C9-F7DED7FA7FFC}.AppStore|iPhone.ActiveCfg = Release|Any CPU
		{07465752-9C33-46CB-B0C9-F7DED7FA7FFC}.AppStore|iPhoneSimulator.ActiveCfg = Release|Any CPU
		{07465752-9C33-46CB-B0C9-F7DED7FA7FFC}.AppStore|Mixed Platforms.ActiveCfg = Release|Any CPU
		{07465752-9C33-46CB-B0C9-F7DED7FA7FFC}.AppStore|Mixed Platforms.Build.0 = Release|Any CPU
		{07465752-9C33-46CB-B0C9-F7DED7FA7FFC}.AppStore|x64.ActiveCfg = Debug|Any CPU
		{07465752-9C33-46CB-B0C9-F7DED7FA7FFC}.AppStore|x86.ActiveCfg = Release|Any CPU
		{07465752-9C33-46CB-B0C9-F7DED7FA7FFC}.Debug|Any CPU.ActiveCfg = Debug|Any CPU
		{07465752-9C33-46CB-B0C9-F7DED7FA7FFC}.Debug|Any CPU.Build.0 = Debug|Any CPU
		{07465752-9C33-46CB-B0C9-F7DED7FA7FFC}.Debug|ARM.ActiveCfg = Debug|Any CPU
		{07465752-9C33-46CB-B0C9-F7DED7FA7FFC}.Debug|iPhone.ActiveCfg = Debug|Any CPU
		{07465752-9C33-46CB-B0C9-F7DED7FA7FFC}.Debug|iPhone.Build.0 = Debug|Any CPU
		{07465752-9C33-46CB-B0C9-F7DED7FA7FFC}.Debug|iPhoneSimulator.ActiveCfg = Debug|Any CPU
		{07465752-9C33-46CB-B0C9-F7DED7FA7FFC}.Debug|iPhoneSimulator.Build.0 = Debug|Any CPU
		{07465752-9C33-46CB-B0C9-F7DED7FA7FFC}.Debug|Mixed Platforms.ActiveCfg = Debug|Any CPU
		{07465752-9C33-46CB-B0C9-F7DED7FA7FFC}.Debug|Mixed Platforms.Build.0 = Debug|Any CPU
		{07465752-9C33-46CB-B0C9-F7DED7FA7FFC}.Debug|x64.ActiveCfg = Debug|Any CPU
		{07465752-9C33-46CB-B0C9-F7DED7FA7FFC}.Debug|x86.ActiveCfg = Debug|Any CPU
		{07465752-9C33-46CB-B0C9-F7DED7FA7FFC}.Release|Any CPU.ActiveCfg = Release|Any CPU
		{07465752-9C33-46CB-B0C9-F7DED7FA7FFC}.Release|Any CPU.Build.0 = Release|Any CPU
		{07465752-9C33-46CB-B0C9-F7DED7FA7FFC}.Release|ARM.ActiveCfg = Release|Any CPU
		{07465752-9C33-46CB-B0C9-F7DED7FA7FFC}.Release|iPhone.ActiveCfg = Release|Any CPU
		{07465752-9C33-46CB-B0C9-F7DED7FA7FFC}.Release|iPhoneSimulator.ActiveCfg = Release|Any CPU
		{07465752-9C33-46CB-B0C9-F7DED7FA7FFC}.Release|Mixed Platforms.ActiveCfg = Release|Any CPU
		{07465752-9C33-46CB-B0C9-F7DED7FA7FFC}.Release|Mixed Platforms.Build.0 = Release|Any CPU
		{07465752-9C33-46CB-B0C9-F7DED7FA7FFC}.Release|x64.ActiveCfg = Release|Any CPU
		{07465752-9C33-46CB-B0C9-F7DED7FA7FFC}.Release|x86.ActiveCfg = Release|Any CPU
		{F8595FD7-8406-4CC9-A6F8-FADE87D94F7A}.Ad-Hoc|Any CPU.ActiveCfg = Ad-Hoc|iPhone
		{F8595FD7-8406-4CC9-A6F8-FADE87D94F7A}.Ad-Hoc|ARM.ActiveCfg = Ad-Hoc|iPhone
		{F8595FD7-8406-4CC9-A6F8-FADE87D94F7A}.Ad-Hoc|iPhone.ActiveCfg = Ad-Hoc|iPhone
		{F8595FD7-8406-4CC9-A6F8-FADE87D94F7A}.Ad-Hoc|iPhone.Build.0 = Ad-Hoc|iPhone
		{F8595FD7-8406-4CC9-A6F8-FADE87D94F7A}.Ad-Hoc|iPhone.Deploy.0 = Ad-Hoc|iPhone
		{F8595FD7-8406-4CC9-A6F8-FADE87D94F7A}.Ad-Hoc|iPhoneSimulator.ActiveCfg = Ad-Hoc|iPhoneSimulator
		{F8595FD7-8406-4CC9-A6F8-FADE87D94F7A}.Ad-Hoc|iPhoneSimulator.Build.0 = Ad-Hoc|iPhoneSimulator
		{F8595FD7-8406-4CC9-A6F8-FADE87D94F7A}.Ad-Hoc|iPhoneSimulator.Deploy.0 = Ad-Hoc|iPhoneSimulator
		{F8595FD7-8406-4CC9-A6F8-FADE87D94F7A}.Ad-Hoc|Mixed Platforms.ActiveCfg = Ad-Hoc|iPhone
		{F8595FD7-8406-4CC9-A6F8-FADE87D94F7A}.Ad-Hoc|Mixed Platforms.Build.0 = Ad-Hoc|iPhone
		{F8595FD7-8406-4CC9-A6F8-FADE87D94F7A}.Ad-Hoc|Mixed Platforms.Deploy.0 = Ad-Hoc|iPhone
		{F8595FD7-8406-4CC9-A6F8-FADE87D94F7A}.Ad-Hoc|x64.ActiveCfg = Ad-Hoc|iPhoneSimulator
		{F8595FD7-8406-4CC9-A6F8-FADE87D94F7A}.Ad-Hoc|x86.ActiveCfg = Ad-Hoc|iPhone
		{F8595FD7-8406-4CC9-A6F8-FADE87D94F7A}.AppStore|Any CPU.ActiveCfg = AppStore|iPhone
		{F8595FD7-8406-4CC9-A6F8-FADE87D94F7A}.AppStore|ARM.ActiveCfg = AppStore|iPhone
		{F8595FD7-8406-4CC9-A6F8-FADE87D94F7A}.AppStore|iPhone.ActiveCfg = AppStore|iPhone
		{F8595FD7-8406-4CC9-A6F8-FADE87D94F7A}.AppStore|iPhone.Build.0 = AppStore|iPhone
		{F8595FD7-8406-4CC9-A6F8-FADE87D94F7A}.AppStore|iPhone.Deploy.0 = AppStore|iPhone
		{F8595FD7-8406-4CC9-A6F8-FADE87D94F7A}.AppStore|iPhoneSimulator.ActiveCfg = AppStore|iPhoneSimulator
		{F8595FD7-8406-4CC9-A6F8-FADE87D94F7A}.AppStore|iPhoneSimulator.Build.0 = AppStore|iPhoneSimulator
		{F8595FD7-8406-4CC9-A6F8-FADE87D94F7A}.AppStore|iPhoneSimulator.Deploy.0 = AppStore|iPhoneSimulator
		{F8595FD7-8406-4CC9-A6F8-FADE87D94F7A}.AppStore|Mixed Platforms.ActiveCfg = AppStore|iPhone
		{F8595FD7-8406-4CC9-A6F8-FADE87D94F7A}.AppStore|Mixed Platforms.Build.0 = AppStore|iPhone
		{F8595FD7-8406-4CC9-A6F8-FADE87D94F7A}.AppStore|Mixed Platforms.Deploy.0 = AppStore|iPhone
		{F8595FD7-8406-4CC9-A6F8-FADE87D94F7A}.AppStore|x64.ActiveCfg = AppStore|iPhoneSimulator
		{F8595FD7-8406-4CC9-A6F8-FADE87D94F7A}.AppStore|x86.ActiveCfg = AppStore|iPhone
		{F8595FD7-8406-4CC9-A6F8-FADE87D94F7A}.Debug|Any CPU.ActiveCfg = Debug|iPhone
		{F8595FD7-8406-4CC9-A6F8-FADE87D94F7A}.Debug|ARM.ActiveCfg = Debug|iPhone
		{F8595FD7-8406-4CC9-A6F8-FADE87D94F7A}.Debug|iPhone.ActiveCfg = Debug|iPhone
		{F8595FD7-8406-4CC9-A6F8-FADE87D94F7A}.Debug|iPhone.Build.0 = Debug|iPhone
		{F8595FD7-8406-4CC9-A6F8-FADE87D94F7A}.Debug|iPhone.Deploy.0 = Debug|iPhone
		{F8595FD7-8406-4CC9-A6F8-FADE87D94F7A}.Debug|iPhoneSimulator.ActiveCfg = Debug|iPhoneSimulator
		{F8595FD7-8406-4CC9-A6F8-FADE87D94F7A}.Debug|iPhoneSimulator.Build.0 = Debug|iPhoneSimulator
		{F8595FD7-8406-4CC9-A6F8-FADE87D94F7A}.Debug|iPhoneSimulator.Deploy.0 = Debug|iPhoneSimulator
		{F8595FD7-8406-4CC9-A6F8-FADE87D94F7A}.Debug|Mixed Platforms.ActiveCfg = Debug|iPhone
		{F8595FD7-8406-4CC9-A6F8-FADE87D94F7A}.Debug|Mixed Platforms.Build.0 = Debug|iPhone
		{F8595FD7-8406-4CC9-A6F8-FADE87D94F7A}.Debug|Mixed Platforms.Deploy.0 = Debug|iPhone
		{F8595FD7-8406-4CC9-A6F8-FADE87D94F7A}.Debug|x64.ActiveCfg = Debug|iPhoneSimulator
		{F8595FD7-8406-4CC9-A6F8-FADE87D94F7A}.Debug|x86.ActiveCfg = Debug|iPhone
		{F8595FD7-8406-4CC9-A6F8-FADE87D94F7A}.Release|Any CPU.ActiveCfg = Release|iPhone
		{F8595FD7-8406-4CC9-A6F8-FADE87D94F7A}.Release|ARM.ActiveCfg = Release|iPhone
		{F8595FD7-8406-4CC9-A6F8-FADE87D94F7A}.Release|iPhone.ActiveCfg = Release|iPhone
		{F8595FD7-8406-4CC9-A6F8-FADE87D94F7A}.Release|iPhone.Build.0 = Release|iPhone
		{F8595FD7-8406-4CC9-A6F8-FADE87D94F7A}.Release|iPhone.Deploy.0 = Release|iPhone
		{F8595FD7-8406-4CC9-A6F8-FADE87D94F7A}.Release|iPhoneSimulator.ActiveCfg = Release|iPhoneSimulator
		{F8595FD7-8406-4CC9-A6F8-FADE87D94F7A}.Release|iPhoneSimulator.Build.0 = Release|iPhoneSimulator
		{F8595FD7-8406-4CC9-A6F8-FADE87D94F7A}.Release|iPhoneSimulator.Deploy.0 = Release|iPhoneSimulator
		{F8595FD7-8406-4CC9-A6F8-FADE87D94F7A}.Release|Mixed Platforms.ActiveCfg = Release|iPhone
		{F8595FD7-8406-4CC9-A6F8-FADE87D94F7A}.Release|Mixed Platforms.Build.0 = Release|iPhone
		{F8595FD7-8406-4CC9-A6F8-FADE87D94F7A}.Release|Mixed Platforms.Deploy.0 = Release|iPhone
		{F8595FD7-8406-4CC9-A6F8-FADE87D94F7A}.Release|x64.ActiveCfg = Release|iPhoneSimulator
		{F8595FD7-8406-4CC9-A6F8-FADE87D94F7A}.Release|x86.ActiveCfg = Release|iPhone
		{6892D5F9-CA66-498E-9830-EEC08D8A5BC5}.Ad-Hoc|Any CPU.ActiveCfg = Release|Any CPU
		{6892D5F9-CA66-498E-9830-EEC08D8A5BC5}.Ad-Hoc|Any CPU.Build.0 = Release|Any CPU
		{6892D5F9-CA66-498E-9830-EEC08D8A5BC5}.Ad-Hoc|Any CPU.Deploy.0 = Release|Any CPU
		{6892D5F9-CA66-498E-9830-EEC08D8A5BC5}.Ad-Hoc|ARM.ActiveCfg = Release|Any CPU
		{6892D5F9-CA66-498E-9830-EEC08D8A5BC5}.Ad-Hoc|iPhone.ActiveCfg = Release|Any CPU
		{6892D5F9-CA66-498E-9830-EEC08D8A5BC5}.Ad-Hoc|iPhoneSimulator.ActiveCfg = Release|Any CPU
		{6892D5F9-CA66-498E-9830-EEC08D8A5BC5}.Ad-Hoc|Mixed Platforms.ActiveCfg = Release|Any CPU
		{6892D5F9-CA66-498E-9830-EEC08D8A5BC5}.Ad-Hoc|Mixed Platforms.Build.0 = Release|Any CPU
		{6892D5F9-CA66-498E-9830-EEC08D8A5BC5}.Ad-Hoc|Mixed Platforms.Deploy.0 = Release|Any CPU
		{6892D5F9-CA66-498E-9830-EEC08D8A5BC5}.Ad-Hoc|x64.ActiveCfg = Debug|Any CPU
		{6892D5F9-CA66-498E-9830-EEC08D8A5BC5}.Ad-Hoc|x86.ActiveCfg = Release|Any CPU
		{6892D5F9-CA66-498E-9830-EEC08D8A5BC5}.AppStore|Any CPU.ActiveCfg = Release|Any CPU
		{6892D5F9-CA66-498E-9830-EEC08D8A5BC5}.AppStore|Any CPU.Build.0 = Release|Any CPU
		{6892D5F9-CA66-498E-9830-EEC08D8A5BC5}.AppStore|Any CPU.Deploy.0 = Release|Any CPU
		{6892D5F9-CA66-498E-9830-EEC08D8A5BC5}.AppStore|ARM.ActiveCfg = Release|Any CPU
		{6892D5F9-CA66-498E-9830-EEC08D8A5BC5}.AppStore|iPhone.ActiveCfg = Release|Any CPU
		{6892D5F9-CA66-498E-9830-EEC08D8A5BC5}.AppStore|iPhoneSimulator.ActiveCfg = Release|Any CPU
		{6892D5F9-CA66-498E-9830-EEC08D8A5BC5}.AppStore|Mixed Platforms.ActiveCfg = Release|Any CPU
		{6892D5F9-CA66-498E-9830-EEC08D8A5BC5}.AppStore|Mixed Platforms.Build.0 = Release|Any CPU
		{6892D5F9-CA66-498E-9830-EEC08D8A5BC5}.AppStore|Mixed Platforms.Deploy.0 = Release|Any CPU
		{6892D5F9-CA66-498E-9830-EEC08D8A5BC5}.AppStore|x64.ActiveCfg = Debug|Any CPU
		{6892D5F9-CA66-498E-9830-EEC08D8A5BC5}.AppStore|x86.ActiveCfg = Release|Any CPU
		{6892D5F9-CA66-498E-9830-EEC08D8A5BC5}.Debug|Any CPU.ActiveCfg = Debug|Any CPU
		{6892D5F9-CA66-498E-9830-EEC08D8A5BC5}.Debug|Any CPU.Build.0 = Debug|Any CPU
		{6892D5F9-CA66-498E-9830-EEC08D8A5BC5}.Debug|Any CPU.Deploy.0 = Debug|Any CPU
		{6892D5F9-CA66-498E-9830-EEC08D8A5BC5}.Debug|ARM.ActiveCfg = Debug|Any CPU
		{6892D5F9-CA66-498E-9830-EEC08D8A5BC5}.Debug|iPhone.ActiveCfg = Debug|Any CPU
		{6892D5F9-CA66-498E-9830-EEC08D8A5BC5}.Debug|iPhoneSimulator.ActiveCfg = Debug|Any CPU
		{6892D5F9-CA66-498E-9830-EEC08D8A5BC5}.Debug|Mixed Platforms.ActiveCfg = Debug|Any CPU
		{6892D5F9-CA66-498E-9830-EEC08D8A5BC5}.Debug|Mixed Platforms.Build.0 = Debug|Any CPU
		{6892D5F9-CA66-498E-9830-EEC08D8A5BC5}.Debug|Mixed Platforms.Deploy.0 = Debug|Any CPU
		{6892D5F9-CA66-498E-9830-EEC08D8A5BC5}.Debug|x64.ActiveCfg = Debug|Any CPU
		{6892D5F9-CA66-498E-9830-EEC08D8A5BC5}.Debug|x86.ActiveCfg = Debug|Any CPU
		{6892D5F9-CA66-498E-9830-EEC08D8A5BC5}.Release|Any CPU.ActiveCfg = Release|Any CPU
		{6892D5F9-CA66-498E-9830-EEC08D8A5BC5}.Release|Any CPU.Build.0 = Release|Any CPU
		{6892D5F9-CA66-498E-9830-EEC08D8A5BC5}.Release|Any CPU.Deploy.0 = Release|Any CPU
		{6892D5F9-CA66-498E-9830-EEC08D8A5BC5}.Release|ARM.ActiveCfg = Release|Any CPU
		{6892D5F9-CA66-498E-9830-EEC08D8A5BC5}.Release|iPhone.ActiveCfg = Release|Any CPU
		{6892D5F9-CA66-498E-9830-EEC08D8A5BC5}.Release|iPhoneSimulator.ActiveCfg = Release|Any CPU
		{6892D5F9-CA66-498E-9830-EEC08D8A5BC5}.Release|Mixed Platforms.ActiveCfg = Release|Any CPU
		{6892D5F9-CA66-498E-9830-EEC08D8A5BC5}.Release|Mixed Platforms.Build.0 = Release|Any CPU
		{6892D5F9-CA66-498E-9830-EEC08D8A5BC5}.Release|Mixed Platforms.Deploy.0 = Release|Any CPU
		{6892D5F9-CA66-498E-9830-EEC08D8A5BC5}.Release|x64.ActiveCfg = Release|Any CPU
		{6892D5F9-CA66-498E-9830-EEC08D8A5BC5}.Release|x86.ActiveCfg = Release|Any CPU
		{7D80292E-39F0-4C30-BE7C-3BC22E2623A7}.Ad-Hoc|Any CPU.ActiveCfg = Release|Any CPU
		{7D80292E-39F0-4C30-BE7C-3BC22E2623A7}.Ad-Hoc|Any CPU.Build.0 = Release|Any CPU
		{7D80292E-39F0-4C30-BE7C-3BC22E2623A7}.Ad-Hoc|Any CPU.Deploy.0 = Release|Any CPU
		{7D80292E-39F0-4C30-BE7C-3BC22E2623A7}.Ad-Hoc|ARM.ActiveCfg = Release|ARM
		{7D80292E-39F0-4C30-BE7C-3BC22E2623A7}.Ad-Hoc|ARM.Build.0 = Release|ARM
		{7D80292E-39F0-4C30-BE7C-3BC22E2623A7}.Ad-Hoc|ARM.Deploy.0 = Release|ARM
		{7D80292E-39F0-4C30-BE7C-3BC22E2623A7}.Ad-Hoc|iPhone.ActiveCfg = Release|Any CPU
		{7D80292E-39F0-4C30-BE7C-3BC22E2623A7}.Ad-Hoc|iPhoneSimulator.ActiveCfg = Release|Any CPU
		{7D80292E-39F0-4C30-BE7C-3BC22E2623A7}.Ad-Hoc|Mixed Platforms.ActiveCfg = Release|x86
		{7D80292E-39F0-4C30-BE7C-3BC22E2623A7}.Ad-Hoc|Mixed Platforms.Build.0 = Release|x86
		{7D80292E-39F0-4C30-BE7C-3BC22E2623A7}.Ad-Hoc|Mixed Platforms.Deploy.0 = Release|x86
		{7D80292E-39F0-4C30-BE7C-3BC22E2623A7}.Ad-Hoc|x64.ActiveCfg = Debug|Any CPU
		{7D80292E-39F0-4C30-BE7C-3BC22E2623A7}.Ad-Hoc|x86.ActiveCfg = Release|x86
		{7D80292E-39F0-4C30-BE7C-3BC22E2623A7}.Ad-Hoc|x86.Build.0 = Release|x86
		{7D80292E-39F0-4C30-BE7C-3BC22E2623A7}.Ad-Hoc|x86.Deploy.0 = Release|x86
		{7D80292E-39F0-4C30-BE7C-3BC22E2623A7}.AppStore|Any CPU.ActiveCfg = Release|Any CPU
		{7D80292E-39F0-4C30-BE7C-3BC22E2623A7}.AppStore|Any CPU.Build.0 = Release|Any CPU
		{7D80292E-39F0-4C30-BE7C-3BC22E2623A7}.AppStore|Any CPU.Deploy.0 = Release|Any CPU
		{7D80292E-39F0-4C30-BE7C-3BC22E2623A7}.AppStore|ARM.ActiveCfg = Release|ARM
		{7D80292E-39F0-4C30-BE7C-3BC22E2623A7}.AppStore|ARM.Build.0 = Release|ARM
		{7D80292E-39F0-4C30-BE7C-3BC22E2623A7}.AppStore|ARM.Deploy.0 = Release|ARM
		{7D80292E-39F0-4C30-BE7C-3BC22E2623A7}.AppStore|iPhone.ActiveCfg = Release|Any CPU
		{7D80292E-39F0-4C30-BE7C-3BC22E2623A7}.AppStore|iPhoneSimulator.ActiveCfg = Release|Any CPU
		{7D80292E-39F0-4C30-BE7C-3BC22E2623A7}.AppStore|Mixed Platforms.ActiveCfg = Release|x86
		{7D80292E-39F0-4C30-BE7C-3BC22E2623A7}.AppStore|Mixed Platforms.Build.0 = Release|x86
		{7D80292E-39F0-4C30-BE7C-3BC22E2623A7}.AppStore|Mixed Platforms.Deploy.0 = Release|x86
		{7D80292E-39F0-4C30-BE7C-3BC22E2623A7}.AppStore|x64.ActiveCfg = Debug|Any CPU
		{7D80292E-39F0-4C30-BE7C-3BC22E2623A7}.AppStore|x86.ActiveCfg = Release|x86
		{7D80292E-39F0-4C30-BE7C-3BC22E2623A7}.AppStore|x86.Build.0 = Release|x86
		{7D80292E-39F0-4C30-BE7C-3BC22E2623A7}.AppStore|x86.Deploy.0 = Release|x86
		{7D80292E-39F0-4C30-BE7C-3BC22E2623A7}.Debug|Any CPU.ActiveCfg = Debug|Any CPU
		{7D80292E-39F0-4C30-BE7C-3BC22E2623A7}.Debug|Any CPU.Build.0 = Debug|Any CPU
		{7D80292E-39F0-4C30-BE7C-3BC22E2623A7}.Debug|Any CPU.Deploy.0 = Debug|Any CPU
		{7D80292E-39F0-4C30-BE7C-3BC22E2623A7}.Debug|ARM.ActiveCfg = Debug|ARM
		{7D80292E-39F0-4C30-BE7C-3BC22E2623A7}.Debug|ARM.Build.0 = Debug|ARM
		{7D80292E-39F0-4C30-BE7C-3BC22E2623A7}.Debug|ARM.Deploy.0 = Debug|ARM
		{7D80292E-39F0-4C30-BE7C-3BC22E2623A7}.Debug|iPhone.ActiveCfg = Debug|Any CPU
		{7D80292E-39F0-4C30-BE7C-3BC22E2623A7}.Debug|iPhoneSimulator.ActiveCfg = Debug|Any CPU
		{7D80292E-39F0-4C30-BE7C-3BC22E2623A7}.Debug|Mixed Platforms.ActiveCfg = Debug|x86
		{7D80292E-39F0-4C30-BE7C-3BC22E2623A7}.Debug|Mixed Platforms.Build.0 = Debug|x86
		{7D80292E-39F0-4C30-BE7C-3BC22E2623A7}.Debug|Mixed Platforms.Deploy.0 = Debug|x86
		{7D80292E-39F0-4C30-BE7C-3BC22E2623A7}.Debug|x64.ActiveCfg = Debug|Any CPU
		{7D80292E-39F0-4C30-BE7C-3BC22E2623A7}.Debug|x86.ActiveCfg = Debug|x86
		{7D80292E-39F0-4C30-BE7C-3BC22E2623A7}.Debug|x86.Build.0 = Debug|x86
		{7D80292E-39F0-4C30-BE7C-3BC22E2623A7}.Debug|x86.Deploy.0 = Debug|x86
		{7D80292E-39F0-4C30-BE7C-3BC22E2623A7}.Release|Any CPU.ActiveCfg = Release|Any CPU
		{7D80292E-39F0-4C30-BE7C-3BC22E2623A7}.Release|Any CPU.Build.0 = Release|Any CPU
		{7D80292E-39F0-4C30-BE7C-3BC22E2623A7}.Release|Any CPU.Deploy.0 = Release|Any CPU
		{7D80292E-39F0-4C30-BE7C-3BC22E2623A7}.Release|ARM.ActiveCfg = Release|ARM
		{7D80292E-39F0-4C30-BE7C-3BC22E2623A7}.Release|ARM.Build.0 = Release|ARM
		{7D80292E-39F0-4C30-BE7C-3BC22E2623A7}.Release|ARM.Deploy.0 = Release|ARM
		{7D80292E-39F0-4C30-BE7C-3BC22E2623A7}.Release|iPhone.ActiveCfg = Release|Any CPU
		{7D80292E-39F0-4C30-BE7C-3BC22E2623A7}.Release|iPhoneSimulator.ActiveCfg = Release|Any CPU
		{7D80292E-39F0-4C30-BE7C-3BC22E2623A7}.Release|Mixed Platforms.ActiveCfg = Release|x86
		{7D80292E-39F0-4C30-BE7C-3BC22E2623A7}.Release|Mixed Platforms.Build.0 = Release|x86
		{7D80292E-39F0-4C30-BE7C-3BC22E2623A7}.Release|Mixed Platforms.Deploy.0 = Release|x86
		{7D80292E-39F0-4C30-BE7C-3BC22E2623A7}.Release|x64.ActiveCfg = Release|Any CPU
		{7D80292E-39F0-4C30-BE7C-3BC22E2623A7}.Release|x86.ActiveCfg = Release|x86
		{7D80292E-39F0-4C30-BE7C-3BC22E2623A7}.Release|x86.Build.0 = Release|x86
		{7D80292E-39F0-4C30-BE7C-3BC22E2623A7}.Release|x86.Deploy.0 = Release|x86
		{1EF4C889-A64B-49A7-A393-B37B6E371DFB}.Ad-Hoc|Any CPU.ActiveCfg = Release|Any CPU
		{1EF4C889-A64B-49A7-A393-B37B6E371DFB}.Ad-Hoc|Any CPU.Build.0 = Release|Any CPU
		{1EF4C889-A64B-49A7-A393-B37B6E371DFB}.Ad-Hoc|ARM.ActiveCfg = Release|Any CPU
		{1EF4C889-A64B-49A7-A393-B37B6E371DFB}.Ad-Hoc|iPhone.ActiveCfg = Release|Any CPU
		{1EF4C889-A64B-49A7-A393-B37B6E371DFB}.Ad-Hoc|iPhoneSimulator.ActiveCfg = Release|Any CPU
		{1EF4C889-A64B-49A7-A393-B37B6E371DFB}.Ad-Hoc|Mixed Platforms.ActiveCfg = Release|Any CPU
		{1EF4C889-A64B-49A7-A393-B37B6E371DFB}.Ad-Hoc|Mixed Platforms.Build.0 = Release|Any CPU
		{1EF4C889-A64B-49A7-A393-B37B6E371DFB}.Ad-Hoc|x64.ActiveCfg = Debug|Any CPU
		{1EF4C889-A64B-49A7-A393-B37B6E371DFB}.Ad-Hoc|x86.ActiveCfg = Release|Any CPU
		{1EF4C889-A64B-49A7-A393-B37B6E371DFB}.AppStore|Any CPU.ActiveCfg = Release|Any CPU
		{1EF4C889-A64B-49A7-A393-B37B6E371DFB}.AppStore|Any CPU.Build.0 = Release|Any CPU
		{1EF4C889-A64B-49A7-A393-B37B6E371DFB}.AppStore|ARM.ActiveCfg = Release|Any CPU
		{1EF4C889-A64B-49A7-A393-B37B6E371DFB}.AppStore|iPhone.ActiveCfg = Release|Any CPU
		{1EF4C889-A64B-49A7-A393-B37B6E371DFB}.AppStore|iPhoneSimulator.ActiveCfg = Release|Any CPU
		{1EF4C889-A64B-49A7-A393-B37B6E371DFB}.AppStore|Mixed Platforms.ActiveCfg = Release|Any CPU
		{1EF4C889-A64B-49A7-A393-B37B6E371DFB}.AppStore|Mixed Platforms.Build.0 = Release|Any CPU
		{1EF4C889-A64B-49A7-A393-B37B6E371DFB}.AppStore|x64.ActiveCfg = Debug|Any CPU
		{1EF4C889-A64B-49A7-A393-B37B6E371DFB}.AppStore|x86.ActiveCfg = Release|Any CPU
		{1EF4C889-A64B-49A7-A393-B37B6E371DFB}.Debug|Any CPU.ActiveCfg = Debug|Any CPU
		{1EF4C889-A64B-49A7-A393-B37B6E371DFB}.Debug|Any CPU.Build.0 = Debug|Any CPU
		{1EF4C889-A64B-49A7-A393-B37B6E371DFB}.Debug|ARM.ActiveCfg = Debug|Any CPU
		{1EF4C889-A64B-49A7-A393-B37B6E371DFB}.Debug|iPhone.ActiveCfg = Debug|Any CPU
		{1EF4C889-A64B-49A7-A393-B37B6E371DFB}.Debug|iPhone.Build.0 = Debug|Any CPU
		{1EF4C889-A64B-49A7-A393-B37B6E371DFB}.Debug|iPhoneSimulator.ActiveCfg = Debug|Any CPU
		{1EF4C889-A64B-49A7-A393-B37B6E371DFB}.Debug|iPhoneSimulator.Build.0 = Debug|Any CPU
		{1EF4C889-A64B-49A7-A393-B37B6E371DFB}.Debug|Mixed Platforms.ActiveCfg = Debug|Any CPU
		{1EF4C889-A64B-49A7-A393-B37B6E371DFB}.Debug|Mixed Platforms.Build.0 = Debug|Any CPU
		{1EF4C889-A64B-49A7-A393-B37B6E371DFB}.Debug|x64.ActiveCfg = Debug|Any CPU
		{1EF4C889-A64B-49A7-A393-B37B6E371DFB}.Debug|x86.ActiveCfg = Debug|Any CPU
		{1EF4C889-A64B-49A7-A393-B37B6E371DFB}.Release|Any CPU.ActiveCfg = Release|Any CPU
		{1EF4C889-A64B-49A7-A393-B37B6E371DFB}.Release|Any CPU.Build.0 = Release|Any CPU
		{1EF4C889-A64B-49A7-A393-B37B6E371DFB}.Release|ARM.ActiveCfg = Release|Any CPU
		{1EF4C889-A64B-49A7-A393-B37B6E371DFB}.Release|iPhone.ActiveCfg = Release|Any CPU
		{1EF4C889-A64B-49A7-A393-B37B6E371DFB}.Release|iPhoneSimulator.ActiveCfg = Release|Any CPU
		{1EF4C889-A64B-49A7-A393-B37B6E371DFB}.Release|Mixed Platforms.ActiveCfg = Release|Any CPU
		{1EF4C889-A64B-49A7-A393-B37B6E371DFB}.Release|Mixed Platforms.Build.0 = Release|Any CPU
		{1EF4C889-A64B-49A7-A393-B37B6E371DFB}.Release|x64.ActiveCfg = Release|Any CPU
		{1EF4C889-A64B-49A7-A393-B37B6E371DFB}.Release|x86.ActiveCfg = Release|Any CPU
		{E908CD00-22C8-4F7B-BA99-8DDF32C5F656}.Ad-Hoc|Any CPU.ActiveCfg = Release|Any CPU
		{E908CD00-22C8-4F7B-BA99-8DDF32C5F656}.Ad-Hoc|Any CPU.Build.0 = Release|Any CPU
		{E908CD00-22C8-4F7B-BA99-8DDF32C5F656}.Ad-Hoc|ARM.ActiveCfg = Release|Any CPU
		{E908CD00-22C8-4F7B-BA99-8DDF32C5F656}.Ad-Hoc|iPhone.ActiveCfg = Release|Any CPU
		{E908CD00-22C8-4F7B-BA99-8DDF32C5F656}.Ad-Hoc|iPhoneSimulator.ActiveCfg = Release|Any CPU
		{E908CD00-22C8-4F7B-BA99-8DDF32C5F656}.Ad-Hoc|Mixed Platforms.ActiveCfg = Release|Any CPU
		{E908CD00-22C8-4F7B-BA99-8DDF32C5F656}.Ad-Hoc|Mixed Platforms.Build.0 = Release|Any CPU
		{E908CD00-22C8-4F7B-BA99-8DDF32C5F656}.Ad-Hoc|x64.ActiveCfg = Debug|Any CPU
		{E908CD00-22C8-4F7B-BA99-8DDF32C5F656}.Ad-Hoc|x86.ActiveCfg = Release|Any CPU
		{E908CD00-22C8-4F7B-BA99-8DDF32C5F656}.AppStore|Any CPU.ActiveCfg = Release|Any CPU
		{E908CD00-22C8-4F7B-BA99-8DDF32C5F656}.AppStore|Any CPU.Build.0 = Release|Any CPU
		{E908CD00-22C8-4F7B-BA99-8DDF32C5F656}.AppStore|ARM.ActiveCfg = Release|Any CPU
		{E908CD00-22C8-4F7B-BA99-8DDF32C5F656}.AppStore|iPhone.ActiveCfg = Release|Any CPU
		{E908CD00-22C8-4F7B-BA99-8DDF32C5F656}.AppStore|iPhoneSimulator.ActiveCfg = Release|Any CPU
		{E908CD00-22C8-4F7B-BA99-8DDF32C5F656}.AppStore|Mixed Platforms.ActiveCfg = Release|Any CPU
		{E908CD00-22C8-4F7B-BA99-8DDF32C5F656}.AppStore|Mixed Platforms.Build.0 = Release|Any CPU
		{E908CD00-22C8-4F7B-BA99-8DDF32C5F656}.AppStore|x64.ActiveCfg = Debug|Any CPU
		{E908CD00-22C8-4F7B-BA99-8DDF32C5F656}.AppStore|x86.ActiveCfg = Release|Any CPU
		{E908CD00-22C8-4F7B-BA99-8DDF32C5F656}.Debug|Any CPU.ActiveCfg = Debug|Any CPU
		{E908CD00-22C8-4F7B-BA99-8DDF32C5F656}.Debug|Any CPU.Build.0 = Debug|Any CPU
		{E908CD00-22C8-4F7B-BA99-8DDF32C5F656}.Debug|ARM.ActiveCfg = Debug|Any CPU
		{E908CD00-22C8-4F7B-BA99-8DDF32C5F656}.Debug|iPhone.ActiveCfg = Debug|Any CPU
		{E908CD00-22C8-4F7B-BA99-8DDF32C5F656}.Debug|iPhone.Build.0 = Debug|Any CPU
		{E908CD00-22C8-4F7B-BA99-8DDF32C5F656}.Debug|iPhoneSimulator.ActiveCfg = Debug|Any CPU
		{E908CD00-22C8-4F7B-BA99-8DDF32C5F656}.Debug|iPhoneSimulator.Build.0 = Debug|Any CPU
		{E908CD00-22C8-4F7B-BA99-8DDF32C5F656}.Debug|Mixed Platforms.ActiveCfg = Debug|Any CPU
		{E908CD00-22C8-4F7B-BA99-8DDF32C5F656}.Debug|Mixed Platforms.Build.0 = Debug|Any CPU
		{E908CD00-22C8-4F7B-BA99-8DDF32C5F656}.Debug|x64.ActiveCfg = Debug|Any CPU
		{E908CD00-22C8-4F7B-BA99-8DDF32C5F656}.Debug|x86.ActiveCfg = Debug|Any CPU
		{E908CD00-22C8-4F7B-BA99-8DDF32C5F656}.Release|Any CPU.ActiveCfg = Release|Any CPU
		{E908CD00-22C8-4F7B-BA99-8DDF32C5F656}.Release|Any CPU.Build.0 = Release|Any CPU
		{E908CD00-22C8-4F7B-BA99-8DDF32C5F656}.Release|ARM.ActiveCfg = Release|Any CPU
		{E908CD00-22C8-4F7B-BA99-8DDF32C5F656}.Release|iPhone.ActiveCfg = Release|Any CPU
		{E908CD00-22C8-4F7B-BA99-8DDF32C5F656}.Release|iPhoneSimulator.ActiveCfg = Release|Any CPU
		{E908CD00-22C8-4F7B-BA99-8DDF32C5F656}.Release|Mixed Platforms.ActiveCfg = Release|Any CPU
		{E908CD00-22C8-4F7B-BA99-8DDF32C5F656}.Release|Mixed Platforms.Build.0 = Release|Any CPU
		{E908CD00-22C8-4F7B-BA99-8DDF32C5F656}.Release|x64.ActiveCfg = Release|Any CPU
		{E908CD00-22C8-4F7B-BA99-8DDF32C5F656}.Release|x86.ActiveCfg = Release|Any CPU
		{449DC319-446E-4D47-923A-3C9EFDF02B88}.Ad-Hoc|Any CPU.ActiveCfg = Release|Any CPU
		{449DC319-446E-4D47-923A-3C9EFDF02B88}.Ad-Hoc|Any CPU.Build.0 = Release|Any CPU
		{449DC319-446E-4D47-923A-3C9EFDF02B88}.Ad-Hoc|ARM.ActiveCfg = Release|Any CPU
		{449DC319-446E-4D47-923A-3C9EFDF02B88}.Ad-Hoc|iPhone.ActiveCfg = Release|Any CPU
		{449DC319-446E-4D47-923A-3C9EFDF02B88}.Ad-Hoc|iPhoneSimulator.ActiveCfg = Release|Any CPU
		{449DC319-446E-4D47-923A-3C9EFDF02B88}.Ad-Hoc|Mixed Platforms.ActiveCfg = Release|Any CPU
		{449DC319-446E-4D47-923A-3C9EFDF02B88}.Ad-Hoc|Mixed Platforms.Build.0 = Release|Any CPU
		{449DC319-446E-4D47-923A-3C9EFDF02B88}.Ad-Hoc|x64.ActiveCfg = Debug|Any CPU
		{449DC319-446E-4D47-923A-3C9EFDF02B88}.Ad-Hoc|x86.ActiveCfg = Release|Any CPU
		{449DC319-446E-4D47-923A-3C9EFDF02B88}.AppStore|Any CPU.ActiveCfg = Release|Any CPU
		{449DC319-446E-4D47-923A-3C9EFDF02B88}.AppStore|Any CPU.Build.0 = Release|Any CPU
		{449DC319-446E-4D47-923A-3C9EFDF02B88}.AppStore|ARM.ActiveCfg = Release|Any CPU
		{449DC319-446E-4D47-923A-3C9EFDF02B88}.AppStore|iPhone.ActiveCfg = Release|Any CPU
		{449DC319-446E-4D47-923A-3C9EFDF02B88}.AppStore|iPhoneSimulator.ActiveCfg = Release|Any CPU
		{449DC319-446E-4D47-923A-3C9EFDF02B88}.AppStore|Mixed Platforms.ActiveCfg = Release|Any CPU
		{449DC319-446E-4D47-923A-3C9EFDF02B88}.AppStore|Mixed Platforms.Build.0 = Release|Any CPU
		{449DC319-446E-4D47-923A-3C9EFDF02B88}.AppStore|x64.ActiveCfg = Debug|Any CPU
		{449DC319-446E-4D47-923A-3C9EFDF02B88}.AppStore|x86.ActiveCfg = Release|Any CPU
		{449DC319-446E-4D47-923A-3C9EFDF02B88}.Debug|Any CPU.ActiveCfg = Debug|Any CPU
		{449DC319-446E-4D47-923A-3C9EFDF02B88}.Debug|Any CPU.Build.0 = Debug|Any CPU
		{449DC319-446E-4D47-923A-3C9EFDF02B88}.Debug|ARM.ActiveCfg = Debug|Any CPU
		{449DC319-446E-4D47-923A-3C9EFDF02B88}.Debug|iPhone.ActiveCfg = Debug|Any CPU
		{449DC319-446E-4D47-923A-3C9EFDF02B88}.Debug|iPhone.Build.0 = Debug|Any CPU
		{449DC319-446E-4D47-923A-3C9EFDF02B88}.Debug|iPhoneSimulator.ActiveCfg = Debug|Any CPU
		{449DC319-446E-4D47-923A-3C9EFDF02B88}.Debug|iPhoneSimulator.Build.0 = Debug|Any CPU
		{449DC319-446E-4D47-923A-3C9EFDF02B88}.Debug|Mixed Platforms.ActiveCfg = Debug|Any CPU
		{449DC319-446E-4D47-923A-3C9EFDF02B88}.Debug|Mixed Platforms.Build.0 = Debug|Any CPU
		{449DC319-446E-4D47-923A-3C9EFDF02B88}.Debug|x64.ActiveCfg = Debug|Any CPU
		{449DC319-446E-4D47-923A-3C9EFDF02B88}.Debug|x86.ActiveCfg = Debug|Any CPU
		{449DC319-446E-4D47-923A-3C9EFDF02B88}.Release|Any CPU.ActiveCfg = Release|Any CPU
		{449DC319-446E-4D47-923A-3C9EFDF02B88}.Release|Any CPU.Build.0 = Release|Any CPU
		{449DC319-446E-4D47-923A-3C9EFDF02B88}.Release|ARM.ActiveCfg = Release|Any CPU
		{449DC319-446E-4D47-923A-3C9EFDF02B88}.Release|iPhone.ActiveCfg = Release|Any CPU
		{449DC319-446E-4D47-923A-3C9EFDF02B88}.Release|iPhoneSimulator.ActiveCfg = Release|Any CPU
		{449DC319-446E-4D47-923A-3C9EFDF02B88}.Release|Mixed Platforms.ActiveCfg = Release|Any CPU
		{449DC319-446E-4D47-923A-3C9EFDF02B88}.Release|Mixed Platforms.Build.0 = Release|Any CPU
		{449DC319-446E-4D47-923A-3C9EFDF02B88}.Release|x64.ActiveCfg = Release|Any CPU
		{449DC319-446E-4D47-923A-3C9EFDF02B88}.Release|x86.ActiveCfg = Release|Any CPU
		{CEE58A71-49B1-4C9F-B22A-ECD33B6E3A6B}.Ad-Hoc|Any CPU.ActiveCfg = Release|Any CPU
		{CEE58A71-49B1-4C9F-B22A-ECD33B6E3A6B}.Ad-Hoc|Any CPU.Build.0 = Release|Any CPU
		{CEE58A71-49B1-4C9F-B22A-ECD33B6E3A6B}.Ad-Hoc|ARM.ActiveCfg = Release|Any CPU
		{CEE58A71-49B1-4C9F-B22A-ECD33B6E3A6B}.Ad-Hoc|iPhone.ActiveCfg = Release|Any CPU
		{CEE58A71-49B1-4C9F-B22A-ECD33B6E3A6B}.Ad-Hoc|iPhoneSimulator.ActiveCfg = Release|Any CPU
		{CEE58A71-49B1-4C9F-B22A-ECD33B6E3A6B}.Ad-Hoc|Mixed Platforms.ActiveCfg = Release|Any CPU
		{CEE58A71-49B1-4C9F-B22A-ECD33B6E3A6B}.Ad-Hoc|Mixed Platforms.Build.0 = Release|Any CPU
		{CEE58A71-49B1-4C9F-B22A-ECD33B6E3A6B}.Ad-Hoc|x64.ActiveCfg = Debug|Any CPU
		{CEE58A71-49B1-4C9F-B22A-ECD33B6E3A6B}.Ad-Hoc|x86.ActiveCfg = Release|Any CPU
		{CEE58A71-49B1-4C9F-B22A-ECD33B6E3A6B}.AppStore|Any CPU.ActiveCfg = Release|Any CPU
		{CEE58A71-49B1-4C9F-B22A-ECD33B6E3A6B}.AppStore|Any CPU.Build.0 = Release|Any CPU
		{CEE58A71-49B1-4C9F-B22A-ECD33B6E3A6B}.AppStore|ARM.ActiveCfg = Release|Any CPU
		{CEE58A71-49B1-4C9F-B22A-ECD33B6E3A6B}.AppStore|iPhone.ActiveCfg = Release|Any CPU
		{CEE58A71-49B1-4C9F-B22A-ECD33B6E3A6B}.AppStore|iPhoneSimulator.ActiveCfg = Release|Any CPU
		{CEE58A71-49B1-4C9F-B22A-ECD33B6E3A6B}.AppStore|Mixed Platforms.ActiveCfg = Release|Any CPU
		{CEE58A71-49B1-4C9F-B22A-ECD33B6E3A6B}.AppStore|Mixed Platforms.Build.0 = Release|Any CPU
		{CEE58A71-49B1-4C9F-B22A-ECD33B6E3A6B}.AppStore|x64.ActiveCfg = Debug|Any CPU
		{CEE58A71-49B1-4C9F-B22A-ECD33B6E3A6B}.AppStore|x86.ActiveCfg = Release|Any CPU
		{CEE58A71-49B1-4C9F-B22A-ECD33B6E3A6B}.Debug|Any CPU.ActiveCfg = Debug|Any CPU
		{CEE58A71-49B1-4C9F-B22A-ECD33B6E3A6B}.Debug|Any CPU.Build.0 = Debug|Any CPU
		{CEE58A71-49B1-4C9F-B22A-ECD33B6E3A6B}.Debug|ARM.ActiveCfg = Debug|Any CPU
		{CEE58A71-49B1-4C9F-B22A-ECD33B6E3A6B}.Debug|iPhone.ActiveCfg = Debug|Any CPU
		{CEE58A71-49B1-4C9F-B22A-ECD33B6E3A6B}.Debug|iPhone.Build.0 = Debug|Any CPU
		{CEE58A71-49B1-4C9F-B22A-ECD33B6E3A6B}.Debug|iPhoneSimulator.ActiveCfg = Debug|Any CPU
		{CEE58A71-49B1-4C9F-B22A-ECD33B6E3A6B}.Debug|iPhoneSimulator.Build.0 = Debug|Any CPU
		{CEE58A71-49B1-4C9F-B22A-ECD33B6E3A6B}.Debug|Mixed Platforms.ActiveCfg = Debug|Any CPU
		{CEE58A71-49B1-4C9F-B22A-ECD33B6E3A6B}.Debug|Mixed Platforms.Build.0 = Debug|Any CPU
		{CEE58A71-49B1-4C9F-B22A-ECD33B6E3A6B}.Debug|x64.ActiveCfg = Debug|Any CPU
		{CEE58A71-49B1-4C9F-B22A-ECD33B6E3A6B}.Debug|x86.ActiveCfg = Debug|Any CPU
		{CEE58A71-49B1-4C9F-B22A-ECD33B6E3A6B}.Release|Any CPU.ActiveCfg = Release|Any CPU
		{CEE58A71-49B1-4C9F-B22A-ECD33B6E3A6B}.Release|Any CPU.Build.0 = Release|Any CPU
		{CEE58A71-49B1-4C9F-B22A-ECD33B6E3A6B}.Release|ARM.ActiveCfg = Release|Any CPU
		{CEE58A71-49B1-4C9F-B22A-ECD33B6E3A6B}.Release|iPhone.ActiveCfg = Release|Any CPU
		{CEE58A71-49B1-4C9F-B22A-ECD33B6E3A6B}.Release|iPhoneSimulator.ActiveCfg = Release|Any CPU
		{CEE58A71-49B1-4C9F-B22A-ECD33B6E3A6B}.Release|Mixed Platforms.ActiveCfg = Release|Any CPU
		{CEE58A71-49B1-4C9F-B22A-ECD33B6E3A6B}.Release|Mixed Platforms.Build.0 = Release|Any CPU
		{CEE58A71-49B1-4C9F-B22A-ECD33B6E3A6B}.Release|x64.ActiveCfg = Release|Any CPU
		{CEE58A71-49B1-4C9F-B22A-ECD33B6E3A6B}.Release|x86.ActiveCfg = Release|Any CPU
		{BF649817-277F-44C1-AF23-C90D6DAF5901}.Ad-Hoc|Any CPU.ActiveCfg = Release|Any CPU
		{BF649817-277F-44C1-AF23-C90D6DAF5901}.Ad-Hoc|Any CPU.Build.0 = Release|Any CPU
		{BF649817-277F-44C1-AF23-C90D6DAF5901}.Ad-Hoc|ARM.ActiveCfg = Release|Any CPU
		{BF649817-277F-44C1-AF23-C90D6DAF5901}.Ad-Hoc|iPhone.ActiveCfg = Release|Any CPU
		{BF649817-277F-44C1-AF23-C90D6DAF5901}.Ad-Hoc|iPhoneSimulator.ActiveCfg = Release|Any CPU
		{BF649817-277F-44C1-AF23-C90D6DAF5901}.Ad-Hoc|Mixed Platforms.ActiveCfg = Release|Any CPU
		{BF649817-277F-44C1-AF23-C90D6DAF5901}.Ad-Hoc|Mixed Platforms.Build.0 = Release|Any CPU
		{BF649817-277F-44C1-AF23-C90D6DAF5901}.Ad-Hoc|x64.ActiveCfg = Debug|Any CPU
		{BF649817-277F-44C1-AF23-C90D6DAF5901}.Ad-Hoc|x86.ActiveCfg = Release|Any CPU
		{BF649817-277F-44C1-AF23-C90D6DAF5901}.AppStore|Any CPU.ActiveCfg = Release|Any CPU
		{BF649817-277F-44C1-AF23-C90D6DAF5901}.AppStore|Any CPU.Build.0 = Release|Any CPU
		{BF649817-277F-44C1-AF23-C90D6DAF5901}.AppStore|ARM.ActiveCfg = Release|Any CPU
		{BF649817-277F-44C1-AF23-C90D6DAF5901}.AppStore|iPhone.ActiveCfg = Release|Any CPU
		{BF649817-277F-44C1-AF23-C90D6DAF5901}.AppStore|iPhoneSimulator.ActiveCfg = Release|Any CPU
		{BF649817-277F-44C1-AF23-C90D6DAF5901}.AppStore|Mixed Platforms.ActiveCfg = Release|Any CPU
		{BF649817-277F-44C1-AF23-C90D6DAF5901}.AppStore|Mixed Platforms.Build.0 = Release|Any CPU
		{BF649817-277F-44C1-AF23-C90D6DAF5901}.AppStore|x64.ActiveCfg = Debug|Any CPU
		{BF649817-277F-44C1-AF23-C90D6DAF5901}.AppStore|x86.ActiveCfg = Release|Any CPU
		{BF649817-277F-44C1-AF23-C90D6DAF5901}.Debug|Any CPU.ActiveCfg = Debug|Any CPU
		{BF649817-277F-44C1-AF23-C90D6DAF5901}.Debug|Any CPU.Build.0 = Debug|Any CPU
		{BF649817-277F-44C1-AF23-C90D6DAF5901}.Debug|ARM.ActiveCfg = Debug|Any CPU
		{BF649817-277F-44C1-AF23-C90D6DAF5901}.Debug|iPhone.ActiveCfg = Debug|Any CPU
		{BF649817-277F-44C1-AF23-C90D6DAF5901}.Debug|iPhone.Build.0 = Debug|Any CPU
		{BF649817-277F-44C1-AF23-C90D6DAF5901}.Debug|iPhoneSimulator.ActiveCfg = Debug|Any CPU
		{BF649817-277F-44C1-AF23-C90D6DAF5901}.Debug|iPhoneSimulator.Build.0 = Debug|Any CPU
		{BF649817-277F-44C1-AF23-C90D6DAF5901}.Debug|Mixed Platforms.ActiveCfg = Debug|Any CPU
		{BF649817-277F-44C1-AF23-C90D6DAF5901}.Debug|Mixed Platforms.Build.0 = Debug|Any CPU
		{BF649817-277F-44C1-AF23-C90D6DAF5901}.Debug|x64.ActiveCfg = Debug|Any CPU
		{BF649817-277F-44C1-AF23-C90D6DAF5901}.Debug|x86.ActiveCfg = Debug|Any CPU
		{BF649817-277F-44C1-AF23-C90D6DAF5901}.Release|Any CPU.ActiveCfg = Release|Any CPU
		{BF649817-277F-44C1-AF23-C90D6DAF5901}.Release|Any CPU.Build.0 = Release|Any CPU
		{BF649817-277F-44C1-AF23-C90D6DAF5901}.Release|ARM.ActiveCfg = Release|Any CPU
		{BF649817-277F-44C1-AF23-C90D6DAF5901}.Release|iPhone.ActiveCfg = Release|Any CPU
		{BF649817-277F-44C1-AF23-C90D6DAF5901}.Release|iPhoneSimulator.ActiveCfg = Release|Any CPU
		{BF649817-277F-44C1-AF23-C90D6DAF5901}.Release|Mixed Platforms.ActiveCfg = Release|Any CPU
		{BF649817-277F-44C1-AF23-C90D6DAF5901}.Release|Mixed Platforms.Build.0 = Release|Any CPU
		{BF649817-277F-44C1-AF23-C90D6DAF5901}.Release|x64.ActiveCfg = Release|Any CPU
		{BF649817-277F-44C1-AF23-C90D6DAF5901}.Release|x86.ActiveCfg = Release|Any CPU
		{67F9D3A8-F71E-4428-913F-C37AE82CDB24}.Ad-Hoc|Any CPU.ActiveCfg = Release|Any CPU
		{67F9D3A8-F71E-4428-913F-C37AE82CDB24}.Ad-Hoc|Any CPU.Build.0 = Release|Any CPU
		{67F9D3A8-F71E-4428-913F-C37AE82CDB24}.Ad-Hoc|ARM.ActiveCfg = Release|Any CPU
		{67F9D3A8-F71E-4428-913F-C37AE82CDB24}.Ad-Hoc|iPhone.ActiveCfg = Release|Any CPU
		{67F9D3A8-F71E-4428-913F-C37AE82CDB24}.Ad-Hoc|iPhoneSimulator.ActiveCfg = Release|Any CPU
		{67F9D3A8-F71E-4428-913F-C37AE82CDB24}.Ad-Hoc|Mixed Platforms.ActiveCfg = Release|Any CPU
		{67F9D3A8-F71E-4428-913F-C37AE82CDB24}.Ad-Hoc|Mixed Platforms.Build.0 = Release|Any CPU
		{67F9D3A8-F71E-4428-913F-C37AE82CDB24}.Ad-Hoc|x64.ActiveCfg = Debug|Any CPU
		{67F9D3A8-F71E-4428-913F-C37AE82CDB24}.Ad-Hoc|x86.ActiveCfg = Release|Any CPU
		{67F9D3A8-F71E-4428-913F-C37AE82CDB24}.AppStore|Any CPU.ActiveCfg = Release|Any CPU
		{67F9D3A8-F71E-4428-913F-C37AE82CDB24}.AppStore|Any CPU.Build.0 = Release|Any CPU
		{67F9D3A8-F71E-4428-913F-C37AE82CDB24}.AppStore|ARM.ActiveCfg = Release|Any CPU
		{67F9D3A8-F71E-4428-913F-C37AE82CDB24}.AppStore|iPhone.ActiveCfg = Release|Any CPU
		{67F9D3A8-F71E-4428-913F-C37AE82CDB24}.AppStore|iPhoneSimulator.ActiveCfg = Release|Any CPU
		{67F9D3A8-F71E-4428-913F-C37AE82CDB24}.AppStore|Mixed Platforms.ActiveCfg = Release|Any CPU
		{67F9D3A8-F71E-4428-913F-C37AE82CDB24}.AppStore|Mixed Platforms.Build.0 = Release|Any CPU
		{67F9D3A8-F71E-4428-913F-C37AE82CDB24}.AppStore|x64.ActiveCfg = Debug|Any CPU
		{67F9D3A8-F71E-4428-913F-C37AE82CDB24}.AppStore|x86.ActiveCfg = Release|Any CPU
		{67F9D3A8-F71E-4428-913F-C37AE82CDB24}.Debug|Any CPU.ActiveCfg = Debug|Any CPU
		{67F9D3A8-F71E-4428-913F-C37AE82CDB24}.Debug|Any CPU.Build.0 = Debug|Any CPU
		{67F9D3A8-F71E-4428-913F-C37AE82CDB24}.Debug|ARM.ActiveCfg = Debug|Any CPU
		{67F9D3A8-F71E-4428-913F-C37AE82CDB24}.Debug|iPhone.ActiveCfg = Debug|Any CPU
		{67F9D3A8-F71E-4428-913F-C37AE82CDB24}.Debug|iPhone.Build.0 = Debug|Any CPU
		{67F9D3A8-F71E-4428-913F-C37AE82CDB24}.Debug|iPhoneSimulator.ActiveCfg = Debug|Any CPU
		{67F9D3A8-F71E-4428-913F-C37AE82CDB24}.Debug|iPhoneSimulator.Build.0 = Debug|Any CPU
		{67F9D3A8-F71E-4428-913F-C37AE82CDB24}.Debug|Mixed Platforms.ActiveCfg = Debug|Any CPU
		{67F9D3A8-F71E-4428-913F-C37AE82CDB24}.Debug|Mixed Platforms.Build.0 = Debug|Any CPU
		{67F9D3A8-F71E-4428-913F-C37AE82CDB24}.Debug|x64.ActiveCfg = Debug|Any CPU
		{67F9D3A8-F71E-4428-913F-C37AE82CDB24}.Debug|x86.ActiveCfg = Debug|Any CPU
		{67F9D3A8-F71E-4428-913F-C37AE82CDB24}.Release|Any CPU.ActiveCfg = Release|Any CPU
		{67F9D3A8-F71E-4428-913F-C37AE82CDB24}.Release|Any CPU.Build.0 = Release|Any CPU
		{67F9D3A8-F71E-4428-913F-C37AE82CDB24}.Release|ARM.ActiveCfg = Release|Any CPU
		{67F9D3A8-F71E-4428-913F-C37AE82CDB24}.Release|iPhone.ActiveCfg = Release|Any CPU
		{67F9D3A8-F71E-4428-913F-C37AE82CDB24}.Release|iPhoneSimulator.ActiveCfg = Release|Any CPU
		{67F9D3A8-F71E-4428-913F-C37AE82CDB24}.Release|Mixed Platforms.ActiveCfg = Release|Any CPU
		{67F9D3A8-F71E-4428-913F-C37AE82CDB24}.Release|Mixed Platforms.Build.0 = Release|Any CPU
		{67F9D3A8-F71E-4428-913F-C37AE82CDB24}.Release|x64.ActiveCfg = Release|Any CPU
		{67F9D3A8-F71E-4428-913F-C37AE82CDB24}.Release|x86.ActiveCfg = Release|Any CPU
	EndGlobalSection
	GlobalSection(SolutionProperties) = preSolution
		HideSolutionNode = FALSE
	EndGlobalSection
	GlobalSection(NestedProjects) = preSolution
		{EA36C7D4-C89E-4242-BD39-8E485F408086} = {6226BDFB-2DCF-4DD6-9187-4E6F3940BDA0}
		{E2682110-BB54-48D8-9E8C-20BC29488BBE} = {6226BDFB-2DCF-4DD6-9187-4E6F3940BDA0}
		{B3D7C301-2DF7-4C16-9F49-7DDA8689556E} = {6226BDFB-2DCF-4DD6-9187-4E6F3940BDA0}
		{568D9A09-151C-49B3-BEE5-71529FC6869D} = {6226BDFB-2DCF-4DD6-9187-4E6F3940BDA0}
		{DA91F91F-3A71-4C7D-9FD5-4F0DC6E3DC86} = {6226BDFB-2DCF-4DD6-9187-4E6F3940BDA0}
		{07465752-9C33-46CB-B0C9-F7DED7FA7FFC} = {80059A62-CE8B-4807-BFFF-562F304B18D1}
		{F8595FD7-8406-4CC9-A6F8-FADE87D94F7A} = {80059A62-CE8B-4807-BFFF-562F304B18D1}
		{6892D5F9-CA66-498E-9830-EEC08D8A5BC5} = {80059A62-CE8B-4807-BFFF-562F304B18D1}
		{7D80292E-39F0-4C30-BE7C-3BC22E2623A7} = {80059A62-CE8B-4807-BFFF-562F304B18D1}
		{078B5CB8-2435-4B0A-96BE-C164CFDC9278} = {A4F7149C-ACC7-4C8C-836D-621EA5E078F8}
		{9B2FFC91-9B11-460E-99CF-BCCCDE19925B} = {A4F7149C-ACC7-4C8C-836D-621EA5E078F8}
		{902AE33A-F823-4FC8-A7B3-74B529D25757} = {A4F7149C-ACC7-4C8C-836D-621EA5E078F8}
		{1EF4C889-A64B-49A7-A393-B37B6E371DFB} = {078B5CB8-2435-4B0A-96BE-C164CFDC9278}
		{E908CD00-22C8-4F7B-BA99-8DDF32C5F656} = {6226BDFB-2DCF-4DD6-9187-4E6F3940BDA0}
		{449DC319-446E-4D47-923A-3C9EFDF02B88} = {6226BDFB-2DCF-4DD6-9187-4E6F3940BDA0}
		{CEE58A71-49B1-4C9F-B22A-ECD33B6E3A6B} = {6226BDFB-2DCF-4DD6-9187-4E6F3940BDA0}
		{BF649817-277F-44C1-AF23-C90D6DAF5901} = {6226BDFB-2DCF-4DD6-9187-4E6F3940BDA0}
		{80059A62-CE8B-4807-BFFF-562F304B18D1} = {AACD62D6-334A-4D68-9B9E-8A9CBA477B7E}
		{8E655987-8940-4D7E-A886-42BE70E1F1D6} = {A4F7149C-ACC7-4C8C-836D-621EA5E078F8}
		{67F9D3A8-F71E-4428-913F-C37AE82CDB24} = {8E655987-8940-4D7E-A886-42BE70E1F1D6}
	EndGlobalSection
EndGlobal
