
Microsoft Visual Studio Solution File, Format Version 12.00
# Visual Studio 15
VisualStudioVersion = 15.0.26127.3
MinimumVisualStudioVersion = 10.0.40219.1
Project("{2150E333-8FDC-42A3-9474-1A3956D46DE8}") = "Portable", "Portable", "{6226BDFB-2DCF-4DD6-9187-4E6F3940BDA0}"
EndProject
Project("{2150E333-8FDC-42A3-9474-1A3956D46DE8}") = ".nuget", ".nuget", "{7196AFEB-6432-40F1-83B4-18C2BE1F56E1}"
	ProjectSection(SolutionItems) = preProject
		.nuget\NuGet.Config = .nuget\NuGet.Config
		.nuget\NuGet.exe = .nuget\NuGet.exe
		.nuget\NuGet.targets = .nuget\NuGet.targets
	EndProjectSection
EndProject
Project("{2150E333-8FDC-42A3-9474-1A3956D46DE8}") = "Samples", "Samples", "{AACD62D6-334A-4D68-9B9E-8A9CBA477B7E}"
EndProject
Project("{2150E333-8FDC-42A3-9474-1A3956D46DE8}") = "Mobile", "Mobile", "{80059A62-CE8B-4807-BFFF-562F304B18D1}"
EndProject
Project("{FAE04EC0-301F-11D3-BF4B-00C04F79EFBC}") = "XamlingCore.Samples", "XamlingCore.Samples\XamlingCore.Samples\XamlingCore.Samples.csproj", "{07465752-9C33-46CB-B0C9-F7DED7FA7FFC}"
EndProject
Project("{FAE04EC0-301F-11D3-BF4B-00C04F79EFBC}") = "XamlingCore.Samples.iOS", "XamlingCore.Samples\XamlingCore.Samples.iOS\XamlingCore.Samples.iOS.csproj", "{F8595FD7-8406-4CC9-A6F8-FADE87D94F7A}"
EndProject
Project("{2150E333-8FDC-42A3-9474-1A3956D46DE8}") = "Windows", "Windows", "{62B89798-8693-4C44-B04A-E073AF053254}"
EndProject
Project("{2150E333-8FDC-42A3-9474-1A3956D46DE8}") = "Platform", "Platform", "{A4F7149C-ACC7-4C8C-836D-621EA5E078F8}"
EndProject
Project("{2150E333-8FDC-42A3-9474-1A3956D46DE8}") = "iOS", "iOS", "{078B5CB8-2435-4B0A-96BE-C164CFDC9278}"
EndProject
Project("{FAE04EC0-301F-11D3-BF4B-00C04F79EFBC}") = "XamlingCore.iOS.Unified", "XankungCore.iOS.Unified\XamlingCore.iOS.Unified.csproj", "{59A9B568-3793-434F-97B0-B627D3BF4C9B}"
EndProject
Project("{2150E333-8FDC-42A3-9474-1A3956D46DE8}") = "Droid", "Droid", "{9B2FFC91-9B11-460E-99CF-BCCCDE19925B}"
EndProject
Project("{FAE04EC0-301F-11D3-BF4B-00C04F79EFBC}") = "XamlingCore.Droid", "XamlingCore.Droid\XamlingCore.Droid.csproj", "{B242680A-DFE0-4CFB-83B2-EA14ACE94B60}"
EndProject
Project("{2150E333-8FDC-42A3-9474-1A3956D46DE8}") = "XamarinThings", "XamarinThings", "{8E655987-8940-4D7E-A886-42BE70E1F1D6}"
EndProject
Project("{FAE04EC0-301F-11D3-BF4B-00C04F79EFBC}") = "XamlingCore.XamarinThings", "XamlingCore.Xamarin\XamlingCore.XamarinThings.csproj", "{67F9D3A8-F71E-4428-913F-C37AE82CDB24}"
EndProject
Project("{2150E333-8FDC-42A3-9474-1A3956D46DE8}") = "Shared", "Shared", "{0EE5D693-D1FD-47C4-8A21-9781B532137F}"
EndProject
Project("{D954291E-2A0B-460D-934E-DC6B0785DB48}") = "XamlingCore.Platform.Shared", "XamlingCore.Platform.Shared\XamlingCore.Platform.Shared.shproj", "{29BC5772-7E79-455A-BEF5-F4A5BFB8198C}"
EndProject
Project("{2150E333-8FDC-42A3-9474-1A3956D46DE8}") = "Windows", "Windows", "{9D0E3704-AD5E-4573-AA9D-6C691332F09C}"
EndProject
Project("{2150E333-8FDC-42A3-9474-1A3956D46DE8}") = "NET", "NET", "{09872E0E-9383-4BA9-A250-A9A75E8C54CD}"
EndProject
Project("{FAE04EC0-301F-11D3-BF4B-00C04F79EFBC}") = "XamlingCore.NET", "XamlingCore.NET\XamlingCore.NET.csproj", "{8ED64A93-8E7E-4392-BC9A-108C29A364F2}"
EndProject
Project("{2150E333-8FDC-42A3-9474-1A3956D46DE8}") = "Tests", "Tests", "{DAF32F58-D8FF-4BBB-8262-56C058ABB349}"
EndProject
Project("{FAE04EC0-301F-11D3-BF4B-00C04F79EFBC}") = "XamlingCore.Tests.iOS.Unified", "XamlingCore.Tests.iOS.Unified\XamlingCore.Tests.iOS.Unified.csproj", "{E476C77A-63F8-4227-8577-DC83ECA64385}"
EndProject
Project("{FAE04EC0-301F-11D3-BF4B-00C04F79EFBC}") = "XamlingCore.Samples.Droid", "XamlingCore.Samples.Droid\XamlingCore.Samples.Droid.csproj", "{410C000C-D3A6-432D-96A1-70AE63F1DEFE}"
EndProject
Project("{FAE04EC0-301F-11D3-BF4B-00C04F79EFBC}") = "XamlingCore.Tests.Android", "XamlingCore.Tests.Android\XamlingCore.Tests.Android.csproj", "{75C18A96-7E26-4003-9971-04B4B4DD7E22}"
EndProject
Project("{FAE04EC0-301F-11D3-BF4B-00C04F79EFBC}") = "XamlingCore.Tests.NET", "XamlingCore.Tests.NET\XamlingCore.Tests.NET.csproj", "{D3973DC8-8003-4B07-8F9C-324A74DD9A2E}"
EndProject
Project("{FAE04EC0-301F-11D3-BF4B-00C04F79EFBC}") = "XamlingCore.Portable", "XamlingCore.Portable\XamlingCore.Portable.csproj", "{CB7E7377-7F48-40E0-AAFE-A936743DA902}"
EndProject
Project("{2150E333-8FDC-42A3-9474-1A3956D46DE8}") = "UWP", "UWP", "{604A66BD-4CD9-4EFC-8CB4-B181480848F7}"
EndProject
Project("{FAE04EC0-301F-11D3-BF4B-00C04F79EFBC}") = "XamlingCore.Samples.UWP.Native", "XamlingCore.Samples.UWP.Native\XamlingCore.Samples.UWP.Native.csproj", "{FA9680D8-A0BA-41AD-BC15-2225AC897DA1}"
EndProject
Project("{FAE04EC0-301F-11D3-BF4B-00C04F79EFBC}") = "XamlingCore.UWP", "XamlingCore.UWP\XamlingCore.UWP.csproj", "{5BF29A01-DF0E-403F-9ED6-E3DEBDF9D561}"
EndProject
Global
	GlobalSection(SharedMSBuildProjectFiles) = preSolution
		XamlingCore.Platform.Shared\XamlingCore.Platform.Shared.projitems*{29bc5772-7e79-455a-bef5-f4a5bfb8198c}*SharedItemsImports = 13
	EndGlobalSection
	GlobalSection(SolutionConfigurationPlatforms) = preSolution
		Ad-Hoc|All package build = Ad-Hoc|All package build
		Ad-Hoc|Any CPU = Ad-Hoc|Any CPU
		Ad-Hoc|ARM = Ad-Hoc|ARM
		Ad-Hoc|iPhone = Ad-Hoc|iPhone
		Ad-Hoc|iPhoneSimulator = Ad-Hoc|iPhoneSimulator
		Ad-Hoc|Mixed Platforms = Ad-Hoc|Mixed Platforms
		Ad-Hoc|x64 = Ad-Hoc|x64
		Ad-Hoc|x86 = Ad-Hoc|x86
		AppStore|All package build = AppStore|All package build
		AppStore|Any CPU = AppStore|Any CPU
		AppStore|ARM = AppStore|ARM
		AppStore|iPhone = AppStore|iPhone
		AppStore|iPhoneSimulator = AppStore|iPhoneSimulator
		AppStore|Mixed Platforms = AppStore|Mixed Platforms
		AppStore|x64 = AppStore|x64
		AppStore|x86 = AppStore|x86
		Debug|All package build = Debug|All package build
		Debug|Any CPU = Debug|Any CPU
		Debug|ARM = Debug|ARM
		Debug|iPhone = Debug|iPhone
		Debug|iPhoneSimulator = Debug|iPhoneSimulator
		Debug|Mixed Platforms = Debug|Mixed Platforms
		Debug|x64 = Debug|x64
		Debug|x86 = Debug|x86
		Release|All package build = Release|All package build
		Release|Any CPU = Release|Any CPU
		Release|ARM = Release|ARM
		Release|iPhone = Release|iPhone
		Release|iPhoneSimulator = Release|iPhoneSimulator
		Release|Mixed Platforms = Release|Mixed Platforms
		Release|x64 = Release|x64
		Release|x86 = Release|x86
	EndGlobalSection
	GlobalSection(ProjectConfigurationPlatforms) = postSolution
		{07465752-9C33-46CB-B0C9-F7DED7FA7FFC}.Ad-Hoc|All package build.ActiveCfg = Release|Any CPU
		{07465752-9C33-46CB-B0C9-F7DED7FA7FFC}.Ad-Hoc|Any CPU.ActiveCfg = Release|Any CPU
		{07465752-9C33-46CB-B0C9-F7DED7FA7FFC}.Ad-Hoc|Any CPU.Build.0 = Release|Any CPU
		{07465752-9C33-46CB-B0C9-F7DED7FA7FFC}.Ad-Hoc|ARM.ActiveCfg = Release|Any CPU
		{07465752-9C33-46CB-B0C9-F7DED7FA7FFC}.Ad-Hoc|iPhone.ActiveCfg = Release|Any CPU
		{07465752-9C33-46CB-B0C9-F7DED7FA7FFC}.Ad-Hoc|iPhoneSimulator.ActiveCfg = Release|Any CPU
		{07465752-9C33-46CB-B0C9-F7DED7FA7FFC}.Ad-Hoc|Mixed Platforms.ActiveCfg = Release|Any CPU
		{07465752-9C33-46CB-B0C9-F7DED7FA7FFC}.Ad-Hoc|Mixed Platforms.Build.0 = Release|Any CPU
		{07465752-9C33-46CB-B0C9-F7DED7FA7FFC}.Ad-Hoc|x64.ActiveCfg = Debug|Any CPU
		{07465752-9C33-46CB-B0C9-F7DED7FA7FFC}.Ad-Hoc|x86.ActiveCfg = Release|Any CPU
		{07465752-9C33-46CB-B0C9-F7DED7FA7FFC}.AppStore|All package build.ActiveCfg = Release|Any CPU
		{07465752-9C33-46CB-B0C9-F7DED7FA7FFC}.AppStore|Any CPU.ActiveCfg = Release|Any CPU
		{07465752-9C33-46CB-B0C9-F7DED7FA7FFC}.AppStore|Any CPU.Build.0 = Release|Any CPU
		{07465752-9C33-46CB-B0C9-F7DED7FA7FFC}.AppStore|ARM.ActiveCfg = Release|Any CPU
		{07465752-9C33-46CB-B0C9-F7DED7FA7FFC}.AppStore|iPhone.ActiveCfg = Release|Any CPU
		{07465752-9C33-46CB-B0C9-F7DED7FA7FFC}.AppStore|iPhoneSimulator.ActiveCfg = Release|Any CPU
		{07465752-9C33-46CB-B0C9-F7DED7FA7FFC}.AppStore|Mixed Platforms.ActiveCfg = Release|Any CPU
		{07465752-9C33-46CB-B0C9-F7DED7FA7FFC}.AppStore|Mixed Platforms.Build.0 = Release|Any CPU
		{07465752-9C33-46CB-B0C9-F7DED7FA7FFC}.AppStore|x64.ActiveCfg = Debug|Any CPU
		{07465752-9C33-46CB-B0C9-F7DED7FA7FFC}.AppStore|x86.ActiveCfg = Release|Any CPU
		{07465752-9C33-46CB-B0C9-F7DED7FA7FFC}.Debug|All package build.ActiveCfg = Debug|Any CPU
		{07465752-9C33-46CB-B0C9-F7DED7FA7FFC}.Debug|Any CPU.ActiveCfg = Debug|Any CPU
		{07465752-9C33-46CB-B0C9-F7DED7FA7FFC}.Debug|Any CPU.Build.0 = Debug|Any CPU
		{07465752-9C33-46CB-B0C9-F7DED7FA7FFC}.Debug|ARM.ActiveCfg = Debug|Any CPU
		{07465752-9C33-46CB-B0C9-F7DED7FA7FFC}.Debug|iPhone.ActiveCfg = Debug|Any CPU
		{07465752-9C33-46CB-B0C9-F7DED7FA7FFC}.Debug|iPhone.Build.0 = Debug|Any CPU
		{07465752-9C33-46CB-B0C9-F7DED7FA7FFC}.Debug|iPhoneSimulator.ActiveCfg = Debug|Any CPU
		{07465752-9C33-46CB-B0C9-F7DED7FA7FFC}.Debug|iPhoneSimulator.Build.0 = Debug|Any CPU
		{07465752-9C33-46CB-B0C9-F7DED7FA7FFC}.Debug|Mixed Platforms.ActiveCfg = Debug|Any CPU
		{07465752-9C33-46CB-B0C9-F7DED7FA7FFC}.Debug|Mixed Platforms.Build.0 = Debug|Any CPU
		{07465752-9C33-46CB-B0C9-F7DED7FA7FFC}.Debug|x64.ActiveCfg = Debug|Any CPU
		{07465752-9C33-46CB-B0C9-F7DED7FA7FFC}.Debug|x86.ActiveCfg = Debug|Any CPU
		{07465752-9C33-46CB-B0C9-F7DED7FA7FFC}.Debug|x86.Build.0 = Debug|Any CPU
		{07465752-9C33-46CB-B0C9-F7DED7FA7FFC}.Release|All package build.ActiveCfg = Release|Any CPU
		{07465752-9C33-46CB-B0C9-F7DED7FA7FFC}.Release|Any CPU.ActiveCfg = Release|Any CPU
		{07465752-9C33-46CB-B0C9-F7DED7FA7FFC}.Release|Any CPU.Build.0 = Release|Any CPU
		{07465752-9C33-46CB-B0C9-F7DED7FA7FFC}.Release|ARM.ActiveCfg = Release|Any CPU
		{07465752-9C33-46CB-B0C9-F7DED7FA7FFC}.Release|iPhone.ActiveCfg = Release|Any CPU
		{07465752-9C33-46CB-B0C9-F7DED7FA7FFC}.Release|iPhoneSimulator.ActiveCfg = Release|Any CPU
		{07465752-9C33-46CB-B0C9-F7DED7FA7FFC}.Release|iPhoneSimulator.Build.0 = Release|Any CPU
		{07465752-9C33-46CB-B0C9-F7DED7FA7FFC}.Release|Mixed Platforms.ActiveCfg = Release|Any CPU
		{07465752-9C33-46CB-B0C9-F7DED7FA7FFC}.Release|Mixed Platforms.Build.0 = Release|Any CPU
		{07465752-9C33-46CB-B0C9-F7DED7FA7FFC}.Release|x64.ActiveCfg = Release|Any CPU
		{07465752-9C33-46CB-B0C9-F7DED7FA7FFC}.Release|x86.ActiveCfg = Release|Any CPU
		{F8595FD7-8406-4CC9-A6F8-FADE87D94F7A}.Ad-Hoc|All package build.ActiveCfg = Ad-Hoc|iPhone
		{F8595FD7-8406-4CC9-A6F8-FADE87D94F7A}.Ad-Hoc|All package build.Build.0 = Ad-Hoc|iPhone
		{F8595FD7-8406-4CC9-A6F8-FADE87D94F7A}.Ad-Hoc|All package build.Deploy.0 = Ad-Hoc|iPhone
		{F8595FD7-8406-4CC9-A6F8-FADE87D94F7A}.Ad-Hoc|Any CPU.ActiveCfg = Ad-Hoc|iPhone
		{F8595FD7-8406-4CC9-A6F8-FADE87D94F7A}.Ad-Hoc|ARM.ActiveCfg = Ad-Hoc|iPhone
		{F8595FD7-8406-4CC9-A6F8-FADE87D94F7A}.Ad-Hoc|iPhone.ActiveCfg = Ad-Hoc|iPhone
		{F8595FD7-8406-4CC9-A6F8-FADE87D94F7A}.Ad-Hoc|iPhone.Build.0 = Ad-Hoc|iPhone
		{F8595FD7-8406-4CC9-A6F8-FADE87D94F7A}.Ad-Hoc|iPhone.Deploy.0 = Ad-Hoc|iPhone
		{F8595FD7-8406-4CC9-A6F8-FADE87D94F7A}.Ad-Hoc|iPhoneSimulator.ActiveCfg = Ad-Hoc|iPhoneSimulator
		{F8595FD7-8406-4CC9-A6F8-FADE87D94F7A}.Ad-Hoc|iPhoneSimulator.Build.0 = Ad-Hoc|iPhoneSimulator
		{F8595FD7-8406-4CC9-A6F8-FADE87D94F7A}.Ad-Hoc|iPhoneSimulator.Deploy.0 = Ad-Hoc|iPhoneSimulator
		{F8595FD7-8406-4CC9-A6F8-FADE87D94F7A}.Ad-Hoc|Mixed Platforms.ActiveCfg = Ad-Hoc|iPhone
		{F8595FD7-8406-4CC9-A6F8-FADE87D94F7A}.Ad-Hoc|Mixed Platforms.Build.0 = Ad-Hoc|iPhone
		{F8595FD7-8406-4CC9-A6F8-FADE87D94F7A}.Ad-Hoc|Mixed Platforms.Deploy.0 = Ad-Hoc|iPhone
		{F8595FD7-8406-4CC9-A6F8-FADE87D94F7A}.Ad-Hoc|x64.ActiveCfg = Ad-Hoc|iPhoneSimulator
		{F8595FD7-8406-4CC9-A6F8-FADE87D94F7A}.Ad-Hoc|x86.ActiveCfg = Ad-Hoc|iPhone
		{F8595FD7-8406-4CC9-A6F8-FADE87D94F7A}.AppStore|All package build.ActiveCfg = AppStore|iPhone
		{F8595FD7-8406-4CC9-A6F8-FADE87D94F7A}.AppStore|All package build.Build.0 = AppStore|iPhone
		{F8595FD7-8406-4CC9-A6F8-FADE87D94F7A}.AppStore|All package build.Deploy.0 = AppStore|iPhone
		{F8595FD7-8406-4CC9-A6F8-FADE87D94F7A}.AppStore|Any CPU.ActiveCfg = AppStore|iPhone
		{F8595FD7-8406-4CC9-A6F8-FADE87D94F7A}.AppStore|ARM.ActiveCfg = AppStore|iPhone
		{F8595FD7-8406-4CC9-A6F8-FADE87D94F7A}.AppStore|iPhone.ActiveCfg = AppStore|iPhone
		{F8595FD7-8406-4CC9-A6F8-FADE87D94F7A}.AppStore|iPhone.Build.0 = AppStore|iPhone
		{F8595FD7-8406-4CC9-A6F8-FADE87D94F7A}.AppStore|iPhone.Deploy.0 = AppStore|iPhone
		{F8595FD7-8406-4CC9-A6F8-FADE87D94F7A}.AppStore|iPhoneSimulator.ActiveCfg = AppStore|iPhoneSimulator
		{F8595FD7-8406-4CC9-A6F8-FADE87D94F7A}.AppStore|iPhoneSimulator.Build.0 = AppStore|iPhoneSimulator
		{F8595FD7-8406-4CC9-A6F8-FADE87D94F7A}.AppStore|iPhoneSimulator.Deploy.0 = AppStore|iPhoneSimulator
		{F8595FD7-8406-4CC9-A6F8-FADE87D94F7A}.AppStore|Mixed Platforms.ActiveCfg = AppStore|iPhone
		{F8595FD7-8406-4CC9-A6F8-FADE87D94F7A}.AppStore|Mixed Platforms.Build.0 = AppStore|iPhone
		{F8595FD7-8406-4CC9-A6F8-FADE87D94F7A}.AppStore|Mixed Platforms.Deploy.0 = AppStore|iPhone
		{F8595FD7-8406-4CC9-A6F8-FADE87D94F7A}.AppStore|x64.ActiveCfg = AppStore|iPhoneSimulator
		{F8595FD7-8406-4CC9-A6F8-FADE87D94F7A}.AppStore|x86.ActiveCfg = AppStore|iPhone
		{F8595FD7-8406-4CC9-A6F8-FADE87D94F7A}.Debug|All package build.ActiveCfg = Debug|iPhone
		{F8595FD7-8406-4CC9-A6F8-FADE87D94F7A}.Debug|All package build.Deploy.0 = Debug|iPhone
		{F8595FD7-8406-4CC9-A6F8-FADE87D94F7A}.Debug|Any CPU.ActiveCfg = Debug|iPhone
		{F8595FD7-8406-4CC9-A6F8-FADE87D94F7A}.Debug|ARM.ActiveCfg = Debug|iPhone
		{F8595FD7-8406-4CC9-A6F8-FADE87D94F7A}.Debug|iPhone.ActiveCfg = Debug|iPhone
		{F8595FD7-8406-4CC9-A6F8-FADE87D94F7A}.Debug|iPhone.Build.0 = Debug|iPhone
		{F8595FD7-8406-4CC9-A6F8-FADE87D94F7A}.Debug|iPhone.Deploy.0 = Debug|iPhone
		{F8595FD7-8406-4CC9-A6F8-FADE87D94F7A}.Debug|iPhoneSimulator.ActiveCfg = Debug|iPhoneSimulator
		{F8595FD7-8406-4CC9-A6F8-FADE87D94F7A}.Debug|iPhoneSimulator.Build.0 = Debug|iPhoneSimulator
		{F8595FD7-8406-4CC9-A6F8-FADE87D94F7A}.Debug|iPhoneSimulator.Deploy.0 = Debug|iPhoneSimulator
		{F8595FD7-8406-4CC9-A6F8-FADE87D94F7A}.Debug|Mixed Platforms.ActiveCfg = Debug|iPhone
		{F8595FD7-8406-4CC9-A6F8-FADE87D94F7A}.Debug|Mixed Platforms.Build.0 = Debug|iPhone
		{F8595FD7-8406-4CC9-A6F8-FADE87D94F7A}.Debug|Mixed Platforms.Deploy.0 = Debug|iPhone
		{F8595FD7-8406-4CC9-A6F8-FADE87D94F7A}.Debug|x64.ActiveCfg = Debug|iPhoneSimulator
		{F8595FD7-8406-4CC9-A6F8-FADE87D94F7A}.Debug|x86.ActiveCfg = Debug|iPhone
		{F8595FD7-8406-4CC9-A6F8-FADE87D94F7A}.Release|All package build.ActiveCfg = Release|iPhone
		{F8595FD7-8406-4CC9-A6F8-FADE87D94F7A}.Release|All package build.Deploy.0 = Release|iPhone
		{F8595FD7-8406-4CC9-A6F8-FADE87D94F7A}.Release|Any CPU.ActiveCfg = Release|iPhone
		{F8595FD7-8406-4CC9-A6F8-FADE87D94F7A}.Release|ARM.ActiveCfg = Release|iPhone
		{F8595FD7-8406-4CC9-A6F8-FADE87D94F7A}.Release|iPhone.ActiveCfg = Release|iPhone
		{F8595FD7-8406-4CC9-A6F8-FADE87D94F7A}.Release|iPhone.Build.0 = Release|iPhone
		{F8595FD7-8406-4CC9-A6F8-FADE87D94F7A}.Release|iPhone.Deploy.0 = Release|iPhone
		{F8595FD7-8406-4CC9-A6F8-FADE87D94F7A}.Release|iPhoneSimulator.ActiveCfg = Release|iPhoneSimulator
		{F8595FD7-8406-4CC9-A6F8-FADE87D94F7A}.Release|iPhoneSimulator.Build.0 = Release|iPhoneSimulator
		{F8595FD7-8406-4CC9-A6F8-FADE87D94F7A}.Release|iPhoneSimulator.Deploy.0 = Release|iPhoneSimulator
		{F8595FD7-8406-4CC9-A6F8-FADE87D94F7A}.Release|Mixed Platforms.ActiveCfg = Release|iPhone
		{F8595FD7-8406-4CC9-A6F8-FADE87D94F7A}.Release|Mixed Platforms.Build.0 = Release|iPhone
		{F8595FD7-8406-4CC9-A6F8-FADE87D94F7A}.Release|Mixed Platforms.Deploy.0 = Release|iPhone
		{F8595FD7-8406-4CC9-A6F8-FADE87D94F7A}.Release|x64.ActiveCfg = Release|iPhoneSimulator
		{F8595FD7-8406-4CC9-A6F8-FADE87D94F7A}.Release|x86.ActiveCfg = Release|iPhone
		{59A9B568-3793-434F-97B0-B627D3BF4C9B}.Ad-Hoc|All package build.ActiveCfg = Release|Any CPU
		{59A9B568-3793-434F-97B0-B627D3BF4C9B}.Ad-Hoc|Any CPU.ActiveCfg = Release|Any CPU
		{59A9B568-3793-434F-97B0-B627D3BF4C9B}.Ad-Hoc|Any CPU.Build.0 = Release|Any CPU
		{59A9B568-3793-434F-97B0-B627D3BF4C9B}.Ad-Hoc|ARM.ActiveCfg = Release|Any CPU
		{59A9B568-3793-434F-97B0-B627D3BF4C9B}.Ad-Hoc|iPhone.ActiveCfg = Release|Any CPU
		{59A9B568-3793-434F-97B0-B627D3BF4C9B}.Ad-Hoc|iPhoneSimulator.ActiveCfg = Release|Any CPU
		{59A9B568-3793-434F-97B0-B627D3BF4C9B}.Ad-Hoc|Mixed Platforms.ActiveCfg = Release|Any CPU
		{59A9B568-3793-434F-97B0-B627D3BF4C9B}.Ad-Hoc|Mixed Platforms.Build.0 = Release|Any CPU
		{59A9B568-3793-434F-97B0-B627D3BF4C9B}.Ad-Hoc|x64.ActiveCfg = Release|Any CPU
		{59A9B568-3793-434F-97B0-B627D3BF4C9B}.Ad-Hoc|x86.ActiveCfg = Release|Any CPU
		{59A9B568-3793-434F-97B0-B627D3BF4C9B}.AppStore|All package build.ActiveCfg = Release|Any CPU
		{59A9B568-3793-434F-97B0-B627D3BF4C9B}.AppStore|Any CPU.ActiveCfg = Release|Any CPU
		{59A9B568-3793-434F-97B0-B627D3BF4C9B}.AppStore|Any CPU.Build.0 = Release|Any CPU
		{59A9B568-3793-434F-97B0-B627D3BF4C9B}.AppStore|ARM.ActiveCfg = Release|Any CPU
		{59A9B568-3793-434F-97B0-B627D3BF4C9B}.AppStore|iPhone.ActiveCfg = Release|Any CPU
		{59A9B568-3793-434F-97B0-B627D3BF4C9B}.AppStore|iPhoneSimulator.ActiveCfg = Release|Any CPU
		{59A9B568-3793-434F-97B0-B627D3BF4C9B}.AppStore|Mixed Platforms.ActiveCfg = Release|Any CPU
		{59A9B568-3793-434F-97B0-B627D3BF4C9B}.AppStore|Mixed Platforms.Build.0 = Release|Any CPU
		{59A9B568-3793-434F-97B0-B627D3BF4C9B}.AppStore|x64.ActiveCfg = Release|Any CPU
		{59A9B568-3793-434F-97B0-B627D3BF4C9B}.AppStore|x86.ActiveCfg = Release|Any CPU
		{59A9B568-3793-434F-97B0-B627D3BF4C9B}.Debug|All package build.ActiveCfg = Debug|Any CPU
		{59A9B568-3793-434F-97B0-B627D3BF4C9B}.Debug|All package build.Build.0 = Debug|Any CPU
		{59A9B568-3793-434F-97B0-B627D3BF4C9B}.Debug|Any CPU.ActiveCfg = Debug|Any CPU
		{59A9B568-3793-434F-97B0-B627D3BF4C9B}.Debug|Any CPU.Build.0 = Debug|Any CPU
		{59A9B568-3793-434F-97B0-B627D3BF4C9B}.Debug|ARM.ActiveCfg = Debug|Any CPU
		{59A9B568-3793-434F-97B0-B627D3BF4C9B}.Debug|iPhone.ActiveCfg = Debug|Any CPU
		{59A9B568-3793-434F-97B0-B627D3BF4C9B}.Debug|iPhone.Build.0 = Debug|Any CPU
		{59A9B568-3793-434F-97B0-B627D3BF4C9B}.Debug|iPhoneSimulator.ActiveCfg = Debug|Any CPU
		{59A9B568-3793-434F-97B0-B627D3BF4C9B}.Debug|iPhoneSimulator.Build.0 = Debug|Any CPU
		{59A9B568-3793-434F-97B0-B627D3BF4C9B}.Debug|Mixed Platforms.ActiveCfg = Debug|Any CPU
		{59A9B568-3793-434F-97B0-B627D3BF4C9B}.Debug|Mixed Platforms.Build.0 = Debug|Any CPU
		{59A9B568-3793-434F-97B0-B627D3BF4C9B}.Debug|x64.ActiveCfg = Debug|Any CPU
		{59A9B568-3793-434F-97B0-B627D3BF4C9B}.Debug|x86.ActiveCfg = Debug|Any CPU
		{59A9B568-3793-434F-97B0-B627D3BF4C9B}.Release|All package build.ActiveCfg = Release|Any CPU
		{59A9B568-3793-434F-97B0-B627D3BF4C9B}.Release|All package build.Build.0 = Release|Any CPU
		{59A9B568-3793-434F-97B0-B627D3BF4C9B}.Release|Any CPU.ActiveCfg = Release|Any CPU
		{59A9B568-3793-434F-97B0-B627D3BF4C9B}.Release|Any CPU.Build.0 = Release|Any CPU
		{59A9B568-3793-434F-97B0-B627D3BF4C9B}.Release|ARM.ActiveCfg = Release|Any CPU
		{59A9B568-3793-434F-97B0-B627D3BF4C9B}.Release|iPhone.ActiveCfg = Release|Any CPU
		{59A9B568-3793-434F-97B0-B627D3BF4C9B}.Release|iPhoneSimulator.ActiveCfg = Release|Any CPU
		{59A9B568-3793-434F-97B0-B627D3BF4C9B}.Release|Mixed Platforms.ActiveCfg = Release|Any CPU
		{59A9B568-3793-434F-97B0-B627D3BF4C9B}.Release|Mixed Platforms.Build.0 = Release|Any CPU
		{59A9B568-3793-434F-97B0-B627D3BF4C9B}.Release|x64.ActiveCfg = Release|Any CPU
		{59A9B568-3793-434F-97B0-B627D3BF4C9B}.Release|x86.ActiveCfg = Release|Any CPU
		{B242680A-DFE0-4CFB-83B2-EA14ACE94B60}.Ad-Hoc|All package build.ActiveCfg = Release|Any CPU
		{B242680A-DFE0-4CFB-83B2-EA14ACE94B60}.Ad-Hoc|All package build.Build.0 = Release|Any CPU
		{B242680A-DFE0-4CFB-83B2-EA14ACE94B60}.Ad-Hoc|Any CPU.ActiveCfg = Release|Any CPU
		{B242680A-DFE0-4CFB-83B2-EA14ACE94B60}.Ad-Hoc|Any CPU.Build.0 = Release|Any CPU
		{B242680A-DFE0-4CFB-83B2-EA14ACE94B60}.Ad-Hoc|ARM.ActiveCfg = Release|Any CPU
		{B242680A-DFE0-4CFB-83B2-EA14ACE94B60}.Ad-Hoc|ARM.Build.0 = Release|Any CPU
		{B242680A-DFE0-4CFB-83B2-EA14ACE94B60}.Ad-Hoc|iPhone.ActiveCfg = Release|Any CPU
		{B242680A-DFE0-4CFB-83B2-EA14ACE94B60}.Ad-Hoc|iPhone.Build.0 = Release|Any CPU
		{B242680A-DFE0-4CFB-83B2-EA14ACE94B60}.Ad-Hoc|iPhoneSimulator.ActiveCfg = Release|Any CPU
		{B242680A-DFE0-4CFB-83B2-EA14ACE94B60}.Ad-Hoc|iPhoneSimulator.Build.0 = Release|Any CPU
		{B242680A-DFE0-4CFB-83B2-EA14ACE94B60}.Ad-Hoc|Mixed Platforms.ActiveCfg = Release|Any CPU
		{B242680A-DFE0-4CFB-83B2-EA14ACE94B60}.Ad-Hoc|Mixed Platforms.Build.0 = Release|Any CPU
		{B242680A-DFE0-4CFB-83B2-EA14ACE94B60}.Ad-Hoc|x64.ActiveCfg = Release|Any CPU
		{B242680A-DFE0-4CFB-83B2-EA14ACE94B60}.Ad-Hoc|x64.Build.0 = Release|Any CPU
		{B242680A-DFE0-4CFB-83B2-EA14ACE94B60}.Ad-Hoc|x86.ActiveCfg = Release|Any CPU
		{B242680A-DFE0-4CFB-83B2-EA14ACE94B60}.Ad-Hoc|x86.Build.0 = Release|Any CPU
		{B242680A-DFE0-4CFB-83B2-EA14ACE94B60}.AppStore|All package build.ActiveCfg = Release|Any CPU
		{B242680A-DFE0-4CFB-83B2-EA14ACE94B60}.AppStore|All package build.Build.0 = Release|Any CPU
		{B242680A-DFE0-4CFB-83B2-EA14ACE94B60}.AppStore|Any CPU.ActiveCfg = Release|Any CPU
		{B242680A-DFE0-4CFB-83B2-EA14ACE94B60}.AppStore|Any CPU.Build.0 = Release|Any CPU
		{B242680A-DFE0-4CFB-83B2-EA14ACE94B60}.AppStore|ARM.ActiveCfg = Release|Any CPU
		{B242680A-DFE0-4CFB-83B2-EA14ACE94B60}.AppStore|ARM.Build.0 = Release|Any CPU
		{B242680A-DFE0-4CFB-83B2-EA14ACE94B60}.AppStore|iPhone.ActiveCfg = Release|Any CPU
		{B242680A-DFE0-4CFB-83B2-EA14ACE94B60}.AppStore|iPhone.Build.0 = Release|Any CPU
		{B242680A-DFE0-4CFB-83B2-EA14ACE94B60}.AppStore|iPhoneSimulator.ActiveCfg = Release|Any CPU
		{B242680A-DFE0-4CFB-83B2-EA14ACE94B60}.AppStore|iPhoneSimulator.Build.0 = Release|Any CPU
		{B242680A-DFE0-4CFB-83B2-EA14ACE94B60}.AppStore|Mixed Platforms.ActiveCfg = Release|Any CPU
		{B242680A-DFE0-4CFB-83B2-EA14ACE94B60}.AppStore|Mixed Platforms.Build.0 = Release|Any CPU
		{B242680A-DFE0-4CFB-83B2-EA14ACE94B60}.AppStore|x64.ActiveCfg = Release|Any CPU
		{B242680A-DFE0-4CFB-83B2-EA14ACE94B60}.AppStore|x64.Build.0 = Release|Any CPU
		{B242680A-DFE0-4CFB-83B2-EA14ACE94B60}.AppStore|x86.ActiveCfg = Release|Any CPU
		{B242680A-DFE0-4CFB-83B2-EA14ACE94B60}.AppStore|x86.Build.0 = Release|Any CPU
		{B242680A-DFE0-4CFB-83B2-EA14ACE94B60}.Debug|All package build.ActiveCfg = Debug|Any CPU
		{B242680A-DFE0-4CFB-83B2-EA14ACE94B60}.Debug|All package build.Build.0 = Debug|Any CPU
		{B242680A-DFE0-4CFB-83B2-EA14ACE94B60}.Debug|Any CPU.ActiveCfg = Debug|Any CPU
		{B242680A-DFE0-4CFB-83B2-EA14ACE94B60}.Debug|Any CPU.Build.0 = Debug|Any CPU
		{B242680A-DFE0-4CFB-83B2-EA14ACE94B60}.Debug|ARM.ActiveCfg = Debug|Any CPU
		{B242680A-DFE0-4CFB-83B2-EA14ACE94B60}.Debug|ARM.Build.0 = Debug|Any CPU
		{B242680A-DFE0-4CFB-83B2-EA14ACE94B60}.Debug|iPhone.ActiveCfg = Debug|Any CPU
		{B242680A-DFE0-4CFB-83B2-EA14ACE94B60}.Debug|iPhone.Build.0 = Debug|Any CPU
		{B242680A-DFE0-4CFB-83B2-EA14ACE94B60}.Debug|iPhoneSimulator.ActiveCfg = Debug|Any CPU
		{B242680A-DFE0-4CFB-83B2-EA14ACE94B60}.Debug|iPhoneSimulator.Build.0 = Debug|Any CPU
		{B242680A-DFE0-4CFB-83B2-EA14ACE94B60}.Debug|Mixed Platforms.ActiveCfg = Debug|Any CPU
		{B242680A-DFE0-4CFB-83B2-EA14ACE94B60}.Debug|Mixed Platforms.Build.0 = Debug|Any CPU
		{B242680A-DFE0-4CFB-83B2-EA14ACE94B60}.Debug|x64.ActiveCfg = Debug|Any CPU
		{B242680A-DFE0-4CFB-83B2-EA14ACE94B60}.Debug|x64.Build.0 = Debug|Any CPU
		{B242680A-DFE0-4CFB-83B2-EA14ACE94B60}.Debug|x86.ActiveCfg = Debug|Any CPU
		{B242680A-DFE0-4CFB-83B2-EA14ACE94B60}.Debug|x86.Build.0 = Debug|Any CPU
		{B242680A-DFE0-4CFB-83B2-EA14ACE94B60}.Release|All package build.ActiveCfg = Release|Any CPU
		{B242680A-DFE0-4CFB-83B2-EA14ACE94B60}.Release|All package build.Build.0 = Release|Any CPU
		{B242680A-DFE0-4CFB-83B2-EA14ACE94B60}.Release|Any CPU.ActiveCfg = Release|Any CPU
		{B242680A-DFE0-4CFB-83B2-EA14ACE94B60}.Release|Any CPU.Build.0 = Release|Any CPU
		{B242680A-DFE0-4CFB-83B2-EA14ACE94B60}.Release|ARM.ActiveCfg = Release|Any CPU
		{B242680A-DFE0-4CFB-83B2-EA14ACE94B60}.Release|ARM.Build.0 = Release|Any CPU
		{B242680A-DFE0-4CFB-83B2-EA14ACE94B60}.Release|iPhone.ActiveCfg = Release|Any CPU
		{B242680A-DFE0-4CFB-83B2-EA14ACE94B60}.Release|iPhone.Build.0 = Release|Any CPU
		{B242680A-DFE0-4CFB-83B2-EA14ACE94B60}.Release|iPhoneSimulator.ActiveCfg = Release|Any CPU
		{B242680A-DFE0-4CFB-83B2-EA14ACE94B60}.Release|iPhoneSimulator.Build.0 = Release|Any CPU
		{B242680A-DFE0-4CFB-83B2-EA14ACE94B60}.Release|Mixed Platforms.ActiveCfg = Release|Any CPU
		{B242680A-DFE0-4CFB-83B2-EA14ACE94B60}.Release|Mixed Platforms.Build.0 = Release|Any CPU
		{B242680A-DFE0-4CFB-83B2-EA14ACE94B60}.Release|x64.ActiveCfg = Release|Any CPU
		{B242680A-DFE0-4CFB-83B2-EA14ACE94B60}.Release|x64.Build.0 = Release|Any CPU
		{B242680A-DFE0-4CFB-83B2-EA14ACE94B60}.Release|x86.ActiveCfg = Release|Any CPU
		{B242680A-DFE0-4CFB-83B2-EA14ACE94B60}.Release|x86.Build.0 = Release|Any CPU
		{67F9D3A8-F71E-4428-913F-C37AE82CDB24}.Ad-Hoc|All package build.ActiveCfg = Release|Any CPU
		{67F9D3A8-F71E-4428-913F-C37AE82CDB24}.Ad-Hoc|Any CPU.ActiveCfg = Release|Any CPU
		{67F9D3A8-F71E-4428-913F-C37AE82CDB24}.Ad-Hoc|Any CPU.Build.0 = Release|Any CPU
		{67F9D3A8-F71E-4428-913F-C37AE82CDB24}.Ad-Hoc|ARM.ActiveCfg = Release|Any CPU
		{67F9D3A8-F71E-4428-913F-C37AE82CDB24}.Ad-Hoc|iPhone.ActiveCfg = Release|Any CPU
		{67F9D3A8-F71E-4428-913F-C37AE82CDB24}.Ad-Hoc|iPhoneSimulator.ActiveCfg = Release|Any CPU
		{67F9D3A8-F71E-4428-913F-C37AE82CDB24}.Ad-Hoc|Mixed Platforms.ActiveCfg = Release|Any CPU
		{67F9D3A8-F71E-4428-913F-C37AE82CDB24}.Ad-Hoc|Mixed Platforms.Build.0 = Release|Any CPU
		{67F9D3A8-F71E-4428-913F-C37AE82CDB24}.Ad-Hoc|x64.ActiveCfg = Debug|Any CPU
		{67F9D3A8-F71E-4428-913F-C37AE82CDB24}.Ad-Hoc|x86.ActiveCfg = Release|Any CPU
		{67F9D3A8-F71E-4428-913F-C37AE82CDB24}.AppStore|All package build.ActiveCfg = Release|Any CPU
		{67F9D3A8-F71E-4428-913F-C37AE82CDB24}.AppStore|Any CPU.ActiveCfg = Release|Any CPU
		{67F9D3A8-F71E-4428-913F-C37AE82CDB24}.AppStore|Any CPU.Build.0 = Release|Any CPU
		{67F9D3A8-F71E-4428-913F-C37AE82CDB24}.AppStore|ARM.ActiveCfg = Release|Any CPU
		{67F9D3A8-F71E-4428-913F-C37AE82CDB24}.AppStore|iPhone.ActiveCfg = Release|Any CPU
		{67F9D3A8-F71E-4428-913F-C37AE82CDB24}.AppStore|iPhoneSimulator.ActiveCfg = Release|Any CPU
		{67F9D3A8-F71E-4428-913F-C37AE82CDB24}.AppStore|Mixed Platforms.ActiveCfg = Release|Any CPU
		{67F9D3A8-F71E-4428-913F-C37AE82CDB24}.AppStore|Mixed Platforms.Build.0 = Release|Any CPU
		{67F9D3A8-F71E-4428-913F-C37AE82CDB24}.AppStore|x64.ActiveCfg = Debug|Any CPU
		{67F9D3A8-F71E-4428-913F-C37AE82CDB24}.AppStore|x86.ActiveCfg = Release|Any CPU
		{67F9D3A8-F71E-4428-913F-C37AE82CDB24}.Debug|All package build.ActiveCfg = Debug|Any CPU
		{67F9D3A8-F71E-4428-913F-C37AE82CDB24}.Debug|All package build.Build.0 = Debug|Any CPU
		{67F9D3A8-F71E-4428-913F-C37AE82CDB24}.Debug|Any CPU.ActiveCfg = Debug|Any CPU
		{67F9D3A8-F71E-4428-913F-C37AE82CDB24}.Debug|Any CPU.Build.0 = Debug|Any CPU
		{67F9D3A8-F71E-4428-913F-C37AE82CDB24}.Debug|ARM.ActiveCfg = Debug|Any CPU
		{67F9D3A8-F71E-4428-913F-C37AE82CDB24}.Debug|iPhone.ActiveCfg = Debug|Any CPU
		{67F9D3A8-F71E-4428-913F-C37AE82CDB24}.Debug|iPhone.Build.0 = Debug|Any CPU
		{67F9D3A8-F71E-4428-913F-C37AE82CDB24}.Debug|iPhoneSimulator.ActiveCfg = Debug|Any CPU
		{67F9D3A8-F71E-4428-913F-C37AE82CDB24}.Debug|iPhoneSimulator.Build.0 = Debug|Any CPU
		{67F9D3A8-F71E-4428-913F-C37AE82CDB24}.Debug|Mixed Platforms.ActiveCfg = Debug|Any CPU
		{67F9D3A8-F71E-4428-913F-C37AE82CDB24}.Debug|Mixed Platforms.Build.0 = Debug|Any CPU
		{67F9D3A8-F71E-4428-913F-C37AE82CDB24}.Debug|x64.ActiveCfg = Debug|Any CPU
		{67F9D3A8-F71E-4428-913F-C37AE82CDB24}.Debug|x86.ActiveCfg = Debug|Any CPU
		{67F9D3A8-F71E-4428-913F-C37AE82CDB24}.Debug|x86.Build.0 = Debug|Any CPU
		{67F9D3A8-F71E-4428-913F-C37AE82CDB24}.Release|All package build.ActiveCfg = Release|Any CPU
		{67F9D3A8-F71E-4428-913F-C37AE82CDB24}.Release|All package build.Build.0 = Release|Any CPU
		{67F9D3A8-F71E-4428-913F-C37AE82CDB24}.Release|Any CPU.ActiveCfg = Release|Any CPU
		{67F9D3A8-F71E-4428-913F-C37AE82CDB24}.Release|Any CPU.Build.0 = Release|Any CPU
		{67F9D3A8-F71E-4428-913F-C37AE82CDB24}.Release|ARM.ActiveCfg = Release|Any CPU
		{67F9D3A8-F71E-4428-913F-C37AE82CDB24}.Release|iPhone.ActiveCfg = Release|Any CPU
		{67F9D3A8-F71E-4428-913F-C37AE82CDB24}.Release|iPhoneSimulator.ActiveCfg = Release|Any CPU
		{67F9D3A8-F71E-4428-913F-C37AE82CDB24}.Release|iPhoneSimulator.Build.0 = Release|Any CPU
		{67F9D3A8-F71E-4428-913F-C37AE82CDB24}.Release|Mixed Platforms.ActiveCfg = Release|Any CPU
		{67F9D3A8-F71E-4428-913F-C37AE82CDB24}.Release|Mixed Platforms.Build.0 = Release|Any CPU
		{67F9D3A8-F71E-4428-913F-C37AE82CDB24}.Release|x64.ActiveCfg = Release|Any CPU
		{67F9D3A8-F71E-4428-913F-C37AE82CDB24}.Release|x86.ActiveCfg = Release|Any CPU
		{8ED64A93-8E7E-4392-BC9A-108C29A364F2}.Ad-Hoc|All package build.ActiveCfg = Release|Any CPU
		{8ED64A93-8E7E-4392-BC9A-108C29A364F2}.Ad-Hoc|Any CPU.ActiveCfg = Release|Any CPU
		{8ED64A93-8E7E-4392-BC9A-108C29A364F2}.Ad-Hoc|Any CPU.Build.0 = Release|Any CPU
		{8ED64A93-8E7E-4392-BC9A-108C29A364F2}.Ad-Hoc|ARM.ActiveCfg = Release|Any CPU
		{8ED64A93-8E7E-4392-BC9A-108C29A364F2}.Ad-Hoc|iPhone.ActiveCfg = Release|Any CPU
		{8ED64A93-8E7E-4392-BC9A-108C29A364F2}.Ad-Hoc|iPhoneSimulator.ActiveCfg = Release|Any CPU
		{8ED64A93-8E7E-4392-BC9A-108C29A364F2}.Ad-Hoc|Mixed Platforms.ActiveCfg = Release|Any CPU
		{8ED64A93-8E7E-4392-BC9A-108C29A364F2}.Ad-Hoc|Mixed Platforms.Build.0 = Release|Any CPU
		{8ED64A93-8E7E-4392-BC9A-108C29A364F2}.Ad-Hoc|x64.ActiveCfg = Release|Any CPU
		{8ED64A93-8E7E-4392-BC9A-108C29A364F2}.Ad-Hoc|x86.ActiveCfg = Release|Any CPU
		{8ED64A93-8E7E-4392-BC9A-108C29A364F2}.AppStore|All package build.ActiveCfg = Release|Any CPU
		{8ED64A93-8E7E-4392-BC9A-108C29A364F2}.AppStore|Any CPU.ActiveCfg = Release|Any CPU
		{8ED64A93-8E7E-4392-BC9A-108C29A364F2}.AppStore|Any CPU.Build.0 = Release|Any CPU
		{8ED64A93-8E7E-4392-BC9A-108C29A364F2}.AppStore|ARM.ActiveCfg = Release|Any CPU
		{8ED64A93-8E7E-4392-BC9A-108C29A364F2}.AppStore|iPhone.ActiveCfg = Release|Any CPU
		{8ED64A93-8E7E-4392-BC9A-108C29A364F2}.AppStore|iPhoneSimulator.ActiveCfg = Release|Any CPU
		{8ED64A93-8E7E-4392-BC9A-108C29A364F2}.AppStore|Mixed Platforms.ActiveCfg = Release|Any CPU
		{8ED64A93-8E7E-4392-BC9A-108C29A364F2}.AppStore|Mixed Platforms.Build.0 = Release|Any CPU
		{8ED64A93-8E7E-4392-BC9A-108C29A364F2}.AppStore|x64.ActiveCfg = Release|Any CPU
		{8ED64A93-8E7E-4392-BC9A-108C29A364F2}.AppStore|x86.ActiveCfg = Release|Any CPU
		{8ED64A93-8E7E-4392-BC9A-108C29A364F2}.Debug|All package build.ActiveCfg = Debug|Any CPU
		{8ED64A93-8E7E-4392-BC9A-108C29A364F2}.Debug|All package build.Build.0 = Debug|Any CPU
		{8ED64A93-8E7E-4392-BC9A-108C29A364F2}.Debug|Any CPU.ActiveCfg = Debug|Any CPU
		{8ED64A93-8E7E-4392-BC9A-108C29A364F2}.Debug|Any CPU.Build.0 = Debug|Any CPU
		{8ED64A93-8E7E-4392-BC9A-108C29A364F2}.Debug|ARM.ActiveCfg = Debug|Any CPU
		{8ED64A93-8E7E-4392-BC9A-108C29A364F2}.Debug|iPhone.ActiveCfg = Debug|Any CPU
		{8ED64A93-8E7E-4392-BC9A-108C29A364F2}.Debug|iPhoneSimulator.ActiveCfg = Debug|Any CPU
		{8ED64A93-8E7E-4392-BC9A-108C29A364F2}.Debug|Mixed Platforms.ActiveCfg = Debug|Any CPU
		{8ED64A93-8E7E-4392-BC9A-108C29A364F2}.Debug|Mixed Platforms.Build.0 = Debug|Any CPU
		{8ED64A93-8E7E-4392-BC9A-108C29A364F2}.Debug|x64.ActiveCfg = Debug|Any CPU
		{8ED64A93-8E7E-4392-BC9A-108C29A364F2}.Debug|x86.ActiveCfg = Debug|Any CPU
		{8ED64A93-8E7E-4392-BC9A-108C29A364F2}.Release|All package build.ActiveCfg = Release|Any CPU
		{8ED64A93-8E7E-4392-BC9A-108C29A364F2}.Release|All package build.Build.0 = Release|Any CPU
		{8ED64A93-8E7E-4392-BC9A-108C29A364F2}.Release|Any CPU.ActiveCfg = Release|Any CPU
		{8ED64A93-8E7E-4392-BC9A-108C29A364F2}.Release|Any CPU.Build.0 = Release|Any CPU
		{8ED64A93-8E7E-4392-BC9A-108C29A364F2}.Release|ARM.ActiveCfg = Release|Any CPU
		{8ED64A93-8E7E-4392-BC9A-108C29A364F2}.Release|iPhone.ActiveCfg = Release|Any CPU
		{8ED64A93-8E7E-4392-BC9A-108C29A364F2}.Release|iPhoneSimulator.ActiveCfg = Release|Any CPU
		{8ED64A93-8E7E-4392-BC9A-108C29A364F2}.Release|Mixed Platforms.ActiveCfg = Release|Any CPU
		{8ED64A93-8E7E-4392-BC9A-108C29A364F2}.Release|Mixed Platforms.Build.0 = Release|Any CPU
		{8ED64A93-8E7E-4392-BC9A-108C29A364F2}.Release|x64.ActiveCfg = Release|Any CPU
		{8ED64A93-8E7E-4392-BC9A-108C29A364F2}.Release|x86.ActiveCfg = Release|Any CPU
		{8ED64A93-8E7E-4392-BC9A-108C29A364F2}.Release|x86.Build.0 = Release|Any CPU
		{E476C77A-63F8-4227-8577-DC83ECA64385}.Ad-Hoc|All package build.ActiveCfg = Ad-Hoc|iPhone
		{E476C77A-63F8-4227-8577-DC83ECA64385}.Ad-Hoc|Any CPU.ActiveCfg = Ad-Hoc|iPhone
		{E476C77A-63F8-4227-8577-DC83ECA64385}.Ad-Hoc|ARM.ActiveCfg = Ad-Hoc|iPhone
		{E476C77A-63F8-4227-8577-DC83ECA64385}.Ad-Hoc|iPhone.ActiveCfg = Ad-Hoc|iPhone
		{E476C77A-63F8-4227-8577-DC83ECA64385}.Ad-Hoc|iPhone.Build.0 = Ad-Hoc|iPhone
		{E476C77A-63F8-4227-8577-DC83ECA64385}.Ad-Hoc|iPhoneSimulator.ActiveCfg = Ad-Hoc|iPhoneSimulator
		{E476C77A-63F8-4227-8577-DC83ECA64385}.Ad-Hoc|iPhoneSimulator.Build.0 = Ad-Hoc|iPhoneSimulator
		{E476C77A-63F8-4227-8577-DC83ECA64385}.Ad-Hoc|Mixed Platforms.ActiveCfg = Ad-Hoc|iPhone
		{E476C77A-63F8-4227-8577-DC83ECA64385}.Ad-Hoc|Mixed Platforms.Build.0 = Ad-Hoc|iPhone
		{E476C77A-63F8-4227-8577-DC83ECA64385}.Ad-Hoc|x64.ActiveCfg = Ad-Hoc|iPhone
		{E476C77A-63F8-4227-8577-DC83ECA64385}.Ad-Hoc|x86.ActiveCfg = Ad-Hoc|iPhone
		{E476C77A-63F8-4227-8577-DC83ECA64385}.AppStore|All package build.ActiveCfg = AppStore|iPhone
		{E476C77A-63F8-4227-8577-DC83ECA64385}.AppStore|Any CPU.ActiveCfg = AppStore|iPhone
		{E476C77A-63F8-4227-8577-DC83ECA64385}.AppStore|ARM.ActiveCfg = AppStore|iPhone
		{E476C77A-63F8-4227-8577-DC83ECA64385}.AppStore|iPhone.ActiveCfg = AppStore|iPhone
		{E476C77A-63F8-4227-8577-DC83ECA64385}.AppStore|iPhone.Build.0 = AppStore|iPhone
		{E476C77A-63F8-4227-8577-DC83ECA64385}.AppStore|iPhoneSimulator.ActiveCfg = AppStore|iPhoneSimulator
		{E476C77A-63F8-4227-8577-DC83ECA64385}.AppStore|iPhoneSimulator.Build.0 = AppStore|iPhoneSimulator
		{E476C77A-63F8-4227-8577-DC83ECA64385}.AppStore|Mixed Platforms.ActiveCfg = AppStore|iPhone
		{E476C77A-63F8-4227-8577-DC83ECA64385}.AppStore|Mixed Platforms.Build.0 = AppStore|iPhone
		{E476C77A-63F8-4227-8577-DC83ECA64385}.AppStore|x64.ActiveCfg = AppStore|iPhone
		{E476C77A-63F8-4227-8577-DC83ECA64385}.AppStore|x86.ActiveCfg = AppStore|iPhone
		{E476C77A-63F8-4227-8577-DC83ECA64385}.Debug|All package build.ActiveCfg = Debug|iPhone
		{E476C77A-63F8-4227-8577-DC83ECA64385}.Debug|Any CPU.ActiveCfg = Debug|iPhone
		{E476C77A-63F8-4227-8577-DC83ECA64385}.Debug|ARM.ActiveCfg = Debug|iPhone
		{E476C77A-63F8-4227-8577-DC83ECA64385}.Debug|iPhone.ActiveCfg = Debug|iPhone
		{E476C77A-63F8-4227-8577-DC83ECA64385}.Debug|iPhone.Build.0 = Debug|iPhone
		{E476C77A-63F8-4227-8577-DC83ECA64385}.Debug|iPhoneSimulator.ActiveCfg = Debug|iPhoneSimulator
		{E476C77A-63F8-4227-8577-DC83ECA64385}.Debug|iPhoneSimulator.Build.0 = Debug|iPhoneSimulator
		{E476C77A-63F8-4227-8577-DC83ECA64385}.Debug|Mixed Platforms.ActiveCfg = Debug|iPhone
		{E476C77A-63F8-4227-8577-DC83ECA64385}.Debug|Mixed Platforms.Build.0 = Debug|iPhone
		{E476C77A-63F8-4227-8577-DC83ECA64385}.Debug|x64.ActiveCfg = Debug|iPhone
		{E476C77A-63F8-4227-8577-DC83ECA64385}.Debug|x86.ActiveCfg = Debug|iPhone
		{E476C77A-63F8-4227-8577-DC83ECA64385}.Release|All package build.ActiveCfg = Release|iPhone
		{E476C77A-63F8-4227-8577-DC83ECA64385}.Release|Any CPU.ActiveCfg = Release|iPhone
		{E476C77A-63F8-4227-8577-DC83ECA64385}.Release|ARM.ActiveCfg = Release|iPhone
		{E476C77A-63F8-4227-8577-DC83ECA64385}.Release|iPhone.ActiveCfg = Release|iPhone
		{E476C77A-63F8-4227-8577-DC83ECA64385}.Release|iPhone.Build.0 = Release|iPhone
		{E476C77A-63F8-4227-8577-DC83ECA64385}.Release|iPhoneSimulator.ActiveCfg = Release|iPhoneSimulator
		{E476C77A-63F8-4227-8577-DC83ECA64385}.Release|iPhoneSimulator.Build.0 = Release|iPhoneSimulator
		{E476C77A-63F8-4227-8577-DC83ECA64385}.Release|Mixed Platforms.ActiveCfg = Release|iPhone
		{E476C77A-63F8-4227-8577-DC83ECA64385}.Release|Mixed Platforms.Build.0 = Release|iPhone
		{E476C77A-63F8-4227-8577-DC83ECA64385}.Release|x64.ActiveCfg = Release|iPhone
		{E476C77A-63F8-4227-8577-DC83ECA64385}.Release|x86.ActiveCfg = Release|iPhone
		{410C000C-D3A6-432D-96A1-70AE63F1DEFE}.Ad-Hoc|All package build.ActiveCfg = Release|Any CPU
		{410C000C-D3A6-432D-96A1-70AE63F1DEFE}.Ad-Hoc|All package build.Build.0 = Release|Any CPU
		{410C000C-D3A6-432D-96A1-70AE63F1DEFE}.Ad-Hoc|All package build.Deploy.0 = Release|Any CPU
		{410C000C-D3A6-432D-96A1-70AE63F1DEFE}.Ad-Hoc|Any CPU.ActiveCfg = Release|Any CPU
		{410C000C-D3A6-432D-96A1-70AE63F1DEFE}.Ad-Hoc|Any CPU.Build.0 = Release|Any CPU
		{410C000C-D3A6-432D-96A1-70AE63F1DEFE}.Ad-Hoc|Any CPU.Deploy.0 = Release|Any CPU
		{410C000C-D3A6-432D-96A1-70AE63F1DEFE}.Ad-Hoc|ARM.ActiveCfg = Release|Any CPU
		{410C000C-D3A6-432D-96A1-70AE63F1DEFE}.Ad-Hoc|ARM.Build.0 = Release|Any CPU
		{410C000C-D3A6-432D-96A1-70AE63F1DEFE}.Ad-Hoc|ARM.Deploy.0 = Release|Any CPU
		{410C000C-D3A6-432D-96A1-70AE63F1DEFE}.Ad-Hoc|iPhone.ActiveCfg = Release|Any CPU
		{410C000C-D3A6-432D-96A1-70AE63F1DEFE}.Ad-Hoc|iPhone.Build.0 = Release|Any CPU
		{410C000C-D3A6-432D-96A1-70AE63F1DEFE}.Ad-Hoc|iPhone.Deploy.0 = Release|Any CPU
		{410C000C-D3A6-432D-96A1-70AE63F1DEFE}.Ad-Hoc|iPhoneSimulator.ActiveCfg = Release|Any CPU
		{410C000C-D3A6-432D-96A1-70AE63F1DEFE}.Ad-Hoc|iPhoneSimulator.Build.0 = Release|Any CPU
		{410C000C-D3A6-432D-96A1-70AE63F1DEFE}.Ad-Hoc|iPhoneSimulator.Deploy.0 = Release|Any CPU
		{410C000C-D3A6-432D-96A1-70AE63F1DEFE}.Ad-Hoc|Mixed Platforms.ActiveCfg = Release|Any CPU
		{410C000C-D3A6-432D-96A1-70AE63F1DEFE}.Ad-Hoc|Mixed Platforms.Build.0 = Release|Any CPU
		{410C000C-D3A6-432D-96A1-70AE63F1DEFE}.Ad-Hoc|Mixed Platforms.Deploy.0 = Release|Any CPU
		{410C000C-D3A6-432D-96A1-70AE63F1DEFE}.Ad-Hoc|x64.ActiveCfg = Release|Any CPU
		{410C000C-D3A6-432D-96A1-70AE63F1DEFE}.Ad-Hoc|x64.Build.0 = Release|Any CPU
		{410C000C-D3A6-432D-96A1-70AE63F1DEFE}.Ad-Hoc|x64.Deploy.0 = Release|Any CPU
		{410C000C-D3A6-432D-96A1-70AE63F1DEFE}.Ad-Hoc|x86.ActiveCfg = Release|Any CPU
		{410C000C-D3A6-432D-96A1-70AE63F1DEFE}.Ad-Hoc|x86.Build.0 = Release|Any CPU
		{410C000C-D3A6-432D-96A1-70AE63F1DEFE}.Ad-Hoc|x86.Deploy.0 = Release|Any CPU
		{410C000C-D3A6-432D-96A1-70AE63F1DEFE}.AppStore|All package build.ActiveCfg = Release|Any CPU
		{410C000C-D3A6-432D-96A1-70AE63F1DEFE}.AppStore|All package build.Build.0 = Release|Any CPU
		{410C000C-D3A6-432D-96A1-70AE63F1DEFE}.AppStore|All package build.Deploy.0 = Release|Any CPU
		{410C000C-D3A6-432D-96A1-70AE63F1DEFE}.AppStore|Any CPU.ActiveCfg = Release|Any CPU
		{410C000C-D3A6-432D-96A1-70AE63F1DEFE}.AppStore|Any CPU.Build.0 = Release|Any CPU
		{410C000C-D3A6-432D-96A1-70AE63F1DEFE}.AppStore|Any CPU.Deploy.0 = Release|Any CPU
		{410C000C-D3A6-432D-96A1-70AE63F1DEFE}.AppStore|ARM.ActiveCfg = Release|Any CPU
		{410C000C-D3A6-432D-96A1-70AE63F1DEFE}.AppStore|ARM.Build.0 = Release|Any CPU
		{410C000C-D3A6-432D-96A1-70AE63F1DEFE}.AppStore|ARM.Deploy.0 = Release|Any CPU
		{410C000C-D3A6-432D-96A1-70AE63F1DEFE}.AppStore|iPhone.ActiveCfg = Release|Any CPU
		{410C000C-D3A6-432D-96A1-70AE63F1DEFE}.AppStore|iPhone.Build.0 = Release|Any CPU
		{410C000C-D3A6-432D-96A1-70AE63F1DEFE}.AppStore|iPhone.Deploy.0 = Release|Any CPU
		{410C000C-D3A6-432D-96A1-70AE63F1DEFE}.AppStore|iPhoneSimulator.ActiveCfg = Release|Any CPU
		{410C000C-D3A6-432D-96A1-70AE63F1DEFE}.AppStore|iPhoneSimulator.Build.0 = Release|Any CPU
		{410C000C-D3A6-432D-96A1-70AE63F1DEFE}.AppStore|iPhoneSimulator.Deploy.0 = Release|Any CPU
		{410C000C-D3A6-432D-96A1-70AE63F1DEFE}.AppStore|Mixed Platforms.ActiveCfg = Release|Any CPU
		{410C000C-D3A6-432D-96A1-70AE63F1DEFE}.AppStore|Mixed Platforms.Build.0 = Release|Any CPU
		{410C000C-D3A6-432D-96A1-70AE63F1DEFE}.AppStore|Mixed Platforms.Deploy.0 = Release|Any CPU
		{410C000C-D3A6-432D-96A1-70AE63F1DEFE}.AppStore|x64.ActiveCfg = Release|Any CPU
		{410C000C-D3A6-432D-96A1-70AE63F1DEFE}.AppStore|x64.Build.0 = Release|Any CPU
		{410C000C-D3A6-432D-96A1-70AE63F1DEFE}.AppStore|x64.Deploy.0 = Release|Any CPU
		{410C000C-D3A6-432D-96A1-70AE63F1DEFE}.AppStore|x86.ActiveCfg = Release|Any CPU
		{410C000C-D3A6-432D-96A1-70AE63F1DEFE}.AppStore|x86.Build.0 = Release|Any CPU
		{410C000C-D3A6-432D-96A1-70AE63F1DEFE}.AppStore|x86.Deploy.0 = Release|Any CPU
		{410C000C-D3A6-432D-96A1-70AE63F1DEFE}.Debug|All package build.ActiveCfg = Debug|Any CPU
		{410C000C-D3A6-432D-96A1-70AE63F1DEFE}.Debug|Any CPU.ActiveCfg = Debug|Any CPU
		{410C000C-D3A6-432D-96A1-70AE63F1DEFE}.Debug|Any CPU.Build.0 = Debug|Any CPU
		{410C000C-D3A6-432D-96A1-70AE63F1DEFE}.Debug|Any CPU.Deploy.0 = Debug|Any CPU
		{410C000C-D3A6-432D-96A1-70AE63F1DEFE}.Debug|ARM.ActiveCfg = Debug|Any CPU
		{410C000C-D3A6-432D-96A1-70AE63F1DEFE}.Debug|ARM.Build.0 = Debug|Any CPU
		{410C000C-D3A6-432D-96A1-70AE63F1DEFE}.Debug|ARM.Deploy.0 = Debug|Any CPU
		{410C000C-D3A6-432D-96A1-70AE63F1DEFE}.Debug|iPhone.ActiveCfg = Debug|Any CPU
		{410C000C-D3A6-432D-96A1-70AE63F1DEFE}.Debug|iPhone.Build.0 = Debug|Any CPU
		{410C000C-D3A6-432D-96A1-70AE63F1DEFE}.Debug|iPhone.Deploy.0 = Debug|Any CPU
		{410C000C-D3A6-432D-96A1-70AE63F1DEFE}.Debug|iPhoneSimulator.ActiveCfg = Debug|Any CPU
		{410C000C-D3A6-432D-96A1-70AE63F1DEFE}.Debug|Mixed Platforms.ActiveCfg = Debug|Any CPU
		{410C000C-D3A6-432D-96A1-70AE63F1DEFE}.Debug|Mixed Platforms.Build.0 = Debug|Any CPU
		{410C000C-D3A6-432D-96A1-70AE63F1DEFE}.Debug|Mixed Platforms.Deploy.0 = Debug|Any CPU
		{410C000C-D3A6-432D-96A1-70AE63F1DEFE}.Debug|x64.ActiveCfg = Debug|Any CPU
		{410C000C-D3A6-432D-96A1-70AE63F1DEFE}.Debug|x64.Build.0 = Debug|Any CPU
		{410C000C-D3A6-432D-96A1-70AE63F1DEFE}.Debug|x64.Deploy.0 = Debug|Any CPU
		{410C000C-D3A6-432D-96A1-70AE63F1DEFE}.Debug|x86.ActiveCfg = Debug|Any CPU
		{410C000C-D3A6-432D-96A1-70AE63F1DEFE}.Release|All package build.ActiveCfg = Release|Any CPU
		{410C000C-D3A6-432D-96A1-70AE63F1DEFE}.Release|All package build.Deploy.0 = Release|Any CPU
		{410C000C-D3A6-432D-96A1-70AE63F1DEFE}.Release|Any CPU.ActiveCfg = Release|Any CPU
		{410C000C-D3A6-432D-96A1-70AE63F1DEFE}.Release|Any CPU.Build.0 = Release|Any CPU
		{410C000C-D3A6-432D-96A1-70AE63F1DEFE}.Release|Any CPU.Deploy.0 = Release|Any CPU
		{410C000C-D3A6-432D-96A1-70AE63F1DEFE}.Release|ARM.ActiveCfg = Release|Any CPU
		{410C000C-D3A6-432D-96A1-70AE63F1DEFE}.Release|ARM.Build.0 = Release|Any CPU
		{410C000C-D3A6-432D-96A1-70AE63F1DEFE}.Release|ARM.Deploy.0 = Release|Any CPU
		{410C000C-D3A6-432D-96A1-70AE63F1DEFE}.Release|iPhone.ActiveCfg = Release|Any CPU
		{410C000C-D3A6-432D-96A1-70AE63F1DEFE}.Release|iPhone.Build.0 = Release|Any CPU
		{410C000C-D3A6-432D-96A1-70AE63F1DEFE}.Release|iPhone.Deploy.0 = Release|Any CPU
		{410C000C-D3A6-432D-96A1-70AE63F1DEFE}.Release|iPhoneSimulator.ActiveCfg = Release|Any CPU
		{410C000C-D3A6-432D-96A1-70AE63F1DEFE}.Release|iPhoneSimulator.Build.0 = Release|Any CPU
		{410C000C-D3A6-432D-96A1-70AE63F1DEFE}.Release|iPhoneSimulator.Deploy.0 = Release|Any CPU
		{410C000C-D3A6-432D-96A1-70AE63F1DEFE}.Release|Mixed Platforms.ActiveCfg = Release|Any CPU
		{410C000C-D3A6-432D-96A1-70AE63F1DEFE}.Release|Mixed Platforms.Build.0 = Release|Any CPU
		{410C000C-D3A6-432D-96A1-70AE63F1DEFE}.Release|Mixed Platforms.Deploy.0 = Release|Any CPU
		{410C000C-D3A6-432D-96A1-70AE63F1DEFE}.Release|x64.ActiveCfg = Release|Any CPU
		{410C000C-D3A6-432D-96A1-70AE63F1DEFE}.Release|x64.Build.0 = Release|Any CPU
		{410C000C-D3A6-432D-96A1-70AE63F1DEFE}.Release|x64.Deploy.0 = Release|Any CPU
		{410C000C-D3A6-432D-96A1-70AE63F1DEFE}.Release|x86.ActiveCfg = Release|Any CPU
		{75C18A96-7E26-4003-9971-04B4B4DD7E22}.Ad-Hoc|All package build.ActiveCfg = Release|Any CPU
		{75C18A96-7E26-4003-9971-04B4B4DD7E22}.Ad-Hoc|Any CPU.ActiveCfg = Release|Any CPU
		{75C18A96-7E26-4003-9971-04B4B4DD7E22}.Ad-Hoc|ARM.ActiveCfg = Release|Any CPU
		{75C18A96-7E26-4003-9971-04B4B4DD7E22}.Ad-Hoc|iPhone.ActiveCfg = Release|Any CPU
		{75C18A96-7E26-4003-9971-04B4B4DD7E22}.Ad-Hoc|iPhoneSimulator.ActiveCfg = Release|Any CPU
		{75C18A96-7E26-4003-9971-04B4B4DD7E22}.Ad-Hoc|Mixed Platforms.ActiveCfg = Release|Any CPU
		{75C18A96-7E26-4003-9971-04B4B4DD7E22}.Ad-Hoc|Mixed Platforms.Build.0 = Release|Any CPU
		{75C18A96-7E26-4003-9971-04B4B4DD7E22}.Ad-Hoc|Mixed Platforms.Deploy.0 = Release|Any CPU
		{75C18A96-7E26-4003-9971-04B4B4DD7E22}.Ad-Hoc|x64.ActiveCfg = Release|Any CPU
		{75C18A96-7E26-4003-9971-04B4B4DD7E22}.Ad-Hoc|x86.ActiveCfg = Release|Any CPU
		{75C18A96-7E26-4003-9971-04B4B4DD7E22}.AppStore|All package build.ActiveCfg = Release|Any CPU
		{75C18A96-7E26-4003-9971-04B4B4DD7E22}.AppStore|Any CPU.ActiveCfg = Release|Any CPU
		{75C18A96-7E26-4003-9971-04B4B4DD7E22}.AppStore|Any CPU.Build.0 = Release|Any CPU
		{75C18A96-7E26-4003-9971-04B4B4DD7E22}.AppStore|Any CPU.Deploy.0 = Release|Any CPU
		{75C18A96-7E26-4003-9971-04B4B4DD7E22}.AppStore|ARM.ActiveCfg = Release|Any CPU
		{75C18A96-7E26-4003-9971-04B4B4DD7E22}.AppStore|iPhone.ActiveCfg = Release|Any CPU
		{75C18A96-7E26-4003-9971-04B4B4DD7E22}.AppStore|iPhoneSimulator.ActiveCfg = Release|Any CPU
		{75C18A96-7E26-4003-9971-04B4B4DD7E22}.AppStore|Mixed Platforms.ActiveCfg = Release|Any CPU
		{75C18A96-7E26-4003-9971-04B4B4DD7E22}.AppStore|Mixed Platforms.Build.0 = Release|Any CPU
		{75C18A96-7E26-4003-9971-04B4B4DD7E22}.AppStore|Mixed Platforms.Deploy.0 = Release|Any CPU
		{75C18A96-7E26-4003-9971-04B4B4DD7E22}.AppStore|x64.ActiveCfg = Release|Any CPU
		{75C18A96-7E26-4003-9971-04B4B4DD7E22}.AppStore|x86.ActiveCfg = Release|Any CPU
		{75C18A96-7E26-4003-9971-04B4B4DD7E22}.Debug|All package build.ActiveCfg = Debug|Any CPU
		{75C18A96-7E26-4003-9971-04B4B4DD7E22}.Debug|Any CPU.ActiveCfg = Debug|Any CPU
		{75C18A96-7E26-4003-9971-04B4B4DD7E22}.Debug|Any CPU.Build.0 = Debug|Any CPU
		{75C18A96-7E26-4003-9971-04B4B4DD7E22}.Debug|Any CPU.Deploy.0 = Debug|Any CPU
		{75C18A96-7E26-4003-9971-04B4B4DD7E22}.Debug|ARM.ActiveCfg = Debug|Any CPU
		{75C18A96-7E26-4003-9971-04B4B4DD7E22}.Debug|iPhone.ActiveCfg = Debug|Any CPU
		{75C18A96-7E26-4003-9971-04B4B4DD7E22}.Debug|iPhoneSimulator.ActiveCfg = Debug|Any CPU
		{75C18A96-7E26-4003-9971-04B4B4DD7E22}.Debug|Mixed Platforms.ActiveCfg = Debug|Any CPU
		{75C18A96-7E26-4003-9971-04B4B4DD7E22}.Debug|Mixed Platforms.Build.0 = Debug|Any CPU
		{75C18A96-7E26-4003-9971-04B4B4DD7E22}.Debug|Mixed Platforms.Deploy.0 = Debug|Any CPU
		{75C18A96-7E26-4003-9971-04B4B4DD7E22}.Debug|x64.ActiveCfg = Debug|Any CPU
		{75C18A96-7E26-4003-9971-04B4B4DD7E22}.Debug|x86.ActiveCfg = Debug|Any CPU
		{75C18A96-7E26-4003-9971-04B4B4DD7E22}.Release|All package build.ActiveCfg = Release|Any CPU
		{75C18A96-7E26-4003-9971-04B4B4DD7E22}.Release|Any CPU.ActiveCfg = Release|Any CPU
		{75C18A96-7E26-4003-9971-04B4B4DD7E22}.Release|Any CPU.Build.0 = Release|Any CPU
		{75C18A96-7E26-4003-9971-04B4B4DD7E22}.Release|Any CPU.Deploy.0 = Release|Any CPU
		{75C18A96-7E26-4003-9971-04B4B4DD7E22}.Release|ARM.ActiveCfg = Release|Any CPU
		{75C18A96-7E26-4003-9971-04B4B4DD7E22}.Release|iPhone.ActiveCfg = Release|Any CPU
		{75C18A96-7E26-4003-9971-04B4B4DD7E22}.Release|iPhoneSimulator.ActiveCfg = Release|Any CPU
		{75C18A96-7E26-4003-9971-04B4B4DD7E22}.Release|Mixed Platforms.ActiveCfg = Release|Any CPU
		{75C18A96-7E26-4003-9971-04B4B4DD7E22}.Release|Mixed Platforms.Build.0 = Release|Any CPU
		{75C18A96-7E26-4003-9971-04B4B4DD7E22}.Release|Mixed Platforms.Deploy.0 = Release|Any CPU
		{75C18A96-7E26-4003-9971-04B4B4DD7E22}.Release|x64.ActiveCfg = Release|Any CPU
		{75C18A96-7E26-4003-9971-04B4B4DD7E22}.Release|x86.ActiveCfg = Release|Any CPU
		{D3973DC8-8003-4B07-8F9C-324A74DD9A2E}.Ad-Hoc|All package build.ActiveCfg = Release|Any CPU
		{D3973DC8-8003-4B07-8F9C-324A74DD9A2E}.Ad-Hoc|Any CPU.ActiveCfg = Release|Any CPU
		{D3973DC8-8003-4B07-8F9C-324A74DD9A2E}.Ad-Hoc|Any CPU.Build.0 = Release|Any CPU
		{D3973DC8-8003-4B07-8F9C-324A74DD9A2E}.Ad-Hoc|ARM.ActiveCfg = Release|Any CPU
		{D3973DC8-8003-4B07-8F9C-324A74DD9A2E}.Ad-Hoc|iPhone.ActiveCfg = Release|Any CPU
		{D3973DC8-8003-4B07-8F9C-324A74DD9A2E}.Ad-Hoc|iPhoneSimulator.ActiveCfg = Release|Any CPU
		{D3973DC8-8003-4B07-8F9C-324A74DD9A2E}.Ad-Hoc|Mixed Platforms.ActiveCfg = Release|Any CPU
		{D3973DC8-8003-4B07-8F9C-324A74DD9A2E}.Ad-Hoc|Mixed Platforms.Build.0 = Release|Any CPU
		{D3973DC8-8003-4B07-8F9C-324A74DD9A2E}.Ad-Hoc|x64.ActiveCfg = Release|Any CPU
		{D3973DC8-8003-4B07-8F9C-324A74DD9A2E}.Ad-Hoc|x86.ActiveCfg = Release|Any CPU
		{D3973DC8-8003-4B07-8F9C-324A74DD9A2E}.AppStore|All package build.ActiveCfg = Release|Any CPU
		{D3973DC8-8003-4B07-8F9C-324A74DD9A2E}.AppStore|Any CPU.ActiveCfg = Release|Any CPU
		{D3973DC8-8003-4B07-8F9C-324A74DD9A2E}.AppStore|Any CPU.Build.0 = Release|Any CPU
		{D3973DC8-8003-4B07-8F9C-324A74DD9A2E}.AppStore|ARM.ActiveCfg = Release|Any CPU
		{D3973DC8-8003-4B07-8F9C-324A74DD9A2E}.AppStore|iPhone.ActiveCfg = Release|Any CPU
		{D3973DC8-8003-4B07-8F9C-324A74DD9A2E}.AppStore|iPhoneSimulator.ActiveCfg = Release|Any CPU
		{D3973DC8-8003-4B07-8F9C-324A74DD9A2E}.AppStore|Mixed Platforms.ActiveCfg = Release|Any CPU
		{D3973DC8-8003-4B07-8F9C-324A74DD9A2E}.AppStore|Mixed Platforms.Build.0 = Release|Any CPU
		{D3973DC8-8003-4B07-8F9C-324A74DD9A2E}.AppStore|x64.ActiveCfg = Release|Any CPU
		{D3973DC8-8003-4B07-8F9C-324A74DD9A2E}.AppStore|x86.ActiveCfg = Release|Any CPU
		{D3973DC8-8003-4B07-8F9C-324A74DD9A2E}.Debug|All package build.ActiveCfg = Debug|Any CPU
		{D3973DC8-8003-4B07-8F9C-324A74DD9A2E}.Debug|All package build.Build.0 = Debug|Any CPU
		{D3973DC8-8003-4B07-8F9C-324A74DD9A2E}.Debug|Any CPU.ActiveCfg = Debug|Any CPU
		{D3973DC8-8003-4B07-8F9C-324A74DD9A2E}.Debug|Any CPU.Build.0 = Debug|Any CPU
		{D3973DC8-8003-4B07-8F9C-324A74DD9A2E}.Debug|ARM.ActiveCfg = Debug|Any CPU
		{D3973DC8-8003-4B07-8F9C-324A74DD9A2E}.Debug|iPhone.ActiveCfg = Debug|Any CPU
		{D3973DC8-8003-4B07-8F9C-324A74DD9A2E}.Debug|iPhoneSimulator.ActiveCfg = Debug|Any CPU
		{D3973DC8-8003-4B07-8F9C-324A74DD9A2E}.Debug|Mixed Platforms.ActiveCfg = Debug|Any CPU
		{D3973DC8-8003-4B07-8F9C-324A74DD9A2E}.Debug|Mixed Platforms.Build.0 = Debug|Any CPU
		{D3973DC8-8003-4B07-8F9C-324A74DD9A2E}.Debug|x64.ActiveCfg = Debug|Any CPU
		{D3973DC8-8003-4B07-8F9C-324A74DD9A2E}.Debug|x86.ActiveCfg = Debug|Any CPU
		{D3973DC8-8003-4B07-8F9C-324A74DD9A2E}.Release|All package build.ActiveCfg = Release|Any CPU
		{D3973DC8-8003-4B07-8F9C-324A74DD9A2E}.Release|Any CPU.ActiveCfg = Release|Any CPU
		{D3973DC8-8003-4B07-8F9C-324A74DD9A2E}.Release|Any CPU.Build.0 = Release|Any CPU
		{D3973DC8-8003-4B07-8F9C-324A74DD9A2E}.Release|ARM.ActiveCfg = Release|Any CPU
		{D3973DC8-8003-4B07-8F9C-324A74DD9A2E}.Release|iPhone.ActiveCfg = Release|Any CPU
		{D3973DC8-8003-4B07-8F9C-324A74DD9A2E}.Release|iPhoneSimulator.ActiveCfg = Release|Any CPU
		{D3973DC8-8003-4B07-8F9C-324A74DD9A2E}.Release|Mixed Platforms.ActiveCfg = Release|Any CPU
		{D3973DC8-8003-4B07-8F9C-324A74DD9A2E}.Release|Mixed Platforms.Build.0 = Release|Any CPU
		{D3973DC8-8003-4B07-8F9C-324A74DD9A2E}.Release|x64.ActiveCfg = Release|Any CPU
		{D3973DC8-8003-4B07-8F9C-324A74DD9A2E}.Release|x86.ActiveCfg = Release|Any CPU
		{CB7E7377-7F48-40E0-AAFE-A936743DA902}.Ad-Hoc|All package build.ActiveCfg = Release|Any CPU
		{CB7E7377-7F48-40E0-AAFE-A936743DA902}.Ad-Hoc|All package build.Build.0 = Release|Any CPU
		{CB7E7377-7F48-40E0-AAFE-A936743DA902}.Ad-Hoc|Any CPU.ActiveCfg = Release|Any CPU
		{CB7E7377-7F48-40E0-AAFE-A936743DA902}.Ad-Hoc|Any CPU.Build.0 = Release|Any CPU
		{CB7E7377-7F48-40E0-AAFE-A936743DA902}.Ad-Hoc|ARM.ActiveCfg = Release|Any CPU
		{CB7E7377-7F48-40E0-AAFE-A936743DA902}.Ad-Hoc|ARM.Build.0 = Release|Any CPU
		{CB7E7377-7F48-40E0-AAFE-A936743DA902}.Ad-Hoc|iPhone.ActiveCfg = Release|Any CPU
		{CB7E7377-7F48-40E0-AAFE-A936743DA902}.Ad-Hoc|iPhone.Build.0 = Release|Any CPU
		{CB7E7377-7F48-40E0-AAFE-A936743DA902}.Ad-Hoc|iPhoneSimulator.ActiveCfg = Release|Any CPU
		{CB7E7377-7F48-40E0-AAFE-A936743DA902}.Ad-Hoc|iPhoneSimulator.Build.0 = Release|Any CPU
		{CB7E7377-7F48-40E0-AAFE-A936743DA902}.Ad-Hoc|Mixed Platforms.ActiveCfg = Release|Any CPU
		{CB7E7377-7F48-40E0-AAFE-A936743DA902}.Ad-Hoc|Mixed Platforms.Build.0 = Release|Any CPU
		{CB7E7377-7F48-40E0-AAFE-A936743DA902}.Ad-Hoc|x64.ActiveCfg = Release|Any CPU
		{CB7E7377-7F48-40E0-AAFE-A936743DA902}.Ad-Hoc|x64.Build.0 = Release|Any CPU
		{CB7E7377-7F48-40E0-AAFE-A936743DA902}.Ad-Hoc|x86.ActiveCfg = Release|Any CPU
		{CB7E7377-7F48-40E0-AAFE-A936743DA902}.Ad-Hoc|x86.Build.0 = Release|Any CPU
		{CB7E7377-7F48-40E0-AAFE-A936743DA902}.AppStore|All package build.ActiveCfg = Release|Any CPU
		{CB7E7377-7F48-40E0-AAFE-A936743DA902}.AppStore|All package build.Build.0 = Release|Any CPU
		{CB7E7377-7F48-40E0-AAFE-A936743DA902}.AppStore|Any CPU.ActiveCfg = Release|Any CPU
		{CB7E7377-7F48-40E0-AAFE-A936743DA902}.AppStore|Any CPU.Build.0 = Release|Any CPU
		{CB7E7377-7F48-40E0-AAFE-A936743DA902}.AppStore|ARM.ActiveCfg = Release|Any CPU
		{CB7E7377-7F48-40E0-AAFE-A936743DA902}.AppStore|ARM.Build.0 = Release|Any CPU
		{CB7E7377-7F48-40E0-AAFE-A936743DA902}.AppStore|iPhone.ActiveCfg = Release|Any CPU
		{CB7E7377-7F48-40E0-AAFE-A936743DA902}.AppStore|iPhone.Build.0 = Release|Any CPU
		{CB7E7377-7F48-40E0-AAFE-A936743DA902}.AppStore|iPhoneSimulator.ActiveCfg = Release|Any CPU
		{CB7E7377-7F48-40E0-AAFE-A936743DA902}.AppStore|iPhoneSimulator.Build.0 = Release|Any CPU
		{CB7E7377-7F48-40E0-AAFE-A936743DA902}.AppStore|Mixed Platforms.ActiveCfg = Release|Any CPU
		{CB7E7377-7F48-40E0-AAFE-A936743DA902}.AppStore|Mixed Platforms.Build.0 = Release|Any CPU
		{CB7E7377-7F48-40E0-AAFE-A936743DA902}.AppStore|x64.ActiveCfg = Release|Any CPU
		{CB7E7377-7F48-40E0-AAFE-A936743DA902}.AppStore|x64.Build.0 = Release|Any CPU
		{CB7E7377-7F48-40E0-AAFE-A936743DA902}.AppStore|x86.ActiveCfg = Release|Any CPU
		{CB7E7377-7F48-40E0-AAFE-A936743DA902}.AppStore|x86.Build.0 = Release|Any CPU
		{CB7E7377-7F48-40E0-AAFE-A936743DA902}.Debug|All package build.ActiveCfg = Debug|Any CPU
		{CB7E7377-7F48-40E0-AAFE-A936743DA902}.Debug|All package build.Build.0 = Debug|Any CPU
		{CB7E7377-7F48-40E0-AAFE-A936743DA902}.Debug|Any CPU.ActiveCfg = Debug|Any CPU
		{CB7E7377-7F48-40E0-AAFE-A936743DA902}.Debug|Any CPU.Build.0 = Debug|Any CPU
		{CB7E7377-7F48-40E0-AAFE-A936743DA902}.Debug|ARM.ActiveCfg = Debug|Any CPU
		{CB7E7377-7F48-40E0-AAFE-A936743DA902}.Debug|ARM.Build.0 = Debug|Any CPU
		{CB7E7377-7F48-40E0-AAFE-A936743DA902}.Debug|iPhone.ActiveCfg = Debug|Any CPU
		{CB7E7377-7F48-40E0-AAFE-A936743DA902}.Debug|iPhone.Build.0 = Debug|Any CPU
		{CB7E7377-7F48-40E0-AAFE-A936743DA902}.Debug|iPhoneSimulator.ActiveCfg = Debug|Any CPU
		{CB7E7377-7F48-40E0-AAFE-A936743DA902}.Debug|iPhoneSimulator.Build.0 = Debug|Any CPU
		{CB7E7377-7F48-40E0-AAFE-A936743DA902}.Debug|Mixed Platforms.ActiveCfg = Debug|Any CPU
		{CB7E7377-7F48-40E0-AAFE-A936743DA902}.Debug|Mixed Platforms.Build.0 = Debug|Any CPU
		{CB7E7377-7F48-40E0-AAFE-A936743DA902}.Debug|x64.ActiveCfg = Debug|Any CPU
		{CB7E7377-7F48-40E0-AAFE-A936743DA902}.Debug|x64.Build.0 = Debug|Any CPU
		{CB7E7377-7F48-40E0-AAFE-A936743DA902}.Debug|x86.ActiveCfg = Debug|Any CPU
		{CB7E7377-7F48-40E0-AAFE-A936743DA902}.Debug|x86.Build.0 = Debug|Any CPU
		{CB7E7377-7F48-40E0-AAFE-A936743DA902}.Release|All package build.ActiveCfg = Release|Any CPU
		{CB7E7377-7F48-40E0-AAFE-A936743DA902}.Release|All package build.Build.0 = Release|Any CPU
		{CB7E7377-7F48-40E0-AAFE-A936743DA902}.Release|Any CPU.ActiveCfg = Release|Any CPU
		{CB7E7377-7F48-40E0-AAFE-A936743DA902}.Release|Any CPU.Build.0 = Release|Any CPU
		{CB7E7377-7F48-40E0-AAFE-A936743DA902}.Release|ARM.ActiveCfg = Release|Any CPU
		{CB7E7377-7F48-40E0-AAFE-A936743DA902}.Release|ARM.Build.0 = Release|Any CPU
		{CB7E7377-7F48-40E0-AAFE-A936743DA902}.Release|iPhone.ActiveCfg = Release|Any CPU
		{CB7E7377-7F48-40E0-AAFE-A936743DA902}.Release|iPhone.Build.0 = Release|Any CPU
		{CB7E7377-7F48-40E0-AAFE-A936743DA902}.Release|iPhoneSimulator.ActiveCfg = Release|Any CPU
		{CB7E7377-7F48-40E0-AAFE-A936743DA902}.Release|iPhoneSimulator.Build.0 = Release|Any CPU
		{CB7E7377-7F48-40E0-AAFE-A936743DA902}.Release|Mixed Platforms.ActiveCfg = Release|Any CPU
		{CB7E7377-7F48-40E0-AAFE-A936743DA902}.Release|Mixed Platforms.Build.0 = Release|Any CPU
		{CB7E7377-7F48-40E0-AAFE-A936743DA902}.Release|x64.ActiveCfg = Release|Any CPU
		{CB7E7377-7F48-40E0-AAFE-A936743DA902}.Release|x64.Build.0 = Release|Any CPU
		{CB7E7377-7F48-40E0-AAFE-A936743DA902}.Release|x86.ActiveCfg = Release|Any CPU
		{CB7E7377-7F48-40E0-AAFE-A936743DA902}.Release|x86.Build.0 = Release|Any CPU
		{FA9680D8-A0BA-41AD-BC15-2225AC897DA1}.Ad-Hoc|All package build.ActiveCfg = Release|x64
		{FA9680D8-A0BA-41AD-BC15-2225AC897DA1}.Ad-Hoc|All package build.Build.0 = Release|x64
		{FA9680D8-A0BA-41AD-BC15-2225AC897DA1}.Ad-Hoc|All package build.Deploy.0 = Release|x64
		{FA9680D8-A0BA-41AD-BC15-2225AC897DA1}.Ad-Hoc|Any CPU.ActiveCfg = Release|x64
		{FA9680D8-A0BA-41AD-BC15-2225AC897DA1}.Ad-Hoc|Any CPU.Build.0 = Release|x64
		{FA9680D8-A0BA-41AD-BC15-2225AC897DA1}.Ad-Hoc|Any CPU.Deploy.0 = Release|x64
		{FA9680D8-A0BA-41AD-BC15-2225AC897DA1}.Ad-Hoc|ARM.ActiveCfg = Release|ARM
		{FA9680D8-A0BA-41AD-BC15-2225AC897DA1}.Ad-Hoc|ARM.Build.0 = Release|ARM
		{FA9680D8-A0BA-41AD-BC15-2225AC897DA1}.Ad-Hoc|ARM.Deploy.0 = Release|ARM
		{FA9680D8-A0BA-41AD-BC15-2225AC897DA1}.Ad-Hoc|iPhone.ActiveCfg = Release|x64
		{FA9680D8-A0BA-41AD-BC15-2225AC897DA1}.Ad-Hoc|iPhone.Build.0 = Release|x64
		{FA9680D8-A0BA-41AD-BC15-2225AC897DA1}.Ad-Hoc|iPhone.Deploy.0 = Release|x64
		{FA9680D8-A0BA-41AD-BC15-2225AC897DA1}.Ad-Hoc|iPhoneSimulator.ActiveCfg = Release|x64
		{FA9680D8-A0BA-41AD-BC15-2225AC897DA1}.Ad-Hoc|iPhoneSimulator.Build.0 = Release|x64
		{FA9680D8-A0BA-41AD-BC15-2225AC897DA1}.Ad-Hoc|iPhoneSimulator.Deploy.0 = Release|x64
		{FA9680D8-A0BA-41AD-BC15-2225AC897DA1}.Ad-Hoc|Mixed Platforms.ActiveCfg = Release|x86
		{FA9680D8-A0BA-41AD-BC15-2225AC897DA1}.Ad-Hoc|Mixed Platforms.Build.0 = Release|x86
		{FA9680D8-A0BA-41AD-BC15-2225AC897DA1}.Ad-Hoc|Mixed Platforms.Deploy.0 = Release|x86
		{FA9680D8-A0BA-41AD-BC15-2225AC897DA1}.Ad-Hoc|x64.ActiveCfg = Release|x64
		{FA9680D8-A0BA-41AD-BC15-2225AC897DA1}.Ad-Hoc|x64.Build.0 = Release|x64
		{FA9680D8-A0BA-41AD-BC15-2225AC897DA1}.Ad-Hoc|x64.Deploy.0 = Release|x64
		{FA9680D8-A0BA-41AD-BC15-2225AC897DA1}.Ad-Hoc|x86.ActiveCfg = Release|x86
		{FA9680D8-A0BA-41AD-BC15-2225AC897DA1}.Ad-Hoc|x86.Build.0 = Release|x86
		{FA9680D8-A0BA-41AD-BC15-2225AC897DA1}.Ad-Hoc|x86.Deploy.0 = Release|x86
		{FA9680D8-A0BA-41AD-BC15-2225AC897DA1}.AppStore|All package build.ActiveCfg = Release|x64
		{FA9680D8-A0BA-41AD-BC15-2225AC897DA1}.AppStore|All package build.Build.0 = Release|x64
		{FA9680D8-A0BA-41AD-BC15-2225AC897DA1}.AppStore|All package build.Deploy.0 = Release|x64
		{FA9680D8-A0BA-41AD-BC15-2225AC897DA1}.AppStore|Any CPU.ActiveCfg = Release|x64
		{FA9680D8-A0BA-41AD-BC15-2225AC897DA1}.AppStore|Any CPU.Build.0 = Release|x64
		{FA9680D8-A0BA-41AD-BC15-2225AC897DA1}.AppStore|Any CPU.Deploy.0 = Release|x64
		{FA9680D8-A0BA-41AD-BC15-2225AC897DA1}.AppStore|ARM.ActiveCfg = Release|ARM
		{FA9680D8-A0BA-41AD-BC15-2225AC897DA1}.AppStore|ARM.Build.0 = Release|ARM
		{FA9680D8-A0BA-41AD-BC15-2225AC897DA1}.AppStore|ARM.Deploy.0 = Release|ARM
		{FA9680D8-A0BA-41AD-BC15-2225AC897DA1}.AppStore|iPhone.ActiveCfg = Release|x64
		{FA9680D8-A0BA-41AD-BC15-2225AC897DA1}.AppStore|iPhone.Build.0 = Release|x64
		{FA9680D8-A0BA-41AD-BC15-2225AC897DA1}.AppStore|iPhone.Deploy.0 = Release|x64
		{FA9680D8-A0BA-41AD-BC15-2225AC897DA1}.AppStore|iPhoneSimulator.ActiveCfg = Release|x64
		{FA9680D8-A0BA-41AD-BC15-2225AC897DA1}.AppStore|iPhoneSimulator.Build.0 = Release|x64
		{FA9680D8-A0BA-41AD-BC15-2225AC897DA1}.AppStore|iPhoneSimulator.Deploy.0 = Release|x64
		{FA9680D8-A0BA-41AD-BC15-2225AC897DA1}.AppStore|Mixed Platforms.ActiveCfg = Release|x86
		{FA9680D8-A0BA-41AD-BC15-2225AC897DA1}.AppStore|Mixed Platforms.Build.0 = Release|x86
		{FA9680D8-A0BA-41AD-BC15-2225AC897DA1}.AppStore|Mixed Platforms.Deploy.0 = Release|x86
		{FA9680D8-A0BA-41AD-BC15-2225AC897DA1}.AppStore|x64.ActiveCfg = Release|x64
		{FA9680D8-A0BA-41AD-BC15-2225AC897DA1}.AppStore|x64.Build.0 = Release|x64
		{FA9680D8-A0BA-41AD-BC15-2225AC897DA1}.AppStore|x64.Deploy.0 = Release|x64
		{FA9680D8-A0BA-41AD-BC15-2225AC897DA1}.AppStore|x86.ActiveCfg = Release|x86
		{FA9680D8-A0BA-41AD-BC15-2225AC897DA1}.AppStore|x86.Build.0 = Release|x86
		{FA9680D8-A0BA-41AD-BC15-2225AC897DA1}.AppStore|x86.Deploy.0 = Release|x86
		{FA9680D8-A0BA-41AD-BC15-2225AC897DA1}.Debug|All package build.ActiveCfg = Debug|x86
		{FA9680D8-A0BA-41AD-BC15-2225AC897DA1}.Debug|Any CPU.ActiveCfg = Debug|x86
		{FA9680D8-A0BA-41AD-BC15-2225AC897DA1}.Debug|ARM.ActiveCfg = Debug|ARM
		{FA9680D8-A0BA-41AD-BC15-2225AC897DA1}.Debug|ARM.Build.0 = Debug|ARM
		{FA9680D8-A0BA-41AD-BC15-2225AC897DA1}.Debug|ARM.Deploy.0 = Debug|ARM
		{FA9680D8-A0BA-41AD-BC15-2225AC897DA1}.Debug|iPhone.ActiveCfg = Debug|x86
		{FA9680D8-A0BA-41AD-BC15-2225AC897DA1}.Debug|iPhoneSimulator.ActiveCfg = Debug|x86
		{FA9680D8-A0BA-41AD-BC15-2225AC897DA1}.Debug|Mixed Platforms.ActiveCfg = Debug|x86
		{FA9680D8-A0BA-41AD-BC15-2225AC897DA1}.Debug|Mixed Platforms.Build.0 = Debug|x86
		{FA9680D8-A0BA-41AD-BC15-2225AC897DA1}.Debug|Mixed Platforms.Deploy.0 = Debug|x86
		{FA9680D8-A0BA-41AD-BC15-2225AC897DA1}.Debug|x64.ActiveCfg = Debug|x64
		{FA9680D8-A0BA-41AD-BC15-2225AC897DA1}.Debug|x64.Build.0 = Debug|x64
		{FA9680D8-A0BA-41AD-BC15-2225AC897DA1}.Debug|x64.Deploy.0 = Debug|x64
		{FA9680D8-A0BA-41AD-BC15-2225AC897DA1}.Debug|x86.ActiveCfg = Debug|x86
		{FA9680D8-A0BA-41AD-BC15-2225AC897DA1}.Debug|x86.Build.0 = Debug|x86
		{FA9680D8-A0BA-41AD-BC15-2225AC897DA1}.Debug|x86.Deploy.0 = Debug|x86
		{FA9680D8-A0BA-41AD-BC15-2225AC897DA1}.Release|All package build.ActiveCfg = Release|x86
		{FA9680D8-A0BA-41AD-BC15-2225AC897DA1}.Release|Any CPU.ActiveCfg = Release|x86
		{FA9680D8-A0BA-41AD-BC15-2225AC897DA1}.Release|ARM.ActiveCfg = Release|ARM
		{FA9680D8-A0BA-41AD-BC15-2225AC897DA1}.Release|ARM.Build.0 = Release|ARM
		{FA9680D8-A0BA-41AD-BC15-2225AC897DA1}.Release|ARM.Deploy.0 = Release|ARM
		{FA9680D8-A0BA-41AD-BC15-2225AC897DA1}.Release|iPhone.ActiveCfg = Release|x86
		{FA9680D8-A0BA-41AD-BC15-2225AC897DA1}.Release|iPhoneSimulator.ActiveCfg = Release|x86
		{FA9680D8-A0BA-41AD-BC15-2225AC897DA1}.Release|Mixed Platforms.ActiveCfg = Release|x86
		{FA9680D8-A0BA-41AD-BC15-2225AC897DA1}.Release|Mixed Platforms.Build.0 = Release|x86
		{FA9680D8-A0BA-41AD-BC15-2225AC897DA1}.Release|Mixed Platforms.Deploy.0 = Release|x86
		{FA9680D8-A0BA-41AD-BC15-2225AC897DA1}.Release|x64.ActiveCfg = Release|x64
		{FA9680D8-A0BA-41AD-BC15-2225AC897DA1}.Release|x64.Build.0 = Release|x64
		{FA9680D8-A0BA-41AD-BC15-2225AC897DA1}.Release|x64.Deploy.0 = Release|x64
		{FA9680D8-A0BA-41AD-BC15-2225AC897DA1}.Release|x86.ActiveCfg = Release|x86
		{FA9680D8-A0BA-41AD-BC15-2225AC897DA1}.Release|x86.Build.0 = Release|x86
		{FA9680D8-A0BA-41AD-BC15-2225AC897DA1}.Release|x86.Deploy.0 = Release|x86
		{5BF29A01-DF0E-403F-9ED6-E3DEBDF9D561}.Ad-Hoc|All package build.ActiveCfg = Release|Any CPU
		{5BF29A01-DF0E-403F-9ED6-E3DEBDF9D561}.Ad-Hoc|All package build.Build.0 = Release|Any CPU
		{5BF29A01-DF0E-403F-9ED6-E3DEBDF9D561}.Ad-Hoc|Any CPU.ActiveCfg = Release|Any CPU
		{5BF29A01-DF0E-403F-9ED6-E3DEBDF9D561}.Ad-Hoc|Any CPU.Build.0 = Release|Any CPU
		{5BF29A01-DF0E-403F-9ED6-E3DEBDF9D561}.Ad-Hoc|ARM.ActiveCfg = Release|ARM
		{5BF29A01-DF0E-403F-9ED6-E3DEBDF9D561}.Ad-Hoc|ARM.Build.0 = Release|ARM
		{5BF29A01-DF0E-403F-9ED6-E3DEBDF9D561}.Ad-Hoc|iPhone.ActiveCfg = Release|Any CPU
		{5BF29A01-DF0E-403F-9ED6-E3DEBDF9D561}.Ad-Hoc|iPhone.Build.0 = Release|Any CPU
		{5BF29A01-DF0E-403F-9ED6-E3DEBDF9D561}.Ad-Hoc|iPhoneSimulator.ActiveCfg = Release|Any CPU
		{5BF29A01-DF0E-403F-9ED6-E3DEBDF9D561}.Ad-Hoc|iPhoneSimulator.Build.0 = Release|Any CPU
		{5BF29A01-DF0E-403F-9ED6-E3DEBDF9D561}.Ad-Hoc|Mixed Platforms.ActiveCfg = Release|x86
		{5BF29A01-DF0E-403F-9ED6-E3DEBDF9D561}.Ad-Hoc|Mixed Platforms.Build.0 = Release|x86
		{5BF29A01-DF0E-403F-9ED6-E3DEBDF9D561}.Ad-Hoc|x64.ActiveCfg = Release|x64
		{5BF29A01-DF0E-403F-9ED6-E3DEBDF9D561}.Ad-Hoc|x64.Build.0 = Release|x64
		{5BF29A01-DF0E-403F-9ED6-E3DEBDF9D561}.Ad-Hoc|x86.ActiveCfg = Release|x86
		{5BF29A01-DF0E-403F-9ED6-E3DEBDF9D561}.Ad-Hoc|x86.Build.0 = Release|x86
		{5BF29A01-DF0E-403F-9ED6-E3DEBDF9D561}.AppStore|All package build.ActiveCfg = Release|Any CPU
		{5BF29A01-DF0E-403F-9ED6-E3DEBDF9D561}.AppStore|All package build.Build.0 = Release|Any CPU
		{5BF29A01-DF0E-403F-9ED6-E3DEBDF9D561}.AppStore|Any CPU.ActiveCfg = Release|Any CPU
		{5BF29A01-DF0E-403F-9ED6-E3DEBDF9D561}.AppStore|Any CPU.Build.0 = Release|Any CPU
		{5BF29A01-DF0E-403F-9ED6-E3DEBDF9D561}.AppStore|ARM.ActiveCfg = Release|ARM
		{5BF29A01-DF0E-403F-9ED6-E3DEBDF9D561}.AppStore|ARM.Build.0 = Release|ARM
		{5BF29A01-DF0E-403F-9ED6-E3DEBDF9D561}.AppStore|iPhone.ActiveCfg = Release|Any CPU
		{5BF29A01-DF0E-403F-9ED6-E3DEBDF9D561}.AppStore|iPhone.Build.0 = Release|Any CPU
		{5BF29A01-DF0E-403F-9ED6-E3DEBDF9D561}.AppStore|iPhoneSimulator.ActiveCfg = Release|Any CPU
		{5BF29A01-DF0E-403F-9ED6-E3DEBDF9D561}.AppStore|iPhoneSimulator.Build.0 = Release|Any CPU
		{5BF29A01-DF0E-403F-9ED6-E3DEBDF9D561}.AppStore|Mixed Platforms.ActiveCfg = Release|x86
		{5BF29A01-DF0E-403F-9ED6-E3DEBDF9D561}.AppStore|Mixed Platforms.Build.0 = Release|x86
		{5BF29A01-DF0E-403F-9ED6-E3DEBDF9D561}.AppStore|x64.ActiveCfg = Release|x64
		{5BF29A01-DF0E-403F-9ED6-E3DEBDF9D561}.AppStore|x64.Build.0 = Release|x64
		{5BF29A01-DF0E-403F-9ED6-E3DEBDF9D561}.AppStore|x86.ActiveCfg = Release|x86
		{5BF29A01-DF0E-403F-9ED6-E3DEBDF9D561}.AppStore|x86.Build.0 = Release|x86
		{5BF29A01-DF0E-403F-9ED6-E3DEBDF9D561}.Debug|All package build.ActiveCfg = Debug|Any CPU
		{5BF29A01-DF0E-403F-9ED6-E3DEBDF9D561}.Debug|All package build.Build.0 = Debug|Any CPU
		{5BF29A01-DF0E-403F-9ED6-E3DEBDF9D561}.Debug|Any CPU.ActiveCfg = Debug|Any CPU
		{5BF29A01-DF0E-403F-9ED6-E3DEBDF9D561}.Debug|Any CPU.Build.0 = Debug|Any CPU
		{5BF29A01-DF0E-403F-9ED6-E3DEBDF9D561}.Debug|ARM.ActiveCfg = Debug|ARM
		{5BF29A01-DF0E-403F-9ED6-E3DEBDF9D561}.Debug|ARM.Build.0 = Debug|ARM
		{5BF29A01-DF0E-403F-9ED6-E3DEBDF9D561}.Debug|iPhone.ActiveCfg = Debug|Any CPU
		{5BF29A01-DF0E-403F-9ED6-E3DEBDF9D561}.Debug|iPhone.Build.0 = Debug|Any CPU
		{5BF29A01-DF0E-403F-9ED6-E3DEBDF9D561}.Debug|iPhoneSimulator.ActiveCfg = Debug|Any CPU
		{5BF29A01-DF0E-403F-9ED6-E3DEBDF9D561}.Debug|iPhoneSimulator.Build.0 = Debug|Any CPU
		{5BF29A01-DF0E-403F-9ED6-E3DEBDF9D561}.Debug|Mixed Platforms.ActiveCfg = Debug|x86
		{5BF29A01-DF0E-403F-9ED6-E3DEBDF9D561}.Debug|Mixed Platforms.Build.0 = Debug|x86
		{5BF29A01-DF0E-403F-9ED6-E3DEBDF9D561}.Debug|x64.ActiveCfg = Debug|x64
		{5BF29A01-DF0E-403F-9ED6-E3DEBDF9D561}.Debug|x64.Build.0 = Debug|x64
		{5BF29A01-DF0E-403F-9ED6-E3DEBDF9D561}.Debug|x86.ActiveCfg = Debug|x86
		{5BF29A01-DF0E-403F-9ED6-E3DEBDF9D561}.Debug|x86.Build.0 = Debug|x86
		{5BF29A01-DF0E-403F-9ED6-E3DEBDF9D561}.Release|All package build.ActiveCfg = Release|Any CPU
		{5BF29A01-DF0E-403F-9ED6-E3DEBDF9D561}.Release|All package build.Build.0 = Release|Any CPU
		{5BF29A01-DF0E-403F-9ED6-E3DEBDF9D561}.Release|Any CPU.ActiveCfg = Release|Any CPU
		{5BF29A01-DF0E-403F-9ED6-E3DEBDF9D561}.Release|Any CPU.Build.0 = Release|Any CPU
		{5BF29A01-DF0E-403F-9ED6-E3DEBDF9D561}.Release|ARM.ActiveCfg = Release|ARM
		{5BF29A01-DF0E-403F-9ED6-E3DEBDF9D561}.Release|ARM.Build.0 = Release|ARM
		{5BF29A01-DF0E-403F-9ED6-E3DEBDF9D561}.Release|iPhone.ActiveCfg = Release|Any CPU
		{5BF29A01-DF0E-403F-9ED6-E3DEBDF9D561}.Release|iPhone.Build.0 = Release|Any CPU
		{5BF29A01-DF0E-403F-9ED6-E3DEBDF9D561}.Release|iPhoneSimulator.ActiveCfg = Release|Any CPU
		{5BF29A01-DF0E-403F-9ED6-E3DEBDF9D561}.Release|iPhoneSimulator.Build.0 = Release|Any CPU
		{5BF29A01-DF0E-403F-9ED6-E3DEBDF9D561}.Release|Mixed Platforms.ActiveCfg = Release|x86
		{5BF29A01-DF0E-403F-9ED6-E3DEBDF9D561}.Release|Mixed Platforms.Build.0 = Release|x86
		{5BF29A01-DF0E-403F-9ED6-E3DEBDF9D561}.Release|x64.ActiveCfg = Release|x64
		{5BF29A01-DF0E-403F-9ED6-E3DEBDF9D561}.Release|x64.Build.0 = Release|x64
		{5BF29A01-DF0E-403F-9ED6-E3DEBDF9D561}.Release|x86.ActiveCfg = Release|x86
		{5BF29A01-DF0E-403F-9ED6-E3DEBDF9D561}.Release|x86.Build.0 = Release|x86
	EndGlobalSection
	GlobalSection(SolutionProperties) = preSolution
		HideSolutionNode = FALSE
	EndGlobalSection
	GlobalSection(NestedProjects) = preSolution
		{80059A62-CE8B-4807-BFFF-562F304B18D1} = {AACD62D6-334A-4D68-9B9E-8A9CBA477B7E}
		{07465752-9C33-46CB-B0C9-F7DED7FA7FFC} = {80059A62-CE8B-4807-BFFF-562F304B18D1}
		{F8595FD7-8406-4CC9-A6F8-FADE87D94F7A} = {80059A62-CE8B-4807-BFFF-562F304B18D1}
		{62B89798-8693-4C44-B04A-E073AF053254} = {80059A62-CE8B-4807-BFFF-562F304B18D1}
		{078B5CB8-2435-4B0A-96BE-C164CFDC9278} = {A4F7149C-ACC7-4C8C-836D-621EA5E078F8}
		{59A9B568-3793-434F-97B0-B627D3BF4C9B} = {078B5CB8-2435-4B0A-96BE-C164CFDC9278}
		{9B2FFC91-9B11-460E-99CF-BCCCDE19925B} = {A4F7149C-ACC7-4C8C-836D-621EA5E078F8}
		{B242680A-DFE0-4CFB-83B2-EA14ACE94B60} = {9B2FFC91-9B11-460E-99CF-BCCCDE19925B}
		{8E655987-8940-4D7E-A886-42BE70E1F1D6} = {A4F7149C-ACC7-4C8C-836D-621EA5E078F8}
		{67F9D3A8-F71E-4428-913F-C37AE82CDB24} = {8E655987-8940-4D7E-A886-42BE70E1F1D6}
		{0EE5D693-D1FD-47C4-8A21-9781B532137F} = {A4F7149C-ACC7-4C8C-836D-621EA5E078F8}
		{29BC5772-7E79-455A-BEF5-F4A5BFB8198C} = {0EE5D693-D1FD-47C4-8A21-9781B532137F}
		{9D0E3704-AD5E-4573-AA9D-6C691332F09C} = {A4F7149C-ACC7-4C8C-836D-621EA5E078F8}
		{09872E0E-9383-4BA9-A250-A9A75E8C54CD} = {A4F7149C-ACC7-4C8C-836D-621EA5E078F8}
		{8ED64A93-8E7E-4392-BC9A-108C29A364F2} = {09872E0E-9383-4BA9-A250-A9A75E8C54CD}
		{E476C77A-63F8-4227-8577-DC83ECA64385} = {DAF32F58-D8FF-4BBB-8262-56C058ABB349}
		{410C000C-D3A6-432D-96A1-70AE63F1DEFE} = {80059A62-CE8B-4807-BFFF-562F304B18D1}
		{75C18A96-7E26-4003-9971-04B4B4DD7E22} = {DAF32F58-D8FF-4BBB-8262-56C058ABB349}
		{D3973DC8-8003-4B07-8F9C-324A74DD9A2E} = {DAF32F58-D8FF-4BBB-8262-56C058ABB349}
		{CB7E7377-7F48-40E0-AAFE-A936743DA902} = {6226BDFB-2DCF-4DD6-9187-4E6F3940BDA0}
		{604A66BD-4CD9-4EFC-8CB4-B181480848F7} = {62B89798-8693-4C44-B04A-E073AF053254}
		{FA9680D8-A0BA-41AD-BC15-2225AC897DA1} = {604A66BD-4CD9-4EFC-8CB4-B181480848F7}
		{5BF29A01-DF0E-403F-9ED6-E3DEBDF9D561} = {9D0E3704-AD5E-4573-AA9D-6C691332F09C}
	EndGlobalSection
EndGlobal
